// !$*UTF8*$!
{
	archiveVersion = 1;
	classes = {
	};
	objectVersion = 46;
	objects = {

/* Begin PBXBuildFile section */
		FF8B0EB01D41B16C0016691E /* AppDelegate.swift in Sources */ = {isa = PBXBuildFile; fileRef = FF8B0EAF1D41B16C0016691E /* AppDelegate.swift */; };
		FF8B0EB21D41B16C0016691E /* ViewController.swift in Sources */ = {isa = PBXBuildFile; fileRef = FF8B0EB11D41B16C0016691E /* ViewController.swift */; };
		FF8B0EB51D41B16C0016691E /* Main.storyboard in Resources */ = {isa = PBXBuildFile; fileRef = FF8B0EB31D41B16C0016691E /* Main.storyboard */; };
		FF8B0EB71D41B16C0016691E /* Assets.xcassets in Resources */ = {isa = PBXBuildFile; fileRef = FF8B0EB61D41B16C0016691E /* Assets.xcassets */; };
		FF8B0EBA1D41B16C0016691E /* LaunchScreen.storyboard in Resources */ = {isa = PBXBuildFile; fileRef = FF8B0EB81D41B16C0016691E /* LaunchScreen.storyboard */; };
/* End PBXBuildFile section */

/* Begin PBXFileReference section */
		FF8B0EAC1D41B16C0016691E /* type_error_cast.app */ = {isa = PBXFileReference; explicitFileType = wrapper.application; includeInIndex = 0; path = type_error_cast.app; sourceTree = BUILT_PRODUCTS_DIR; };
		FF8B0EAF1D41B16C0016691E /* AppDelegate.swift */ = {isa = PBXFileReference; lastKnownFileType = sourcecode.swift; path = AppDelegate.swift; sourceTree = "<group>"; };
		FF8B0EB11D41B16C0016691E /* ViewController.swift */ = {isa = PBXFileReference; lastKnownFileType = sourcecode.swift; path = ViewController.swift; sourceTree = "<group>"; };
		FF8B0EB41D41B16C0016691E /* Base */ = {isa = PBXFileReference; lastKnownFileType = file.storyboard; name = Base; path = Base.lproj/Main.storyboard; sourceTree = "<group>"; };
		FF8B0EB61D41B16C0016691E /* Assets.xcassets */ = {isa = PBXFileReference; lastKnownFileType = folder.assetcatalog; path = Assets.xcassets; sourceTree = "<group>"; };
		FF8B0EB91D41B16C0016691E /* Base */ = {isa = PBXFileReference; lastKnownFileType = file.storyboard; name = Base; path = Base.lproj/LaunchScreen.storyboard; sourceTree = "<group>"; };
		FF8B0EBB1D41B16C0016691E /* Info.plist */ = {isa = PBXFileReference; lastKnownFileType = text.plist.xml; path = Info.plist; sourceTree = "<group>"; };
/* End PBXFileReference section */

/* Begin PBXFrameworksBuildPhase section */
		FF8B0EA91D41B16C0016691E /* Frameworks */ = {
			isa = PBXFrameworksBuildPhase;
			buildActionMask = 2147483647;
			files = (
			);
			runOnlyForDeploymentPostprocessing = 0;
		};
/* End PBXFrameworksBuildPhase section */

/* Begin PBXGroup section */
		FF8B0EA31D41B16C0016691E = {
			isa = PBXGroup;
			children = (
				FF8B0EAE1D41B16C0016691E /* type_error_cast */,
				FF8B0EAD1D41B16C0016691E /* Products */,
			);
			sourceTree = "<group>";
		};
		FF8B0EAD1D41B16C0016691E /* Products */ = {
			isa = PBXGroup;
			children = (
				FF8B0EAC1D41B16C0016691E /* type_error_cast.app */,
			);
			name = Products;
			sourceTree = "<group>";
		};
		FF8B0EAE1D41B16C0016691E /* type_error_cast */ = {
			isa = PBXGroup;
			children = (
				FF8B0EAF1D41B16C0016691E /* AppDelegate.swift */,
				FF8B0EB11D41B16C0016691E /* ViewController.swift */,
				FF8B0EB31D41B16C0016691E /* Main.storyboard */,
				FF8B0EB61D41B16C0016691E /* Assets.xcassets */,
				FF8B0EB81D41B16C0016691E /* LaunchScreen.storyboard */,
				FF8B0EBB1D41B16C0016691E /* Info.plist */,
			);
			path = type_error_cast;
			sourceTree = "<group>";
		};
/* End PBXGroup section */

/* Begin PBXNativeTarget section */
		FF8B0EAB1D41B16C0016691E /* type_error_cast */ = {
			isa = PBXNativeTarget;
			buildConfigurationList = FF8B0EBE1D41B16C0016691E /* Build configuration list for PBXNativeTarget "type_error_cast" */;
			buildPhases = (
				FF8B0EA81D41B16C0016691E /* Sources */,
				FF8B0EA91D41B16C0016691E /* Frameworks */,
				FF8B0EAA1D41B16C0016691E /* Resources */,
			);
			buildRules = (
			);
			dependencies = (
			);
			name = type_error_cast;
			productName = type_error_cast;
			productReference = FF8B0EAC1D41B16C0016691E /* type_error_cast.app */;
			productType = "com.apple.product-type.application";
		};
/* End PBXNativeTarget section */

/* Begin PBXProject section */
		FF8B0EA41D41B16C0016691E /* Project object */ = {
			isa = PBXProject;
			attributes = {
				LastSwiftUpdateCheck = 0800;
				LastUpgradeCheck = 0810;
				ORGANIZATIONNAME = "yoshiyuki oshige";
				TargetAttributes = {
					FF8B0EAB1D41B16C0016691E = {
						CreatedOnToolsVersion = 8.0;
						DevelopmentTeam = EV28Y3W68P;
						DevelopmentTeamName = "Yoshiyuki Oshige";
						ProvisioningStyle = Automatic;
					};
				};
			};
			buildConfigurationList = FF8B0EA71D41B16C0016691E /* Build configuration list for PBXProject "type_error_cast" */;
			compatibilityVersion = "Xcode 3.2";
			developmentRegion = English;
			hasScannedForEncodings = 0;
			knownRegions = (
				en,
				Base,
			);
			mainGroup = FF8B0EA31D41B16C0016691E;
			productRefGroup = FF8B0EAD1D41B16C0016691E /* Products */;
			projectDirPath = "";
			projectRoot = "";
			targets = (
				FF8B0EAB1D41B16C0016691E /* type_error_cast */,
			);
		};
/* End PBXProject section */

/* Begin PBXResourcesBuildPhase section */
		FF8B0EAA1D41B16C0016691E /* Resources */ = {
			isa = PBXResourcesBuildPhase;
			buildActionMask = 2147483647;
			files = (
				FF8B0EBA1D41B16C0016691E /* LaunchScreen.storyboard in Resources */,
				FF8B0EB71D41B16C0016691E /* Assets.xcassets in Resources */,
				FF8B0EB51D41B16C0016691E /* Main.storyboard in Resources */,
			);
			runOnlyForDeploymentPostprocessing = 0;
		};
/* End PBXResourcesBuildPhase section */

/* Begin PBXSourcesBuildPhase section */
		FF8B0EA81D41B16C0016691E /* Sources */ = {
			isa = PBXSourcesBuildPhase;
			buildActionMask = 2147483647;
			files = (
				FF8B0EB21D41B16C0016691E /* ViewController.swift in Sources */,
				FF8B0EB01D41B16C0016691E /* AppDelegate.swift in Sources */,
			);
			runOnlyForDeploymentPostprocessing = 0;
		};
/* End PBXSourcesBuildPhase section */

/* Begin PBXVariantGroup section */
		FF8B0EB31D41B16C0016691E /* Main.storyboard */ = {
			isa = PBXVariantGroup;
			children = (
				FF8B0EB41D41B16C0016691E /* Base */,
			);
			name = Main.storyboard;
			sourceTree = "<group>";
		};
		FF8B0EB81D41B16C0016691E /* LaunchScreen.storyboard */ = {
			isa = PBXVariantGroup;
			children = (
				FF8B0EB91D41B16C0016691E /* Base */,
			);
			name = LaunchScreen.storyboard;
			sourceTree = "<group>";
		};
/* End PBXVariantGroup section */

/* Begin XCBuildConfiguration section */
		FF8B0EBC1D41B16C0016691E /* Debug */ = {
			isa = XCBuildConfiguration;
			buildSettings = {
				ALWAYS_SEARCH_USER_PATHS = NO;
				CLANG_ANALYZER_NONNULL = YES;
				CLANG_CXX_LANGUAGE_STANDARD = "gnu++0x";
				CLANG_CXX_LIBRARY = "libc++";
				CLANG_ENABLE_MODULES = YES;
				CLANG_ENABLE_OBJC_ARC = YES;
				CLANG_WARN_BOOL_CONVERSION = YES;
				CLANG_WARN_CONSTANT_CONVERSION = YES;
				CLANG_WARN_DIRECT_OBJC_ISA_USAGE = YES_ERROR;
				CLANG_WARN_DOCUMENTATION_COMMENTS = YES;
				CLANG_WARN_EMPTY_BODY = YES;
				CLANG_WARN_ENUM_CONVERSION = YES;
				CLANG_WARN_INFINITE_RECURSION = YES;
				CLANG_WARN_INT_CONVERSION = YES;
				CLANG_WARN_OBJC_ROOT_CLASS = YES_ERROR;
				CLANG_WARN_SUSPICIOUS_MOVE = YES;
				CLANG_WARN_UNREACHABLE_CODE = YES;
				CLANG_WARN__DUPLICATE_METHOD_MATCH = YES;
				"CODE_SIGN_IDENTITY[sdk=iphoneos*]" = "iPhone Developer";
				COPY_PHASE_STRIP = NO;
				DEBUG_INFORMATION_FORMAT = dwarf;
				ENABLE_STRICT_OBJC_MSGSEND = YES;
				ENABLE_TESTABILITY = YES;
				GCC_C_LANGUAGE_STANDARD = gnu99;
				GCC_DYNAMIC_NO_PIC = NO;
				GCC_NO_COMMON_BLOCKS = YES;
				GCC_OPTIMIZATION_LEVEL = 0;
				GCC_PREPROCESSOR_DEFINITIONS = (
					"DEBUG=1",
					"$(inherited)",
				);
				GCC_WARN_64_TO_32_BIT_CONVERSION = YES;
				GCC_WARN_ABOUT_RETURN_TYPE = YES_ERROR;
				GCC_WARN_UNDECLARED_SELECTOR = YES;
				GCC_WARN_UNINITIALIZED_AUTOS = YES_AGGRESSIVE;
				GCC_WARN_UNUSED_FUNCTION = YES;
				GCC_WARN_UNUSED_VARIABLE = YES;
				IPHONEOS_DEPLOYMENT_TARGET = 10.0;
				MTL_ENABLE_DEBUG_INFO = YES;
				ONLY_ACTIVE_ARCH = YES;
				SDKROOT = iphoneos;
				SWIFT_ACTIVE_COMPILATION_CONDITIONS = DEBUG;
				SWIFT_OPTIMIZATION_LEVEL = "-Onone";
				TARGETED_DEVICE_FAMILY = "1,2";
			};
			name = Debug;
		};
		FF8B0EBD1D41B16C0016691E /* Release */ = {
			isa = XCBuildConfiguration;
			buildSettings = {
				ALWAYS_SEARCH_USER_PATHS = NO;
				CLANG_ANALYZER_NONNULL = YES;
				CLANG_CXX_LANGUAGE_STANDARD = "gnu++0x";
				CLANG_CXX_LIBRARY = "libc++";
				CLANG_ENABLE_MODULES = YES;
				CLANG_ENABLE_OBJC_ARC = YES;
				CLANG_WARN_BOOL_CONVERSION = YES;
				CLANG_WARN_CONSTANT_CONVERSION = YES;
				CLANG_WARN_DIRECT_OBJC_ISA_USAGE = YES_ERROR;
				CLANG_WARN_DOCUMENTATION_COMMENTS = YES;
				CLANG_WARN_EMPTY_BODY = YES;
				CLANG_WARN_ENUM_CONVERSION = YES;
				CLANG_WARN_INFINITE_RECURSION = YES;
				CLANG_WARN_INT_CONVERSION = YES;
				CLANG_WARN_OBJC_ROOT_CLASS = YES_ERROR;
				CLANG_WARN_SUSPICIOUS_MOVE = YES;
				CLANG_WARN_UNREACHABLE_CODE = YES;
				CLANG_WARN__DUPLICATE_METHOD_MATCH = YES;
				"CODE_SIGN_IDENTITY[sdk=iphoneos*]" = "iPhone Developer";
				COPY_PHASE_STRIP = NO;
				DEBUG_INFORMATION_FORMAT = "dwarf-with-dsym";
				ENABLE_NS_ASSERTIONS = NO;
				ENABLE_STRICT_OBJC_MSGSEND = YES;
				GCC_C_LANGUAGE_STANDARD = gnu99;
				GCC_NO_COMMON_BLOCKS = YES;
				GCC_WARN_64_TO_32_BIT_CONVERSION = YES;
				GCC_WARN_ABOUT_RETURN_TYPE = YES_ERROR;
				GCC_WARN_UNDECLARED_SELECTOR = YES;
				GCC_WARN_UNINITIALIZED_AUTOS = YES_AGGRESSIVE;
				GCC_WARN_UNUSED_FUNCTION = YES;
				GCC_WARN_UNUSED_VARIABLE = YES;
				IPHONEOS_DEPLOYMENT_TARGET = 10.0;
				MTL_ENABLE_DEBUG_INFO = NO;
				SDKROOT = iphoneos;
				SWIFT_OPTIMIZATION_LEVEL = "-Owholemodule";
				TARGETED_DEVICE_FAMILY = "1,2";
				VALIDATE_PRODUCT = YES;
			};
			name = Release;
		};
		FF8B0EBF1D41B16C0016691E /* Debug */ = {
			isa = XCBuildConfiguration;
			buildSettings = {
				ASSETCATALOG_COMPILER_APPICON_NAME = AppIcon;
				INFOPLIST_FILE = type_error_cast/Info.plist;
				LD_RUNPATH_SEARCH_PATHS = "$(inherited) @executable_path/Frameworks";
				PRODUCT_BUNDLE_IDENTIFIER = "com.oshige.type-error-cast";
				PRODUCT_NAME = "$(TARGET_NAME)";
				SWIFT_VERSION = 3.0;
			};
			name = Debug;
		};
		FF8B0EC01D41B16C0016691E /* Release */ = {
			isa = XCBuildConfiguration;
			buildSettings = {
				ASSETCATALOG_COMPILER_APPICON_NAME = AppIcon;
				INFOPLIST_FILE = type_error_cast/Info.plist;
				LD_RUNPATH_SEARCH_PATHS = "$(inherited) @executable_path/Frameworks";
				PRODUCT_BUNDLE_IDENTIFIER = "com.oshige.type-error-cast";
				PRODUCT_NAME = "$(TARGET_NAME)";
				SWIFT_VERSION = 3.0;
			};
			name = Release;
		};
/* End XCBuildConfiguration section */

/* Begin XCConfigurationList section */
		FF8B0EA71D41B16C0016691E /* Build configuration list for PBXProject "type_error_cast" */ = {
			isa = XCConfigurationList;
			buildConfigurations = (
				FF8B0EBC1D41B16C0016691E /* Debug */,
				FF8B0EBD1D41B16C0016691E /* Release */,
			);
			defaultConfigurationIsVisible = 0;
			defaultConfigurationName = Release;
		};
		FF8B0EBE1D41B16C0016691E /* Build configuration list for PBXNativeTarget "type_error_cast" */ = {
			isa = XCConfigurationList;
			buildConfigurations = (
				FF8B0EBF1D41B16C0016691E /* Debug */,
				FF8B0EC01D41B16C0016691E /* Release */,
			);
			defaultConfigurationIsVisible = 0;
			defaultConfigurationName = Release;
		};
/* End XCConfigurationList section */
	};
	rootObject = FF8B0EA41D41B16C0016691E /* Project object */;
}
