// !$*UTF8*$!
{
	archiveVersion = 1;
	classes = {
	};
	objectVersion = 46;
	objects = {

/* Begin PBXBuildFile section */
		FF88236A1D54730800ADF0BD /* AppDelegate.swift in Sources */ = {isa = PBXBuildFile; fileRef = FF8823691D54730800ADF0BD /* AppDelegate.swift */; };
		FF88236C1D54730800ADF0BD /* ViewController.swift in Sources */ = {isa = PBXBuildFile; fileRef = FF88236B1D54730800ADF0BD /* ViewController.swift */; };
		FF88236F1D54730800ADF0BD /* Main.storyboard in Resources */ = {isa = PBXBuildFile; fileRef = FF88236D1D54730800ADF0BD /* Main.storyboard */; };
		FF8823711D54730800ADF0BD /* Assets.xcassets in Resources */ = {isa = PBXBuildFile; fileRef = FF8823701D54730800ADF0BD /* Assets.xcassets */; };
		FF8823741D54730800ADF0BD /* LaunchScreen.storyboard in Resources */ = {isa = PBXBuildFile; fileRef = FF8823721D54730800ADF0BD /* LaunchScreen.storyboard */; };
/* End PBXBuildFile section */

/* Begin PBXFileReference section */
		FF8823661D54730800ADF0BD /* range_substringFrom.app */ = {isa = PBXFileReference; explicitFileType = wrapper.application; includeInIndex = 0; path = range_substringFrom.app; sourceTree = BUILT_PRODUCTS_DIR; };
		FF8823691D54730800ADF0BD /* AppDelegate.swift */ = {isa = PBXFileReference; lastKnownFileType = sourcecode.swift; path = AppDelegate.swift; sourceTree = "<group>"; };
		FF88236B1D54730800ADF0BD /* ViewController.swift */ = {isa = PBXFileReference; lastKnownFileType = sourcecode.swift; path = ViewController.swift; sourceTree = "<group>"; };
		FF88236E1D54730800ADF0BD /* Base */ = {isa = PBXFileReference; lastKnownFileType = file.storyboard; name = Base; path = Base.lproj/Main.storyboard; sourceTree = "<group>"; };
		FF8823701D54730800ADF0BD /* Assets.xcassets */ = {isa = PBXFileReference; lastKnownFileType = folder.assetcatalog; path = Assets.xcassets; sourceTree = "<group>"; };
		FF8823731D54730800ADF0BD /* Base */ = {isa = PBXFileReference; lastKnownFileType = file.storyboard; name = Base; path = Base.lproj/LaunchScreen.storyboard; sourceTree = "<group>"; };
		FF8823751D54730800ADF0BD /* Info.plist */ = {isa = PBXFileReference; lastKnownFileType = text.plist.xml; path = Info.plist; sourceTree = "<group>"; };
/* End PBXFileReference section */

/* Begin PBXFrameworksBuildPhase section */
		FF8823631D54730800ADF0BD /* Frameworks */ = {
			isa = PBXFrameworksBuildPhase;
			buildActionMask = 2147483647;
			files = (
			);
			runOnlyForDeploymentPostprocessing = 0;
		};
/* End PBXFrameworksBuildPhase section */

/* Begin PBXGroup section */
		FF88235D1D54730800ADF0BD = {
			isa = PBXGroup;
			children = (
				FF8823681D54730800ADF0BD /* range_substringFrom */,
				FF8823671D54730800ADF0BD /* Products */,
			);
			sourceTree = "<group>";
		};
		FF8823671D54730800ADF0BD /* Products */ = {
			isa = PBXGroup;
			children = (
				FF8823661D54730800ADF0BD /* range_substringFrom.app */,
			);
			name = Products;
			sourceTree = "<group>";
		};
		FF8823681D54730800ADF0BD /* range_substringFrom */ = {
			isa = PBXGroup;
			children = (
				FF8823691D54730800ADF0BD /* AppDelegate.swift */,
				FF88236B1D54730800ADF0BD /* ViewController.swift */,
				FF88236D1D54730800ADF0BD /* Main.storyboard */,
				FF8823701D54730800ADF0BD /* Assets.xcassets */,
				FF8823721D54730800ADF0BD /* LaunchScreen.storyboard */,
				FF8823751D54730800ADF0BD /* Info.plist */,
			);
			path = range_substringFrom;
			sourceTree = "<group>";
		};
/* End PBXGroup section */

/* Begin PBXNativeTarget section */
		FF8823651D54730800ADF0BD /* range_substringFrom */ = {
			isa = PBXNativeTarget;
			buildConfigurationList = FF8823781D54730800ADF0BD /* Build configuration list for PBXNativeTarget "range_substringFrom" */;
			buildPhases = (
				FF8823621D54730800ADF0BD /* Sources */,
				FF8823631D54730800ADF0BD /* Frameworks */,
				FF8823641D54730800ADF0BD /* Resources */,
			);
			buildRules = (
			);
			dependencies = (
			);
			name = range_substringFrom;
			productName = range_substringFrom;
			productReference = FF8823661D54730800ADF0BD /* range_substringFrom.app */;
			productType = "com.apple.product-type.application";
		};
/* End PBXNativeTarget section */

/* Begin PBXProject section */
		FF88235E1D54730800ADF0BD /* Project object */ = {
			isa = PBXProject;
			attributes = {
				LastSwiftUpdateCheck = 0800;
				LastUpgradeCheck = 0810;
				ORGANIZATIONNAME = "yoshiyuki oshige";
				TargetAttributes = {
					FF8823651D54730800ADF0BD = {
						CreatedOnToolsVersion = 8.0;
						DevelopmentTeam = EV28Y3W68P;
						ProvisioningStyle = Automatic;
					};
				};
			};
			buildConfigurationList = FF8823611D54730800ADF0BD /* Build configuration list for PBXProject "range_substringFrom" */;
			compatibilityVersion = "Xcode 3.2";
			developmentRegion = English;
			hasScannedForEncodings = 0;
			knownRegions = (
				en,
				Base,
			);
			mainGroup = FF88235D1D54730800ADF0BD;
			productRefGroup = FF8823671D54730800ADF0BD /* Products */;
			projectDirPath = "";
			projectRoot = "";
			targets = (
				FF8823651D54730800ADF0BD /* range_substringFrom */,
			);
		};
/* End PBXProject section */

/* Begin PBXResourcesBuildPhase section */
		FF8823641D54730800ADF0BD /* Resources */ = {
			isa = PBXResourcesBuildPhase;
			buildActionMask = 2147483647;
			files = (
				FF8823741D54730800ADF0BD /* LaunchScreen.storyboard in Resources */,
				FF8823711D54730800ADF0BD /* Assets.xcassets in Resources */,
				FF88236F1D54730800ADF0BD /* Main.storyboard in Resources */,
			);
			runOnlyForDeploymentPostprocessing = 0;
		};
/* End PBXResourcesBuildPhase section */

/* Begin PBXSourcesBuildPhase section */
		FF8823621D54730800ADF0BD /* Sources */ = {
			isa = PBXSourcesBuildPhase;
			buildActionMask = 2147483647;
			files = (
				FF88236C1D54730800ADF0BD /* ViewController.swift in Sources */,
				FF88236A1D54730800ADF0BD /* AppDelegate.swift in Sources */,
			);
			runOnlyForDeploymentPostprocessing = 0;
		};
/* End PBXSourcesBuildPhase section */

/* Begin PBXVariantGroup section */
		FF88236D1D54730800ADF0BD /* Main.storyboard */ = {
			isa = PBXVariantGroup;
			children = (
				FF88236E1D54730800ADF0BD /* Base */,
			);
			name = Main.storyboard;
			sourceTree = "<group>";
		};
		FF8823721D54730800ADF0BD /* LaunchScreen.storyboard */ = {
			isa = PBXVariantGroup;
			children = (
				FF8823731D54730800ADF0BD /* Base */,
			);
			name = LaunchScreen.storyboard;
			sourceTree = "<group>";
		};
/* End PBXVariantGroup section */

/* Begin XCBuildConfiguration section */
		FF8823761D54730800ADF0BD /* Debug */ = {
			isa = XCBuildConfiguration;
			buildSettings = {
				ALWAYS_SEARCH_USER_PATHS = NO;
				CLANG_ANALYZER_NONNULL = YES;
				CLANG_CXX_LANGUAGE_STANDARD = "gnu++0x";
				CLANG_CXX_LIBRARY = "libc++";
				CLANG_ENABLE_MODULES = YES;
				CLANG_ENABLE_OBJC_ARC = YES;
				CLANG_WARN_BOOL_CONVERSION = YES;
				CLANG_WARN_CONSTANT_CONVERSION = YES;
				CLANG_WARN_DIRECT_OBJC_ISA_USAGE = YES_ERROR;
				CLANG_WARN_DOCUMENTATION_COMMENTS = YES;
				CLANG_WARN_EMPTY_BODY = YES;
				CLANG_WARN_ENUM_CONVERSION = YES;
				CLANG_WARN_INFINITE_RECURSION = YES;
				CLANG_WARN_INT_CONVERSION = YES;
				CLANG_WARN_OBJC_ROOT_CLASS = YES_ERROR;
				CLANG_WARN_SUSPICIOUS_MOVE = YES;
				CLANG_WARN_SUSPICIOUS_MOVES = YES;
				CLANG_WARN_UNREACHABLE_CODE = YES;
				CLANG_WARN__DUPLICATE_METHOD_MATCH = YES;
				"CODE_SIGN_IDENTITY[sdk=iphoneos*]" = "iPhone Developer";
				COPY_PHASE_STRIP = NO;
				DEBUG_INFORMATION_FORMAT = dwarf;
				ENABLE_STRICT_OBJC_MSGSEND = YES;
				ENABLE_TESTABILITY = YES;
				GCC_C_LANGUAGE_STANDARD = gnu99;
				GCC_DYNAMIC_NO_PIC = NO;
				GCC_NO_COMMON_BLOCKS = YES;
				GCC_OPTIMIZATION_LEVEL = 0;
				GCC_PREPROCESSOR_DEFINITIONS = (
					"DEBUG=1",
					"$(inherited)",
				);
				GCC_WARN_64_TO_32_BIT_CONVERSION = YES;
				GCC_WARN_ABOUT_RETURN_TYPE = YES_ERROR;
				GCC_WARN_UNDECLARED_SELECTOR = YES;
				GCC_WARN_UNINITIALIZED_AUTOS = YES_AGGRESSIVE;
				GCC_WARN_UNUSED_FUNCTION = YES;
				GCC_WARN_UNUSED_VARIABLE = YES;
				IPHONEOS_DEPLOYMENT_TARGET = 10.0;
				MTL_ENABLE_DEBUG_INFO = YES;
				ONLY_ACTIVE_ARCH = YES;
				SDKROOT = iphoneos;
				SWIFT_ACTIVE_COMPILATION_CONDITIONS = DEBUG;
				SWIFT_OPTIMIZATION_LEVEL = "-Onone";
				TARGETED_DEVICE_FAMILY = "1,2";
			};
			name = Debug;
		};
		FF8823771D54730800ADF0BD /* Release */ = {
			isa = XCBuildConfiguration;
			buildSettings = {
				ALWAYS_SEARCH_USER_PATHS = NO;
				CLANG_ANALYZER_NONNULL = YES;
				CLANG_CXX_LANGUAGE_STANDARD = "gnu++0x";
				CLANG_CXX_LIBRARY = "libc++";
				CLANG_ENABLE_MODULES = YES;
				CLANG_ENABLE_OBJC_ARC = YES;
				CLANG_WARN_BOOL_CONVERSION = YES;
				CLANG_WARN_CONSTANT_CONVERSION = YES;
				CLANG_WARN_DIRECT_OBJC_ISA_USAGE = YES_ERROR;
				CLANG_WARN_DOCUMENTATION_COMMENTS = YES;
				CLANG_WARN_EMPTY_BODY = YES;
				CLANG_WARN_ENUM_CONVERSION = YES;
				CLANG_WARN_INFINITE_RECURSION = YES;
				CLANG_WARN_INT_CONVERSION = YES;
				CLANG_WARN_OBJC_ROOT_CLASS = YES_ERROR;
				CLANG_WARN_SUSPICIOUS_MOVE = YES;
				CLANG_WARN_SUSPICIOUS_MOVES = YES;
				CLANG_WARN_UNREACHABLE_CODE = YES;
				CLANG_WARN__DUPLICATE_METHOD_MATCH = YES;
				"CODE_SIGN_IDENTITY[sdk=iphoneos*]" = "iPhone Developer";
				COPY_PHASE_STRIP = NO;
				DEBUG_INFORMATION_FORMAT = "dwarf-with-dsym";
				ENABLE_NS_ASSERTIONS = NO;
				ENABLE_STRICT_OBJC_MSGSEND = YES;
				GCC_C_LANGUAGE_STANDARD = gnu99;
				GCC_NO_COMMON_BLOCKS = YES;
				GCC_WARN_64_TO_32_BIT_CONVERSION = YES;
				GCC_WARN_ABOUT_RETURN_TYPE = YES_ERROR;
				GCC_WARN_UNDECLARED_SELECTOR = YES;
				GCC_WARN_UNINITIALIZED_AUTOS = YES_AGGRESSIVE;
				GCC_WARN_UNUSED_FUNCTION = YES;
				GCC_WARN_UNUSED_VARIABLE = YES;
				IPHONEOS_DEPLOYMENT_TARGET = 10.0;
				MTL_ENABLE_DEBUG_INFO = NO;
				SDKROOT = iphoneos;
				SWIFT_OPTIMIZATION_LEVEL = "-Owholemodule";
				TARGETED_DEVICE_FAMILY = "1,2";
				VALIDATE_PRODUCT = YES;
			};
			name = Release;
		};
		FF8823791D54730800ADF0BD /* Debug */ = {
			isa = XCBuildConfiguration;
			buildSettings = {
				ASSETCATALOG_COMPILER_APPICON_NAME = AppIcon;
				DEVELOPMENT_TEAM = EV28Y3W68P;
				INFOPLIST_FILE = range_substringFrom/Info.plist;
				LD_RUNPATH_SEARCH_PATHS = "$(inherited) @executable_path/Frameworks";
				PRODUCT_BUNDLE_IDENTIFIER = "com.oshige.range-substringFrom";
				PRODUCT_NAME = "$(TARGET_NAME)";
				SWIFT_VERSION = 3.0;
			};
			name = Debug;
		};
		FF88237A1D54730800ADF0BD /* Release */ = {
			isa = XCBuildConfiguration;
			buildSettings = {
				ASSETCATALOG_COMPILER_APPICON_NAME = AppIcon;
				DEVELOPMENT_TEAM = EV28Y3W68P;
				INFOPLIST_FILE = range_substringFrom/Info.plist;
				LD_RUNPATH_SEARCH_PATHS = "$(inherited) @executable_path/Frameworks";
				PRODUCT_BUNDLE_IDENTIFIER = "com.oshige.range-substringFrom";
				PRODUCT_NAME = "$(TARGET_NAME)";
				SWIFT_VERSION = 3.0;
			};
			name = Release;
		};
/* End XCBuildConfiguration section */

/* Begin XCConfigurationList section */
		FF8823611D54730800ADF0BD /* Build configuration list for PBXProject "range_substringFrom" */ = {
			isa = XCConfigurationList;
			buildConfigurations = (
				FF8823761D54730800ADF0BD /* Debug */,
				FF8823771D54730800ADF0BD /* Release */,
			);
			defaultConfigurationIsVisible = 0;
			defaultConfigurationName = Release;
		};
		FF8823781D54730800ADF0BD /* Build configuration list for PBXNativeTarget "range_substringFrom" */ = {
			isa = XCConfigurationList;
			buildConfigurations = (
				FF8823791D54730800ADF0BD /* Debug */,
				FF88237A1D54730800ADF0BD /* Release */,
			);
			defaultConfigurationIsVisible = 0;
			defaultConfigurationName = Release;
		};
/* End XCConfigurationList section */
	};
	rootObject = FF88235E1D54730800ADF0BD /* Project object */;
}
