// !$*UTF8*$!
{
	archiveVersion = 1;
	classes = {
	};
	objectVersion = 46;
	objects = {

/* Begin PBXBuildFile section */
		341760E81E3B70C600FDE394 /* AppDelegate.swift in Sources */ = {isa = PBXBuildFile; fileRef = 341760E71E3B70C600FDE394 /* AppDelegate.swift */; };
		341760EA1E3B70C600FDE394 /* ViewController.swift in Sources */ = {isa = PBXBuildFile; fileRef = 341760E91E3B70C600FDE394 /* ViewController.swift */; };
		341760ED1E3B70C600FDE394 /* Main.storyboard in Resources */ = {isa = PBXBuildFile; fileRef = 341760EB1E3B70C600FDE394 /* Main.storyboard */; };
		341760EF1E3B70C600FDE394 /* Assets.xcassets in Resources */ = {isa = PBXBuildFile; fileRef = 341760EE1E3B70C600FDE394 /* Assets.xcassets */; };
		341760F21E3B70C600FDE394 /* LaunchScreen.storyboard in Resources */ = {isa = PBXBuildFile; fileRef = 341760F01E3B70C600FDE394 /* LaunchScreen.storyboard */; };
		341760FA1E3B763A00FDE394 /* WebListTableViewController.swift in Sources */ = {isa = PBXBuildFile; fileRef = 341760F91E3B763A00FDE394 /* WebListTableViewController.swift */; };
/* End PBXBuildFile section */

/* Begin PBXFileReference section */
		341760E41E3B70C600FDE394 /* navigationController_weblist1.app */ = {isa = PBXFileReference; explicitFileType = wrapper.application; includeInIndex = 0; path = navigationController_weblist1.app; sourceTree = BUILT_PRODUCTS_DIR; };
		341760E71E3B70C600FDE394 /* AppDelegate.swift */ = {isa = PBXFileReference; lastKnownFileType = sourcecode.swift; path = AppDelegate.swift; sourceTree = "<group>"; };
		341760E91E3B70C600FDE394 /* ViewController.swift */ = {isa = PBXFileReference; lastKnownFileType = sourcecode.swift; path = ViewController.swift; sourceTree = "<group>"; };
		341760EC1E3B70C600FDE394 /* Base */ = {isa = PBXFileReference; lastKnownFileType = file.storyboard; name = Base; path = Base.lproj/Main.storyboard; sourceTree = "<group>"; };
		341760EE1E3B70C600FDE394 /* Assets.xcassets */ = {isa = PBXFileReference; lastKnownFileType = folder.assetcatalog; path = Assets.xcassets; sourceTree = "<group>"; };
		341760F11E3B70C600FDE394 /* Base */ = {isa = PBXFileReference; lastKnownFileType = file.storyboard; name = Base; path = Base.lproj/LaunchScreen.storyboard; sourceTree = "<group>"; };
		341760F31E3B70C600FDE394 /* Info.plist */ = {isa = PBXFileReference; lastKnownFileType = text.plist.xml; path = Info.plist; sourceTree = "<group>"; };
		341760F91E3B763A00FDE394 /* WebListTableViewController.swift */ = {isa = PBXFileReference; fileEncoding = 4; lastKnownFileType = sourcecode.swift; path = WebListTableViewController.swift; sourceTree = "<group>"; };
/* End PBXFileReference section */

/* Begin PBXFrameworksBuildPhase section */
		341760E11E3B70C600FDE394 /* Frameworks */ = {
			isa = PBXFrameworksBuildPhase;
			buildActionMask = 2147483647;
			files = (
			);
			runOnlyForDeploymentPostprocessing = 0;
		};
/* End PBXFrameworksBuildPhase section */

/* Begin PBXGroup section */
		341760DB1E3B70C600FDE394 = {
			isa = PBXGroup;
			children = (
				341760E61E3B70C600FDE394 /* navigationController_weblist1 */,
				341760E51E3B70C600FDE394 /* Products */,
			);
			sourceTree = "<group>";
		};
		341760E51E3B70C600FDE394 /* Products */ = {
			isa = PBXGroup;
			children = (
				341760E41E3B70C600FDE394 /* navigationController_weblist1.app */,
			);
			name = Products;
			sourceTree = "<group>";
		};
		341760E61E3B70C600FDE394 /* navigationController_weblist1 */ = {
			isa = PBXGroup;
			children = (
				341760E71E3B70C600FDE394 /* AppDelegate.swift */,
				341760E91E3B70C600FDE394 /* ViewController.swift */,
				341760EB1E3B70C600FDE394 /* Main.storyboard */,
				341760F91E3B763A00FDE394 /* WebListTableViewController.swift */,
				341760EE1E3B70C600FDE394 /* Assets.xcassets */,
				341760F01E3B70C600FDE394 /* LaunchScreen.storyboard */,
				341760F31E3B70C600FDE394 /* Info.plist */,
			);
			path = navigationController_weblist1;
			sourceTree = "<group>";
		};
/* End PBXGroup section */

/* Begin PBXNativeTarget section */
		341760E31E3B70C600FDE394 /* navigationController_weblist1 */ = {
			isa = PBXNativeTarget;
			buildConfigurationList = 341760F61E3B70C600FDE394 /* Build configuration list for PBXNativeTarget "navigationController_weblist1" */;
			buildPhases = (
				341760E01E3B70C600FDE394 /* Sources */,
				341760E11E3B70C600FDE394 /* Frameworks */,
				341760E21E3B70C600FDE394 /* Resources */,
			);
			buildRules = (
			);
			dependencies = (
			);
			name = navigationController_weblist1;
			productName = navigationController_weblist1;
			productReference = 341760E41E3B70C600FDE394 /* navigationController_weblist1.app */;
			productType = "com.apple.product-type.application";
		};
/* End PBXNativeTarget section */

/* Begin PBXProject section */
		341760DC1E3B70C600FDE394 /* Project object */ = {
			isa = PBXProject;
			attributes = {
				LastSwiftUpdateCheck = 0820;
				LastUpgradeCheck = 0820;
				ORGANIZATIONNAME = Sela;
				TargetAttributes = {
					341760E31E3B70C600FDE394 = {
						CreatedOnToolsVersion = 8.2.1;
						DevelopmentTeam = XRX7MCFG4Y;
						ProvisioningStyle = Automatic;
					};
				};
			};
			buildConfigurationList = 341760DF1E3B70C600FDE394 /* Build configuration list for PBXProject "navigationController_weblist1" */;
			compatibilityVersion = "Xcode 3.2";
			developmentRegion = English;
			hasScannedForEncodings = 0;
			knownRegions = (
				en,
				Base,
			);
			mainGroup = 341760DB1E3B70C600FDE394;
			productRefGroup = 341760E51E3B70C600FDE394 /* Products */;
			projectDirPath = "";
			projectRoot = "";
			targets = (
				341760E31E3B70C600FDE394 /* navigationController_weblist1 */,
			);
		};
/* End PBXProject section */

/* Begin PBXResourcesBuildPhase section */
		341760E21E3B70C600FDE394 /* Resources */ = {
			isa = PBXResourcesBuildPhase;
			buildActionMask = 2147483647;
			files = (
				341760F21E3B70C600FDE394 /* LaunchScreen.storyboard in Resources */,
				341760EF1E3B70C600FDE394 /* Assets.xcassets in Resources */,
				341760ED1E3B70C600FDE394 /* Main.storyboard in Resources */,
			);
			runOnlyForDeploymentPostprocessing = 0;
		};
/* End PBXResourcesBuildPhase section */

/* Begin PBXSourcesBuildPhase section */
		341760E01E3B70C600FDE394 /* Sources */ = {
			isa = PBXSourcesBuildPhase;
			buildActionMask = 2147483647;
			files = (
				341760EA1E3B70C600FDE394 /* ViewController.swift in Sources */,
				341760E81E3B70C600FDE394 /* AppDelegate.swift in Sources */,
				341760FA1E3B763A00FDE394 /* WebListTableViewController.swift in Sources */,
			);
			runOnlyForDeploymentPostprocessing = 0;
		};
/* End PBXSourcesBuildPhase section */

/* Begin PBXVariantGroup section */
		341760EB1E3B70C600FDE394 /* Main.storyboard */ = {
			isa = PBXVariantGroup;
			children = (
				341760EC1E3B70C600FDE394 /* Base */,
			);
			name = Main.storyboard;
			sourceTree = "<group>";
		};
		341760F01E3B70C600FDE394 /* LaunchScreen.storyboard */ = {
			isa = PBXVariantGroup;
			children = (
				341760F11E3B70C600FDE394 /* Base */,
			);
			name = LaunchScreen.storyboard;
			sourceTree = "<group>";
		};
/* End PBXVariantGroup section */

/* Begin XCBuildConfiguration section */
		341760F41E3B70C600FDE394 /* Debug */ = {
			isa = XCBuildConfiguration;
			buildSettings = {
				ALWAYS_SEARCH_USER_PATHS = NO;
				CLANG_ANALYZER_NONNULL = YES;
				CLANG_CXX_LANGUAGE_STANDARD = "gnu++0x";
				CLANG_CXX_LIBRARY = "libc++";
				CLANG_ENABLE_MODULES = YES;
				CLANG_ENABLE_OBJC_ARC = YES;
				CLANG_WARN_BOOL_CONVERSION = YES;
				CLANG_WARN_CONSTANT_CONVERSION = YES;
				CLANG_WARN_DIRECT_OBJC_ISA_USAGE = YES_ERROR;
				CLANG_WARN_DOCUMENTATION_COMMENTS = YES;
				CLANG_WARN_EMPTY_BODY = YES;
				CLANG_WARN_ENUM_CONVERSION = YES;
				CLANG_WARN_INFINITE_RECURSION = YES;
				CLANG_WARN_INT_CONVERSION = YES;
				CLANG_WARN_OBJC_ROOT_CLASS = YES_ERROR;
				CLANG_WARN_SUSPICIOUS_MOVE = YES;
				CLANG_WARN_UNREACHABLE_CODE = YES;
				CLANG_WARN__DUPLICATE_METHOD_MATCH = YES;
				"CODE_SIGN_IDENTITY[sdk=iphoneos*]" = "iPhone Developer";
				COPY_PHASE_STRIP = NO;
				DEBUG_INFORMATION_FORMAT = dwarf;
				ENABLE_STRICT_OBJC_MSGSEND = YES;
				ENABLE_TESTABILITY = YES;
				GCC_C_LANGUAGE_STANDARD = gnu99;
				GCC_DYNAMIC_NO_PIC = NO;
				GCC_NO_COMMON_BLOCKS = YES;
				GCC_OPTIMIZATION_LEVEL = 0;
				GCC_PREPROCESSOR_DEFINITIONS = (
					"DEBUG=1",
					"$(inherited)",
				);
				GCC_WARN_64_TO_32_BIT_CONVERSION = YES;
				GCC_WARN_ABOUT_RETURN_TYPE = YES_ERROR;
				GCC_WARN_UNDECLARED_SELECTOR = YES;
				GCC_WARN_UNINITIALIZED_AUTOS = YES_AGGRESSIVE;
				GCC_WARN_UNUSED_FUNCTION = YES;
				GCC_WARN_UNUSED_VARIABLE = YES;
				IPHONEOS_DEPLOYMENT_TARGET = 10.2;
				MTL_ENABLE_DEBUG_INFO = YES;
				ONLY_ACTIVE_ARCH = YES;
				SDKROOT = iphoneos;
				SWIFT_ACTIVE_COMPILATION_CONDITIONS = DEBUG;
				SWIFT_OPTIMIZATION_LEVEL = "-Onone";
				TARGETED_DEVICE_FAMILY = "1,2";
			};
			name = Debug;
		};
		341760F51E3B70C600FDE394 /* Release */ = {
			isa = XCBuildConfiguration;
			buildSettings = {
				ALWAYS_SEARCH_USER_PATHS = NO;
				CLANG_ANALYZER_NONNULL = YES;
				CLANG_CXX_LANGUAGE_STANDARD = "gnu++0x";
				CLANG_CXX_LIBRARY = "libc++";
				CLANG_ENABLE_MODULES = YES;
				CLANG_ENABLE_OBJC_ARC = YES;
				CLANG_WARN_BOOL_CONVERSION = YES;
				CLANG_WARN_CONSTANT_CONVERSION = YES;
				CLANG_WARN_DIRECT_OBJC_ISA_USAGE = YES_ERROR;
				CLANG_WARN_DOCUMENTATION_COMMENTS = YES;
				CLANG_WARN_EMPTY_BODY = YES;
				CLANG_WARN_ENUM_CONVERSION = YES;
				CLANG_WARN_INFINITE_RECURSION = YES;
				CLANG_WARN_INT_CONVERSION = YES;
				CLANG_WARN_OBJC_ROOT_CLASS = YES_ERROR;
				CLANG_WARN_SUSPICIOUS_MOVE = YES;
				CLANG_WARN_UNREACHABLE_CODE = YES;
				CLANG_WARN__DUPLICATE_METHOD_MATCH = YES;
				"CODE_SIGN_IDENTITY[sdk=iphoneos*]" = "iPhone Developer";
				COPY_PHASE_STRIP = NO;
				DEBUG_INFORMATION_FORMAT = "dwarf-with-dsym";
				ENABLE_NS_ASSERTIONS = NO;
				ENABLE_STRICT_OBJC_MSGSEND = YES;
				GCC_C_LANGUAGE_STANDARD = gnu99;
				GCC_NO_COMMON_BLOCKS = YES;
				GCC_WARN_64_TO_32_BIT_CONVERSION = YES;
				GCC_WARN_ABOUT_RETURN_TYPE = YES_ERROR;
				GCC_WARN_UNDECLARED_SELECTOR = YES;
				GCC_WARN_UNINITIALIZED_AUTOS = YES_AGGRESSIVE;
				GCC_WARN_UNUSED_FUNCTION = YES;
				GCC_WARN_UNUSED_VARIABLE = YES;
				IPHONEOS_DEPLOYMENT_TARGET = 10.2;
				MTL_ENABLE_DEBUG_INFO = NO;
				SDKROOT = iphoneos;
				SWIFT_OPTIMIZATION_LEVEL = "-Owholemodule";
				TARGETED_DEVICE_FAMILY = "1,2";
				VALIDATE_PRODUCT = YES;
			};
			name = Release;
		};
		341760F71E3B70C600FDE394 /* Debug */ = {
			isa = XCBuildConfiguration;
			buildSettings = {
				ASSETCATALOG_COMPILER_APPICON_NAME = AppIcon;
				DEVELOPMENT_TEAM = XRX7MCFG4Y;
				INFOPLIST_FILE = navigationController_weblist1/Info.plist;
				LD_RUNPATH_SEARCH_PATHS = "$(inherited) @executable_path/Frameworks";
				PRODUCT_BUNDLE_IDENTIFIER = "com.seladevelop.navigationController-weblist1";
				PRODUCT_NAME = "$(TARGET_NAME)";
				SWIFT_VERSION = 3.0;
			};
			name = Debug;
		};
		341760F81E3B70C600FDE394 /* Release */ = {
			isa = XCBuildConfiguration;
			buildSettings = {
				ASSETCATALOG_COMPILER_APPICON_NAME = AppIcon;
				DEVELOPMENT_TEAM = XRX7MCFG4Y;
				INFOPLIST_FILE = navigationController_weblist1/Info.plist;
				LD_RUNPATH_SEARCH_PATHS = "$(inherited) @executable_path/Frameworks";
				PRODUCT_BUNDLE_IDENTIFIER = "com.seladevelop.navigationController-weblist1";
				PRODUCT_NAME = "$(TARGET_NAME)";
				SWIFT_VERSION = 3.0;
			};
			name = Release;
		};
/* End XCBuildConfiguration section */

/* Begin XCConfigurationList section */
		341760DF1E3B70C600FDE394 /* Build configuration list for PBXProject "navigationController_weblist1" */ = {
			isa = XCConfigurationList;
			buildConfigurations = (
				341760F41E3B70C600FDE394 /* Debug */,
				341760F51E3B70C600FDE394 /* Release */,
			);
			defaultConfigurationIsVisible = 0;
			defaultConfigurationName = Release;
		};
		341760F61E3B70C600FDE394 /* Build configuration list for PBXNativeTarget "navigationController_weblist1" */ = {
			isa = XCConfigurationList;
			buildConfigurations = (
				341760F71E3B70C600FDE394 /* Debug */,
				341760F81E3B70C600FDE394 /* Release */,
			);
			defaultConfigurationIsVisible = 0;
		};
/* End XCConfigurationList section */
	};
	rootObject = 341760DC1E3B70C600FDE394 /* Project object */;
}
