// !$*UTF8*$!
{
	archiveVersion = 1;
	classes = {
	};
	objectVersion = 46;
	objects = {

/* Begin PBXBuildFile section */
		FF6025B11D54DE8400C2DE57 /* AppDelegate.swift in Sources */ = {isa = PBXBuildFile; fileRef = FF6025B01D54DE8400C2DE57 /* AppDelegate.swift */; };
		FF6025B31D54DE8400C2DE57 /* ViewController.swift in Sources */ = {isa = PBXBuildFile; fileRef = FF6025B21D54DE8400C2DE57 /* ViewController.swift */; };
		FF6025B61D54DE8400C2DE57 /* Main.storyboard in Resources */ = {isa = PBXBuildFile; fileRef = FF6025B41D54DE8400C2DE57 /* Main.storyboard */; };
		FF6025B81D54DE8400C2DE57 /* Assets.xcassets in Resources */ = {isa = PBXBuildFile; fileRef = FF6025B71D54DE8400C2DE57 /* Assets.xcassets */; };
		FF6025BB1D54DE8400C2DE57 /* LaunchScreen.storyboard in Resources */ = {isa = PBXBuildFile; fileRef = FF6025B91D54DE8400C2DE57 /* LaunchScreen.storyboard */; };
/* End PBXBuildFile section */

/* Begin PBXFileReference section */
		FF6025AD1D54DE8400C2DE57 /* array_range1.app */ = {isa = PBXFileReference; explicitFileType = wrapper.application; includeInIndex = 0; path = array_range1.app; sourceTree = BUILT_PRODUCTS_DIR; };
		FF6025B01D54DE8400C2DE57 /* AppDelegate.swift */ = {isa = PBXFileReference; lastKnownFileType = sourcecode.swift; path = AppDelegate.swift; sourceTree = "<group>"; };
		FF6025B21D54DE8400C2DE57 /* ViewController.swift */ = {isa = PBXFileReference; lastKnownFileType = sourcecode.swift; path = ViewController.swift; sourceTree = "<group>"; };
		FF6025B51D54DE8400C2DE57 /* Base */ = {isa = PBXFileReference; lastKnownFileType = file.storyboard; name = Base; path = Base.lproj/Main.storyboard; sourceTree = "<group>"; };
		FF6025B71D54DE8400C2DE57 /* Assets.xcassets */ = {isa = PBXFileReference; lastKnownFileType = folder.assetcatalog; path = Assets.xcassets; sourceTree = "<group>"; };
		FF6025BA1D54DE8400C2DE57 /* Base */ = {isa = PBXFileReference; lastKnownFileType = file.storyboard; name = Base; path = Base.lproj/LaunchScreen.storyboard; sourceTree = "<group>"; };
		FF6025BC1D54DE8400C2DE57 /* Info.plist */ = {isa = PBXFileReference; lastKnownFileType = text.plist.xml; path = Info.plist; sourceTree = "<group>"; };
/* End PBXFileReference section */

/* Begin PBXFrameworksBuildPhase section */
		FF6025AA1D54DE8400C2DE57 /* Frameworks */ = {
			isa = PBXFrameworksBuildPhase;
			buildActionMask = 2147483647;
			files = (
			);
			runOnlyForDeploymentPostprocessing = 0;
		};
/* End PBXFrameworksBuildPhase section */

/* Begin PBXGroup section */
		FF6025A41D54DE8400C2DE57 = {
			isa = PBXGroup;
			children = (
				FF6025AF1D54DE8400C2DE57 /* array_range1 */,
				FF6025AE1D54DE8400C2DE57 /* Products */,
			);
			sourceTree = "<group>";
		};
		FF6025AE1D54DE8400C2DE57 /* Products */ = {
			isa = PBXGroup;
			children = (
				FF6025AD1D54DE8400C2DE57 /* array_range1.app */,
			);
			name = Products;
			sourceTree = "<group>";
		};
		FF6025AF1D54DE8400C2DE57 /* array_range1 */ = {
			isa = PBXGroup;
			children = (
				FF6025B01D54DE8400C2DE57 /* AppDelegate.swift */,
				FF6025B21D54DE8400C2DE57 /* ViewController.swift */,
				FF6025B41D54DE8400C2DE57 /* Main.storyboard */,
				FF6025B71D54DE8400C2DE57 /* Assets.xcassets */,
				FF6025B91D54DE8400C2DE57 /* LaunchScreen.storyboard */,
				FF6025BC1D54DE8400C2DE57 /* Info.plist */,
			);
			path = array_range1;
			sourceTree = "<group>";
		};
/* End PBXGroup section */

/* Begin PBXNativeTarget section */
		FF6025AC1D54DE8400C2DE57 /* array_range1 */ = {
			isa = PBXNativeTarget;
			buildConfigurationList = FF6025BF1D54DE8400C2DE57 /* Build configuration list for PBXNativeTarget "array_range1" */;
			buildPhases = (
				FF6025A91D54DE8400C2DE57 /* Sources */,
				FF6025AA1D54DE8400C2DE57 /* Frameworks */,
				FF6025AB1D54DE8400C2DE57 /* Resources */,
			);
			buildRules = (
			);
			dependencies = (
			);
			name = array_range1;
			productName = array_range1;
			productReference = FF6025AD1D54DE8400C2DE57 /* array_range1.app */;
			productType = "com.apple.product-type.application";
		};
/* End PBXNativeTarget section */

/* Begin PBXProject section */
		FF6025A51D54DE8400C2DE57 /* Project object */ = {
			isa = PBXProject;
			attributes = {
				LastSwiftUpdateCheck = 0800;
				LastUpgradeCheck = 0810;
				ORGANIZATIONNAME = "yoshiyuki oshige";
				TargetAttributes = {
					FF6025AC1D54DE8400C2DE57 = {
						CreatedOnToolsVersion = 8.0;
						DevelopmentTeam = EV28Y3W68P;
						ProvisioningStyle = Automatic;
					};
				};
			};
			buildConfigurationList = FF6025A81D54DE8400C2DE57 /* Build configuration list for PBXProject "array_range1" */;
			compatibilityVersion = "Xcode 3.2";
			developmentRegion = English;
			hasScannedForEncodings = 0;
			knownRegions = (
				en,
				Base,
			);
			mainGroup = FF6025A41D54DE8400C2DE57;
			productRefGroup = FF6025AE1D54DE8400C2DE57 /* Products */;
			projectDirPath = "";
			projectRoot = "";
			targets = (
				FF6025AC1D54DE8400C2DE57 /* array_range1 */,
			);
		};
/* End PBXProject section */

/* Begin PBXResourcesBuildPhase section */
		FF6025AB1D54DE8400C2DE57 /* Resources */ = {
			isa = PBXResourcesBuildPhase;
			buildActionMask = 2147483647;
			files = (
				FF6025BB1D54DE8400C2DE57 /* LaunchScreen.storyboard in Resources */,
				FF6025B81D54DE8400C2DE57 /* Assets.xcassets in Resources */,
				FF6025B61D54DE8400C2DE57 /* Main.storyboard in Resources */,
			);
			runOnlyForDeploymentPostprocessing = 0;
		};
/* End PBXResourcesBuildPhase section */

/* Begin PBXSourcesBuildPhase section */
		FF6025A91D54DE8400C2DE57 /* Sources */ = {
			isa = PBXSourcesBuildPhase;
			buildActionMask = 2147483647;
			files = (
				FF6025B31D54DE8400C2DE57 /* ViewController.swift in Sources */,
				FF6025B11D54DE8400C2DE57 /* AppDelegate.swift in Sources */,
			);
			runOnlyForDeploymentPostprocessing = 0;
		};
/* End PBXSourcesBuildPhase section */

/* Begin PBXVariantGroup section */
		FF6025B41D54DE8400C2DE57 /* Main.storyboard */ = {
			isa = PBXVariantGroup;
			children = (
				FF6025B51D54DE8400C2DE57 /* Base */,
			);
			name = Main.storyboard;
			sourceTree = "<group>";
		};
		FF6025B91D54DE8400C2DE57 /* LaunchScreen.storyboard */ = {
			isa = PBXVariantGroup;
			children = (
				FF6025BA1D54DE8400C2DE57 /* Base */,
			);
			name = LaunchScreen.storyboard;
			sourceTree = "<group>";
		};
/* End PBXVariantGroup section */

/* Begin XCBuildConfiguration section */
		FF6025BD1D54DE8400C2DE57 /* Debug */ = {
			isa = XCBuildConfiguration;
			buildSettings = {
				ALWAYS_SEARCH_USER_PATHS = NO;
				CLANG_ANALYZER_NONNULL = YES;
				CLANG_CXX_LANGUAGE_STANDARD = "gnu++0x";
				CLANG_CXX_LIBRARY = "libc++";
				CLANG_ENABLE_MODULES = YES;
				CLANG_ENABLE_OBJC_ARC = YES;
				CLANG_WARN_BOOL_CONVERSION = YES;
				CLANG_WARN_CONSTANT_CONVERSION = YES;
				CLANG_WARN_DIRECT_OBJC_ISA_USAGE = YES_ERROR;
				CLANG_WARN_DOCUMENTATION_COMMENTS = YES;
				CLANG_WARN_EMPTY_BODY = YES;
				CLANG_WARN_ENUM_CONVERSION = YES;
				CLANG_WARN_INFINITE_RECURSION = YES;
				CLANG_WARN_INT_CONVERSION = YES;
				CLANG_WARN_OBJC_ROOT_CLASS = YES_ERROR;
				CLANG_WARN_SUSPICIOUS_MOVE = YES;
				CLANG_WARN_SUSPICIOUS_MOVES = YES;
				CLANG_WARN_UNREACHABLE_CODE = YES;
				CLANG_WARN__DUPLICATE_METHOD_MATCH = YES;
				"CODE_SIGN_IDENTITY[sdk=iphoneos*]" = "iPhone Developer";
				COPY_PHASE_STRIP = NO;
				DEBUG_INFORMATION_FORMAT = dwarf;
				ENABLE_STRICT_OBJC_MSGSEND = YES;
				ENABLE_TESTABILITY = YES;
				GCC_C_LANGUAGE_STANDARD = gnu99;
				GCC_DYNAMIC_NO_PIC = NO;
				GCC_NO_COMMON_BLOCKS = YES;
				GCC_OPTIMIZATION_LEVEL = 0;
				GCC_PREPROCESSOR_DEFINITIONS = (
					"DEBUG=1",
					"$(inherited)",
				);
				GCC_WARN_64_TO_32_BIT_CONVERSION = YES;
				GCC_WARN_ABOUT_RETURN_TYPE = YES_ERROR;
				GCC_WARN_UNDECLARED_SELECTOR = YES;
				GCC_WARN_UNINITIALIZED_AUTOS = YES_AGGRESSIVE;
				GCC_WARN_UNUSED_FUNCTION = YES;
				GCC_WARN_UNUSED_VARIABLE = YES;
				IPHONEOS_DEPLOYMENT_TARGET = 10.0;
				MTL_ENABLE_DEBUG_INFO = YES;
				ONLY_ACTIVE_ARCH = YES;
				SDKROOT = iphoneos;
				SWIFT_ACTIVE_COMPILATION_CONDITIONS = DEBUG;
				SWIFT_OPTIMIZATION_LEVEL = "-Onone";
				TARGETED_DEVICE_FAMILY = "1,2";
			};
			name = Debug;
		};
		FF6025BE1D54DE8400C2DE57 /* Release */ = {
			isa = XCBuildConfiguration;
			buildSettings = {
				ALWAYS_SEARCH_USER_PATHS = NO;
				CLANG_ANALYZER_NONNULL = YES;
				CLANG_CXX_LANGUAGE_STANDARD = "gnu++0x";
				CLANG_CXX_LIBRARY = "libc++";
				CLANG_ENABLE_MODULES = YES;
				CLANG_ENABLE_OBJC_ARC = YES;
				CLANG_WARN_BOOL_CONVERSION = YES;
				CLANG_WARN_CONSTANT_CONVERSION = YES;
				CLANG_WARN_DIRECT_OBJC_ISA_USAGE = YES_ERROR;
				CLANG_WARN_DOCUMENTATION_COMMENTS = YES;
				CLANG_WARN_EMPTY_BODY = YES;
				CLANG_WARN_ENUM_CONVERSION = YES;
				CLANG_WARN_INFINITE_RECURSION = YES;
				CLANG_WARN_INT_CONVERSION = YES;
				CLANG_WARN_OBJC_ROOT_CLASS = YES_ERROR;
				CLANG_WARN_SUSPICIOUS_MOVE = YES;
				CLANG_WARN_SUSPICIOUS_MOVES = YES;
				CLANG_WARN_UNREACHABLE_CODE = YES;
				CLANG_WARN__DUPLICATE_METHOD_MATCH = YES;
				"CODE_SIGN_IDENTITY[sdk=iphoneos*]" = "iPhone Developer";
				COPY_PHASE_STRIP = NO;
				DEBUG_INFORMATION_FORMAT = "dwarf-with-dsym";
				ENABLE_NS_ASSERTIONS = NO;
				ENABLE_STRICT_OBJC_MSGSEND = YES;
				GCC_C_LANGUAGE_STANDARD = gnu99;
				GCC_NO_COMMON_BLOCKS = YES;
				GCC_WARN_64_TO_32_BIT_CONVERSION = YES;
				GCC_WARN_ABOUT_RETURN_TYPE = YES_ERROR;
				GCC_WARN_UNDECLARED_SELECTOR = YES;
				GCC_WARN_UNINITIALIZED_AUTOS = YES_AGGRESSIVE;
				GCC_WARN_UNUSED_FUNCTION = YES;
				GCC_WARN_UNUSED_VARIABLE = YES;
				IPHONEOS_DEPLOYMENT_TARGET = 10.0;
				MTL_ENABLE_DEBUG_INFO = NO;
				SDKROOT = iphoneos;
				SWIFT_OPTIMIZATION_LEVEL = "-Owholemodule";
				TARGETED_DEVICE_FAMILY = "1,2";
				VALIDATE_PRODUCT = YES;
			};
			name = Release;
		};
		FF6025C01D54DE8400C2DE57 /* Debug */ = {
			isa = XCBuildConfiguration;
			buildSettings = {
				ASSETCATALOG_COMPILER_APPICON_NAME = AppIcon;
				DEVELOPMENT_TEAM = EV28Y3W68P;
				INFOPLIST_FILE = array_range1/Info.plist;
				LD_RUNPATH_SEARCH_PATHS = "$(inherited) @executable_path/Frameworks";
				PRODUCT_BUNDLE_IDENTIFIER = "com.oshige.array-range1";
				PRODUCT_NAME = "$(TARGET_NAME)";
				SWIFT_VERSION = 3.0;
			};
			name = Debug;
		};
		FF6025C11D54DE8400C2DE57 /* Release */ = {
			isa = XCBuildConfiguration;
			buildSettings = {
				ASSETCATALOG_COMPILER_APPICON_NAME = AppIcon;
				DEVELOPMENT_TEAM = EV28Y3W68P;
				INFOPLIST_FILE = array_range1/Info.plist;
				LD_RUNPATH_SEARCH_PATHS = "$(inherited) @executable_path/Frameworks";
				PRODUCT_BUNDLE_IDENTIFIER = "com.oshige.array-range1";
				PRODUCT_NAME = "$(TARGET_NAME)";
				SWIFT_VERSION = 3.0;
			};
			name = Release;
		};
/* End XCBuildConfiguration section */

/* Begin XCConfigurationList section */
		FF6025A81D54DE8400C2DE57 /* Build configuration list for PBXProject "array_range1" */ = {
			isa = XCConfigurationList;
			buildConfigurations = (
				FF6025BD1D54DE8400C2DE57 /* Debug */,
				FF6025BE1D54DE8400C2DE57 /* Release */,
			);
			defaultConfigurationIsVisible = 0;
			defaultConfigurationName = Release;
		};
		FF6025BF1D54DE8400C2DE57 /* Build configuration list for PBXNativeTarget "array_range1" */ = {
			isa = XCConfigurationList;
			buildConfigurations = (
				FF6025C01D54DE8400C2DE57 /* Debug */,
				FF6025C11D54DE8400C2DE57 /* Release */,
			);
			defaultConfigurationIsVisible = 0;
			defaultConfigurationName = Release;
		};
/* End XCConfigurationList section */
	};
	rootObject = FF6025A51D54DE8400C2DE57 /* Project object */;
}
