// !$*UTF8*$!
{
	archiveVersion = 1;
	classes = {
	};
	objectVersion = 46;
	objects = {

/* Begin PBXBuildFile section */
		FFFD247F1D77D4F200D6D613 /* AppDelegate.swift in Sources */ = {isa = PBXBuildFile; fileRef = FFFD247E1D77D4F200D6D613 /* AppDelegate.swift */; };
		FFFD24811D77D4F200D6D613 /* ViewController.swift in Sources */ = {isa = PBXBuildFile; fileRef = FFFD24801D77D4F200D6D613 /* ViewController.swift */; };
		FFFD24841D77D4F200D6D613 /* Main.storyboard in Resources */ = {isa = PBXBuildFile; fileRef = FFFD24821D77D4F200D6D613 /* Main.storyboard */; };
		FFFD24861D77D4F200D6D613 /* Assets.xcassets in Resources */ = {isa = PBXBuildFile; fileRef = FFFD24851D77D4F200D6D613 /* Assets.xcassets */; };
		FFFD24891D77D4F200D6D613 /* LaunchScreen.storyboard in Resources */ = {isa = PBXBuildFile; fileRef = FFFD24871D77D4F200D6D613 /* LaunchScreen.storyboard */; };
/* End PBXBuildFile section */

/* Begin PBXFileReference section */
		FFFD247B1D77D4F200D6D613 /* uiTextField_delegate.app */ = {isa = PBXFileReference; explicitFileType = wrapper.application; includeInIndex = 0; path = uiTextField_delegate.app; sourceTree = BUILT_PRODUCTS_DIR; };
		FFFD247E1D77D4F200D6D613 /* AppDelegate.swift */ = {isa = PBXFileReference; lastKnownFileType = sourcecode.swift; path = AppDelegate.swift; sourceTree = "<group>"; };
		FFFD24801D77D4F200D6D613 /* ViewController.swift */ = {isa = PBXFileReference; lastKnownFileType = sourcecode.swift; path = ViewController.swift; sourceTree = "<group>"; };
		FFFD24831D77D4F200D6D613 /* Base */ = {isa = PBXFileReference; lastKnownFileType = file.storyboard; name = Base; path = Base.lproj/Main.storyboard; sourceTree = "<group>"; };
		FFFD24851D77D4F200D6D613 /* Assets.xcassets */ = {isa = PBXFileReference; lastKnownFileType = folder.assetcatalog; path = Assets.xcassets; sourceTree = "<group>"; };
		FFFD24881D77D4F200D6D613 /* Base */ = {isa = PBXFileReference; lastKnownFileType = file.storyboard; name = Base; path = Base.lproj/LaunchScreen.storyboard; sourceTree = "<group>"; };
		FFFD248A1D77D4F200D6D613 /* Info.plist */ = {isa = PBXFileReference; lastKnownFileType = text.plist.xml; path = Info.plist; sourceTree = "<group>"; };
/* End PBXFileReference section */

/* Begin PBXFrameworksBuildPhase section */
		FFFD24781D77D4F100D6D613 /* Frameworks */ = {
			isa = PBXFrameworksBuildPhase;
			buildActionMask = 2147483647;
			files = (
			);
			runOnlyForDeploymentPostprocessing = 0;
		};
/* End PBXFrameworksBuildPhase section */

/* Begin PBXGroup section */
		FFFD24721D77D4F100D6D613 = {
			isa = PBXGroup;
			children = (
				FFFD247D1D77D4F200D6D613 /* uiTextField_delegate */,
				FFFD247C1D77D4F200D6D613 /* Products */,
			);
			sourceTree = "<group>";
		};
		FFFD247C1D77D4F200D6D613 /* Products */ = {
			isa = PBXGroup;
			children = (
				FFFD247B1D77D4F200D6D613 /* uiTextField_delegate.app */,
			);
			name = Products;
			sourceTree = "<group>";
		};
		FFFD247D1D77D4F200D6D613 /* uiTextField_delegate */ = {
			isa = PBXGroup;
			children = (
				FFFD247E1D77D4F200D6D613 /* AppDelegate.swift */,
				FFFD24801D77D4F200D6D613 /* ViewController.swift */,
				FFFD24821D77D4F200D6D613 /* Main.storyboard */,
				FFFD24851D77D4F200D6D613 /* Assets.xcassets */,
				FFFD24871D77D4F200D6D613 /* LaunchScreen.storyboard */,
				FFFD248A1D77D4F200D6D613 /* Info.plist */,
			);
			path = uiTextField_delegate;
			sourceTree = "<group>";
		};
/* End PBXGroup section */

/* Begin PBXNativeTarget section */
		FFFD247A1D77D4F100D6D613 /* uiTextField_delegate */ = {
			isa = PBXNativeTarget;
			buildConfigurationList = FFFD248D1D77D4F200D6D613 /* Build configuration list for PBXNativeTarget "uiTextField_delegate" */;
			buildPhases = (
				FFFD24771D77D4F100D6D613 /* Sources */,
				FFFD24781D77D4F100D6D613 /* Frameworks */,
				FFFD24791D77D4F100D6D613 /* Resources */,
			);
			buildRules = (
			);
			dependencies = (
			);
			name = uiTextField_delegate;
			productName = uiTextField_delegate;
			productReference = FFFD247B1D77D4F200D6D613 /* uiTextField_delegate.app */;
			productType = "com.apple.product-type.application";
		};
/* End PBXNativeTarget section */

/* Begin PBXProject section */
		FFFD24731D77D4F100D6D613 /* Project object */ = {
			isa = PBXProject;
			attributes = {
				LastSwiftUpdateCheck = 0800;
				LastUpgradeCheck = 0810;
				ORGANIZATIONNAME = "yoshiyuki oshige";
				TargetAttributes = {
					FFFD247A1D77D4F100D6D613 = {
						CreatedOnToolsVersion = 8.0;
						DevelopmentTeam = EV28Y3W68P;
						ProvisioningStyle = Automatic;
					};
				};
			};
			buildConfigurationList = FFFD24761D77D4F100D6D613 /* Build configuration list for PBXProject "uiTextField_delegate" */;
			compatibilityVersion = "Xcode 3.2";
			developmentRegion = English;
			hasScannedForEncodings = 0;
			knownRegions = (
				en,
				Base,
			);
			mainGroup = FFFD24721D77D4F100D6D613;
			productRefGroup = FFFD247C1D77D4F200D6D613 /* Products */;
			projectDirPath = "";
			projectRoot = "";
			targets = (
				FFFD247A1D77D4F100D6D613 /* uiTextField_delegate */,
			);
		};
/* End PBXProject section */

/* Begin PBXResourcesBuildPhase section */
		FFFD24791D77D4F100D6D613 /* Resources */ = {
			isa = PBXResourcesBuildPhase;
			buildActionMask = 2147483647;
			files = (
				FFFD24891D77D4F200D6D613 /* LaunchScreen.storyboard in Resources */,
				FFFD24861D77D4F200D6D613 /* Assets.xcassets in Resources */,
				FFFD24841D77D4F200D6D613 /* Main.storyboard in Resources */,
			);
			runOnlyForDeploymentPostprocessing = 0;
		};
/* End PBXResourcesBuildPhase section */

/* Begin PBXSourcesBuildPhase section */
		FFFD24771D77D4F100D6D613 /* Sources */ = {
			isa = PBXSourcesBuildPhase;
			buildActionMask = 2147483647;
			files = (
				FFFD24811D77D4F200D6D613 /* ViewController.swift in Sources */,
				FFFD247F1D77D4F200D6D613 /* AppDelegate.swift in Sources */,
			);
			runOnlyForDeploymentPostprocessing = 0;
		};
/* End PBXSourcesBuildPhase section */

/* Begin PBXVariantGroup section */
		FFFD24821D77D4F200D6D613 /* Main.storyboard */ = {
			isa = PBXVariantGroup;
			children = (
				FFFD24831D77D4F200D6D613 /* Base */,
			);
			name = Main.storyboard;
			sourceTree = "<group>";
		};
		FFFD24871D77D4F200D6D613 /* LaunchScreen.storyboard */ = {
			isa = PBXVariantGroup;
			children = (
				FFFD24881D77D4F200D6D613 /* Base */,
			);
			name = LaunchScreen.storyboard;
			sourceTree = "<group>";
		};
/* End PBXVariantGroup section */

/* Begin XCBuildConfiguration section */
		FFFD248B1D77D4F200D6D613 /* Debug */ = {
			isa = XCBuildConfiguration;
			buildSettings = {
				ALWAYS_SEARCH_USER_PATHS = NO;
				CLANG_ANALYZER_NONNULL = YES;
				CLANG_CXX_LANGUAGE_STANDARD = "gnu++0x";
				CLANG_CXX_LIBRARY = "libc++";
				CLANG_ENABLE_MODULES = YES;
				CLANG_ENABLE_OBJC_ARC = YES;
				CLANG_WARN_BOOL_CONVERSION = YES;
				CLANG_WARN_CONSTANT_CONVERSION = YES;
				CLANG_WARN_DIRECT_OBJC_ISA_USAGE = YES_ERROR;
				CLANG_WARN_DOCUMENTATION_COMMENTS = YES;
				CLANG_WARN_EMPTY_BODY = YES;
				CLANG_WARN_ENUM_CONVERSION = YES;
				CLANG_WARN_INFINITE_RECURSION = YES;
				CLANG_WARN_INT_CONVERSION = YES;
				CLANG_WARN_OBJC_ROOT_CLASS = YES_ERROR;
				CLANG_WARN_SUSPICIOUS_MOVE = YES;
				CLANG_WARN_SUSPICIOUS_MOVES = YES;
				CLANG_WARN_UNREACHABLE_CODE = YES;
				CLANG_WARN__DUPLICATE_METHOD_MATCH = YES;
				"CODE_SIGN_IDENTITY[sdk=iphoneos*]" = "iPhone Developer";
				COPY_PHASE_STRIP = NO;
				DEBUG_INFORMATION_FORMAT = dwarf;
				ENABLE_STRICT_OBJC_MSGSEND = YES;
				ENABLE_TESTABILITY = YES;
				GCC_C_LANGUAGE_STANDARD = gnu99;
				GCC_DYNAMIC_NO_PIC = NO;
				GCC_NO_COMMON_BLOCKS = YES;
				GCC_OPTIMIZATION_LEVEL = 0;
				GCC_PREPROCESSOR_DEFINITIONS = (
					"DEBUG=1",
					"$(inherited)",
				);
				GCC_WARN_64_TO_32_BIT_CONVERSION = YES;
				GCC_WARN_ABOUT_RETURN_TYPE = YES_ERROR;
				GCC_WARN_UNDECLARED_SELECTOR = YES;
				GCC_WARN_UNINITIALIZED_AUTOS = YES_AGGRESSIVE;
				GCC_WARN_UNUSED_FUNCTION = YES;
				GCC_WARN_UNUSED_VARIABLE = YES;
				IPHONEOS_DEPLOYMENT_TARGET = 10.0;
				MTL_ENABLE_DEBUG_INFO = YES;
				ONLY_ACTIVE_ARCH = YES;
				SDKROOT = iphoneos;
				SWIFT_ACTIVE_COMPILATION_CONDITIONS = DEBUG;
				SWIFT_OPTIMIZATION_LEVEL = "-Onone";
				TARGETED_DEVICE_FAMILY = "1,2";
			};
			name = Debug;
		};
		FFFD248C1D77D4F200D6D613 /* Release */ = {
			isa = XCBuildConfiguration;
			buildSettings = {
				ALWAYS_SEARCH_USER_PATHS = NO;
				CLANG_ANALYZER_NONNULL = YES;
				CLANG_CXX_LANGUAGE_STANDARD = "gnu++0x";
				CLANG_CXX_LIBRARY = "libc++";
				CLANG_ENABLE_MODULES = YES;
				CLANG_ENABLE_OBJC_ARC = YES;
				CLANG_WARN_BOOL_CONVERSION = YES;
				CLANG_WARN_CONSTANT_CONVERSION = YES;
				CLANG_WARN_DIRECT_OBJC_ISA_USAGE = YES_ERROR;
				CLANG_WARN_DOCUMENTATION_COMMENTS = YES;
				CLANG_WARN_EMPTY_BODY = YES;
				CLANG_WARN_ENUM_CONVERSION = YES;
				CLANG_WARN_INFINITE_RECURSION = YES;
				CLANG_WARN_INT_CONVERSION = YES;
				CLANG_WARN_OBJC_ROOT_CLASS = YES_ERROR;
				CLANG_WARN_SUSPICIOUS_MOVE = YES;
				CLANG_WARN_SUSPICIOUS_MOVES = YES;
				CLANG_WARN_UNREACHABLE_CODE = YES;
				CLANG_WARN__DUPLICATE_METHOD_MATCH = YES;
				"CODE_SIGN_IDENTITY[sdk=iphoneos*]" = "iPhone Developer";
				COPY_PHASE_STRIP = NO;
				DEBUG_INFORMATION_FORMAT = "dwarf-with-dsym";
				ENABLE_NS_ASSERTIONS = NO;
				ENABLE_STRICT_OBJC_MSGSEND = YES;
				GCC_C_LANGUAGE_STANDARD = gnu99;
				GCC_NO_COMMON_BLOCKS = YES;
				GCC_WARN_64_TO_32_BIT_CONVERSION = YES;
				GCC_WARN_ABOUT_RETURN_TYPE = YES_ERROR;
				GCC_WARN_UNDECLARED_SELECTOR = YES;
				GCC_WARN_UNINITIALIZED_AUTOS = YES_AGGRESSIVE;
				GCC_WARN_UNUSED_FUNCTION = YES;
				GCC_WARN_UNUSED_VARIABLE = YES;
				IPHONEOS_DEPLOYMENT_TARGET = 10.0;
				MTL_ENABLE_DEBUG_INFO = NO;
				SDKROOT = iphoneos;
				SWIFT_OPTIMIZATION_LEVEL = "-Owholemodule";
				TARGETED_DEVICE_FAMILY = "1,2";
				VALIDATE_PRODUCT = YES;
			};
			name = Release;
		};
		FFFD248E1D77D4F200D6D613 /* Debug */ = {
			isa = XCBuildConfiguration;
			buildSettings = {
				ASSETCATALOG_COMPILER_APPICON_NAME = AppIcon;
				DEVELOPMENT_TEAM = EV28Y3W68P;
				INFOPLIST_FILE = uiTextField_delegate/Info.plist;
				LD_RUNPATH_SEARCH_PATHS = "$(inherited) @executable_path/Frameworks";
				PRODUCT_BUNDLE_IDENTIFIER = "com.oshige.uiTextField-delegate";
				PRODUCT_NAME = "$(TARGET_NAME)";
				SWIFT_VERSION = 3.0;
			};
			name = Debug;
		};
		FFFD248F1D77D4F200D6D613 /* Release */ = {
			isa = XCBuildConfiguration;
			buildSettings = {
				ASSETCATALOG_COMPILER_APPICON_NAME = AppIcon;
				DEVELOPMENT_TEAM = EV28Y3W68P;
				INFOPLIST_FILE = uiTextField_delegate/Info.plist;
				LD_RUNPATH_SEARCH_PATHS = "$(inherited) @executable_path/Frameworks";
				PRODUCT_BUNDLE_IDENTIFIER = "com.oshige.uiTextField-delegate";
				PRODUCT_NAME = "$(TARGET_NAME)";
				SWIFT_VERSION = 3.0;
			};
			name = Release;
		};
/* End XCBuildConfiguration section */

/* Begin XCConfigurationList section */
		FFFD24761D77D4F100D6D613 /* Build configuration list for PBXProject "uiTextField_delegate" */ = {
			isa = XCConfigurationList;
			buildConfigurations = (
				FFFD248B1D77D4F200D6D613 /* Debug */,
				FFFD248C1D77D4F200D6D613 /* Release */,
			);
			defaultConfigurationIsVisible = 0;
			defaultConfigurationName = Release;
		};
		FFFD248D1D77D4F200D6D613 /* Build configuration list for PBXNativeTarget "uiTextField_delegate" */ = {
			isa = XCConfigurationList;
			buildConfigurations = (
				FFFD248E1D77D4F200D6D613 /* Debug */,
				FFFD248F1D77D4F200D6D613 /* Release */,
			);
			defaultConfigurationIsVisible = 0;
			defaultConfigurationName = Release;
		};
/* End XCConfigurationList section */
	};
	rootObject = FFFD24731D77D4F100D6D613 /* Project object */;
}
