// !$*UTF8*$!
{
	archiveVersion = 1;
	classes = {
	};
	objectVersion = 46;
	objects = {

/* Begin PBXBuildFile section */
		FF877CC21D58782500CA4048 /* AppDelegate.swift in Sources */ = {isa = PBXBuildFile; fileRef = FF877CC11D58782500CA4048 /* AppDelegate.swift */; };
		FF877CC41D58782500CA4048 /* ViewController.swift in Sources */ = {isa = PBXBuildFile; fileRef = FF877CC31D58782500CA4048 /* ViewController.swift */; };
		FF877CC71D58782500CA4048 /* Main.storyboard in Resources */ = {isa = PBXBuildFile; fileRef = FF877CC51D58782500CA4048 /* Main.storyboard */; };
		FF877CC91D58782500CA4048 /* Assets.xcassets in Resources */ = {isa = PBXBuildFile; fileRef = FF877CC81D58782500CA4048 /* Assets.xcassets */; };
		FF877CCC1D58782500CA4048 /* LaunchScreen.storyboard in Resources */ = {isa = PBXBuildFile; fileRef = FF877CCA1D58782500CA4048 /* LaunchScreen.storyboard */; };
/* End PBXBuildFile section */

/* Begin PBXFileReference section */
		FF877CBE1D58782500CA4048 /* dictionary_count.app */ = {isa = PBXFileReference; explicitFileType = wrapper.application; includeInIndex = 0; path = dictionary_count.app; sourceTree = BUILT_PRODUCTS_DIR; };
		FF877CC11D58782500CA4048 /* AppDelegate.swift */ = {isa = PBXFileReference; lastKnownFileType = sourcecode.swift; path = AppDelegate.swift; sourceTree = "<group>"; };
		FF877CC31D58782500CA4048 /* ViewController.swift */ = {isa = PBXFileReference; lastKnownFileType = sourcecode.swift; path = ViewController.swift; sourceTree = "<group>"; };
		FF877CC61D58782500CA4048 /* Base */ = {isa = PBXFileReference; lastKnownFileType = file.storyboard; name = Base; path = Base.lproj/Main.storyboard; sourceTree = "<group>"; };
		FF877CC81D58782500CA4048 /* Assets.xcassets */ = {isa = PBXFileReference; lastKnownFileType = folder.assetcatalog; path = Assets.xcassets; sourceTree = "<group>"; };
		FF877CCB1D58782500CA4048 /* Base */ = {isa = PBXFileReference; lastKnownFileType = file.storyboard; name = Base; path = Base.lproj/LaunchScreen.storyboard; sourceTree = "<group>"; };
		FF877CCD1D58782500CA4048 /* Info.plist */ = {isa = PBXFileReference; lastKnownFileType = text.plist.xml; path = Info.plist; sourceTree = "<group>"; };
/* End PBXFileReference section */

/* Begin PBXFrameworksBuildPhase section */
		FF877CBB1D58782500CA4048 /* Frameworks */ = {
			isa = PBXFrameworksBuildPhase;
			buildActionMask = 2147483647;
			files = (
			);
			runOnlyForDeploymentPostprocessing = 0;
		};
/* End PBXFrameworksBuildPhase section */

/* Begin PBXGroup section */
		FF877CB51D58782500CA4048 = {
			isa = PBXGroup;
			children = (
				FF877CC01D58782500CA4048 /* dictionary_count */,
				FF877CBF1D58782500CA4048 /* Products */,
			);
			sourceTree = "<group>";
		};
		FF877CBF1D58782500CA4048 /* Products */ = {
			isa = PBXGroup;
			children = (
				FF877CBE1D58782500CA4048 /* dictionary_count.app */,
			);
			name = Products;
			sourceTree = "<group>";
		};
		FF877CC01D58782500CA4048 /* dictionary_count */ = {
			isa = PBXGroup;
			children = (
				FF877CC11D58782500CA4048 /* AppDelegate.swift */,
				FF877CC31D58782500CA4048 /* ViewController.swift */,
				FF877CC51D58782500CA4048 /* Main.storyboard */,
				FF877CC81D58782500CA4048 /* Assets.xcassets */,
				FF877CCA1D58782500CA4048 /* LaunchScreen.storyboard */,
				FF877CCD1D58782500CA4048 /* Info.plist */,
			);
			path = dictionary_count;
			sourceTree = "<group>";
		};
/* End PBXGroup section */

/* Begin PBXNativeTarget section */
		FF877CBD1D58782500CA4048 /* dictionary_count */ = {
			isa = PBXNativeTarget;
			buildConfigurationList = FF877CD01D58782500CA4048 /* Build configuration list for PBXNativeTarget "dictionary_count" */;
			buildPhases = (
				FF877CBA1D58782500CA4048 /* Sources */,
				FF877CBB1D58782500CA4048 /* Frameworks */,
				FF877CBC1D58782500CA4048 /* Resources */,
			);
			buildRules = (
			);
			dependencies = (
			);
			name = dictionary_count;
			productName = dictionary_count;
			productReference = FF877CBE1D58782500CA4048 /* dictionary_count.app */;
			productType = "com.apple.product-type.application";
		};
/* End PBXNativeTarget section */

/* Begin PBXProject section */
		FF877CB61D58782500CA4048 /* Project object */ = {
			isa = PBXProject;
			attributes = {
				LastSwiftUpdateCheck = 0800;
				LastUpgradeCheck = 0810;
				ORGANIZATIONNAME = "yoshiyuki oshige";
				TargetAttributes = {
					FF877CBD1D58782500CA4048 = {
						CreatedOnToolsVersion = 8.0;
						DevelopmentTeam = EV28Y3W68P;
						ProvisioningStyle = Automatic;
					};
				};
			};
			buildConfigurationList = FF877CB91D58782500CA4048 /* Build configuration list for PBXProject "dictionary_count" */;
			compatibilityVersion = "Xcode 3.2";
			developmentRegion = English;
			hasScannedForEncodings = 0;
			knownRegions = (
				en,
				Base,
			);
			mainGroup = FF877CB51D58782500CA4048;
			productRefGroup = FF877CBF1D58782500CA4048 /* Products */;
			projectDirPath = "";
			projectRoot = "";
			targets = (
				FF877CBD1D58782500CA4048 /* dictionary_count */,
			);
		};
/* End PBXProject section */

/* Begin PBXResourcesBuildPhase section */
		FF877CBC1D58782500CA4048 /* Resources */ = {
			isa = PBXResourcesBuildPhase;
			buildActionMask = 2147483647;
			files = (
				FF877CCC1D58782500CA4048 /* LaunchScreen.storyboard in Resources */,
				FF877CC91D58782500CA4048 /* Assets.xcassets in Resources */,
				FF877CC71D58782500CA4048 /* Main.storyboard in Resources */,
			);
			runOnlyForDeploymentPostprocessing = 0;
		};
/* End PBXResourcesBuildPhase section */

/* Begin PBXSourcesBuildPhase section */
		FF877CBA1D58782500CA4048 /* Sources */ = {
			isa = PBXSourcesBuildPhase;
			buildActionMask = 2147483647;
			files = (
				FF877CC41D58782500CA4048 /* ViewController.swift in Sources */,
				FF877CC21D58782500CA4048 /* AppDelegate.swift in Sources */,
			);
			runOnlyForDeploymentPostprocessing = 0;
		};
/* End PBXSourcesBuildPhase section */

/* Begin PBXVariantGroup section */
		FF877CC51D58782500CA4048 /* Main.storyboard */ = {
			isa = PBXVariantGroup;
			children = (
				FF877CC61D58782500CA4048 /* Base */,
			);
			name = Main.storyboard;
			sourceTree = "<group>";
		};
		FF877CCA1D58782500CA4048 /* LaunchScreen.storyboard */ = {
			isa = PBXVariantGroup;
			children = (
				FF877CCB1D58782500CA4048 /* Base */,
			);
			name = LaunchScreen.storyboard;
			sourceTree = "<group>";
		};
/* End PBXVariantGroup section */

/* Begin XCBuildConfiguration section */
		FF877CCE1D58782500CA4048 /* Debug */ = {
			isa = XCBuildConfiguration;
			buildSettings = {
				ALWAYS_SEARCH_USER_PATHS = NO;
				CLANG_ANALYZER_NONNULL = YES;
				CLANG_CXX_LANGUAGE_STANDARD = "gnu++0x";
				CLANG_CXX_LIBRARY = "libc++";
				CLANG_ENABLE_MODULES = YES;
				CLANG_ENABLE_OBJC_ARC = YES;
				CLANG_WARN_BOOL_CONVERSION = YES;
				CLANG_WARN_CONSTANT_CONVERSION = YES;
				CLANG_WARN_DIRECT_OBJC_ISA_USAGE = YES_ERROR;
				CLANG_WARN_DOCUMENTATION_COMMENTS = YES;
				CLANG_WARN_EMPTY_BODY = YES;
				CLANG_WARN_ENUM_CONVERSION = YES;
				CLANG_WARN_INFINITE_RECURSION = YES;
				CLANG_WARN_INT_CONVERSION = YES;
				CLANG_WARN_OBJC_ROOT_CLASS = YES_ERROR;
				CLANG_WARN_SUSPICIOUS_MOVE = YES;
				CLANG_WARN_SUSPICIOUS_MOVES = YES;
				CLANG_WARN_UNREACHABLE_CODE = YES;
				CLANG_WARN__DUPLICATE_METHOD_MATCH = YES;
				"CODE_SIGN_IDENTITY[sdk=iphoneos*]" = "iPhone Developer";
				COPY_PHASE_STRIP = NO;
				DEBUG_INFORMATION_FORMAT = dwarf;
				ENABLE_STRICT_OBJC_MSGSEND = YES;
				ENABLE_TESTABILITY = YES;
				GCC_C_LANGUAGE_STANDARD = gnu99;
				GCC_DYNAMIC_NO_PIC = NO;
				GCC_NO_COMMON_BLOCKS = YES;
				GCC_OPTIMIZATION_LEVEL = 0;
				GCC_PREPROCESSOR_DEFINITIONS = (
					"DEBUG=1",
					"$(inherited)",
				);
				GCC_WARN_64_TO_32_BIT_CONVERSION = YES;
				GCC_WARN_ABOUT_RETURN_TYPE = YES_ERROR;
				GCC_WARN_UNDECLARED_SELECTOR = YES;
				GCC_WARN_UNINITIALIZED_AUTOS = YES_AGGRESSIVE;
				GCC_WARN_UNUSED_FUNCTION = YES;
				GCC_WARN_UNUSED_VARIABLE = YES;
				IPHONEOS_DEPLOYMENT_TARGET = 10.0;
				MTL_ENABLE_DEBUG_INFO = YES;
				ONLY_ACTIVE_ARCH = YES;
				SDKROOT = iphoneos;
				SWIFT_ACTIVE_COMPILATION_CONDITIONS = DEBUG;
				SWIFT_OPTIMIZATION_LEVEL = "-Onone";
				TARGETED_DEVICE_FAMILY = "1,2";
			};
			name = Debug;
		};
		FF877CCF1D58782500CA4048 /* Release */ = {
			isa = XCBuildConfiguration;
			buildSettings = {
				ALWAYS_SEARCH_USER_PATHS = NO;
				CLANG_ANALYZER_NONNULL = YES;
				CLANG_CXX_LANGUAGE_STANDARD = "gnu++0x";
				CLANG_CXX_LIBRARY = "libc++";
				CLANG_ENABLE_MODULES = YES;
				CLANG_ENABLE_OBJC_ARC = YES;
				CLANG_WARN_BOOL_CONVERSION = YES;
				CLANG_WARN_CONSTANT_CONVERSION = YES;
				CLANG_WARN_DIRECT_OBJC_ISA_USAGE = YES_ERROR;
				CLANG_WARN_DOCUMENTATION_COMMENTS = YES;
				CLANG_WARN_EMPTY_BODY = YES;
				CLANG_WARN_ENUM_CONVERSION = YES;
				CLANG_WARN_INFINITE_RECURSION = YES;
				CLANG_WARN_INT_CONVERSION = YES;
				CLANG_WARN_OBJC_ROOT_CLASS = YES_ERROR;
				CLANG_WARN_SUSPICIOUS_MOVE = YES;
				CLANG_WARN_SUSPICIOUS_MOVES = YES;
				CLANG_WARN_UNREACHABLE_CODE = YES;
				CLANG_WARN__DUPLICATE_METHOD_MATCH = YES;
				"CODE_SIGN_IDENTITY[sdk=iphoneos*]" = "iPhone Developer";
				COPY_PHASE_STRIP = NO;
				DEBUG_INFORMATION_FORMAT = "dwarf-with-dsym";
				ENABLE_NS_ASSERTIONS = NO;
				ENABLE_STRICT_OBJC_MSGSEND = YES;
				GCC_C_LANGUAGE_STANDARD = gnu99;
				GCC_NO_COMMON_BLOCKS = YES;
				GCC_WARN_64_TO_32_BIT_CONVERSION = YES;
				GCC_WARN_ABOUT_RETURN_TYPE = YES_ERROR;
				GCC_WARN_UNDECLARED_SELECTOR = YES;
				GCC_WARN_UNINITIALIZED_AUTOS = YES_AGGRESSIVE;
				GCC_WARN_UNUSED_FUNCTION = YES;
				GCC_WARN_UNUSED_VARIABLE = YES;
				IPHONEOS_DEPLOYMENT_TARGET = 10.0;
				MTL_ENABLE_DEBUG_INFO = NO;
				SDKROOT = iphoneos;
				SWIFT_OPTIMIZATION_LEVEL = "-Owholemodule";
				TARGETED_DEVICE_FAMILY = "1,2";
				VALIDATE_PRODUCT = YES;
			};
			name = Release;
		};
		FF877CD11D58782500CA4048 /* Debug */ = {
			isa = XCBuildConfiguration;
			buildSettings = {
				ASSETCATALOG_COMPILER_APPICON_NAME = AppIcon;
				DEVELOPMENT_TEAM = EV28Y3W68P;
				INFOPLIST_FILE = dictionary_count/Info.plist;
				LD_RUNPATH_SEARCH_PATHS = "$(inherited) @executable_path/Frameworks";
				PRODUCT_BUNDLE_IDENTIFIER = "com.oshige.dictionary-count";
				PRODUCT_NAME = "$(TARGET_NAME)";
				SWIFT_VERSION = 3.0;
			};
			name = Debug;
		};
		FF877CD21D58782500CA4048 /* Release */ = {
			isa = XCBuildConfiguration;
			buildSettings = {
				ASSETCATALOG_COMPILER_APPICON_NAME = AppIcon;
				DEVELOPMENT_TEAM = EV28Y3W68P;
				INFOPLIST_FILE = dictionary_count/Info.plist;
				LD_RUNPATH_SEARCH_PATHS = "$(inherited) @executable_path/Frameworks";
				PRODUCT_BUNDLE_IDENTIFIER = "com.oshige.dictionary-count";
				PRODUCT_NAME = "$(TARGET_NAME)";
				SWIFT_VERSION = 3.0;
			};
			name = Release;
		};
/* End XCBuildConfiguration section */

/* Begin XCConfigurationList section */
		FF877CB91D58782500CA4048 /* Build configuration list for PBXProject "dictionary_count" */ = {
			isa = XCConfigurationList;
			buildConfigurations = (
				FF877CCE1D58782500CA4048 /* Debug */,
				FF877CCF1D58782500CA4048 /* Release */,
			);
			defaultConfigurationIsVisible = 0;
			defaultConfigurationName = Release;
		};
		FF877CD01D58782500CA4048 /* Build configuration list for PBXNativeTarget "dictionary_count" */ = {
			isa = XCConfigurationList;
			buildConfigurations = (
				FF877CD11D58782500CA4048 /* Debug */,
				FF877CD21D58782500CA4048 /* Release */,
			);
			defaultConfigurationIsVisible = 0;
			defaultConfigurationName = Release;
		};
/* End XCConfigurationList section */
	};
	rootObject = FF877CB61D58782500CA4048 /* Project object */;
}
