// !$*UTF8*$!
{
	archiveVersion = 1;
	classes = {
	};
	objectVersion = 46;
	objects = {

/* Begin PBXBuildFile section */
		349D0ACD1E2FA424005202C6 /* AppDelegate.swift in Sources */ = {isa = PBXBuildFile; fileRef = 349D0ACC1E2FA424005202C6 /* AppDelegate.swift */; };
		349D0ACF1E2FA424005202C6 /* ViewController.swift in Sources */ = {isa = PBXBuildFile; fileRef = 349D0ACE1E2FA424005202C6 /* ViewController.swift */; };
		349D0AD21E2FA424005202C6 /* Main.storyboard in Resources */ = {isa = PBXBuildFile; fileRef = 349D0AD01E2FA424005202C6 /* Main.storyboard */; };
		349D0AD41E2FA424005202C6 /* Assets.xcassets in Resources */ = {isa = PBXBuildFile; fileRef = 349D0AD31E2FA424005202C6 /* Assets.xcassets */; };
		349D0AD71E2FA424005202C6 /* LaunchScreen.storyboard in Resources */ = {isa = PBXBuildFile; fileRef = 349D0AD51E2FA424005202C6 /* LaunchScreen.storyboard */; };
/* End PBXBuildFile section */

/* Begin PBXFileReference section */
		349D0AC91E2FA424005202C6 /* bigsmall_letter.app */ = {isa = PBXFileReference; explicitFileType = wrapper.application; includeInIndex = 0; path = bigsmall_letter.app; sourceTree = BUILT_PRODUCTS_DIR; };
		349D0ACC1E2FA424005202C6 /* AppDelegate.swift */ = {isa = PBXFileReference; lastKnownFileType = sourcecode.swift; path = AppDelegate.swift; sourceTree = "<group>"; };
		349D0ACE1E2FA424005202C6 /* ViewController.swift */ = {isa = PBXFileReference; lastKnownFileType = sourcecode.swift; path = ViewController.swift; sourceTree = "<group>"; };
		349D0AD11E2FA424005202C6 /* Base */ = {isa = PBXFileReference; lastKnownFileType = file.storyboard; name = Base; path = Base.lproj/Main.storyboard; sourceTree = "<group>"; };
		349D0AD31E2FA424005202C6 /* Assets.xcassets */ = {isa = PBXFileReference; lastKnownFileType = folder.assetcatalog; path = Assets.xcassets; sourceTree = "<group>"; };
		349D0AD61E2FA424005202C6 /* Base */ = {isa = PBXFileReference; lastKnownFileType = file.storyboard; name = Base; path = Base.lproj/LaunchScreen.storyboard; sourceTree = "<group>"; };
		349D0AD81E2FA424005202C6 /* Info.plist */ = {isa = PBXFileReference; lastKnownFileType = text.plist.xml; path = Info.plist; sourceTree = "<group>"; };
/* End PBXFileReference section */

/* Begin PBXFrameworksBuildPhase section */
		349D0AC61E2FA424005202C6 /* Frameworks */ = {
			isa = PBXFrameworksBuildPhase;
			buildActionMask = 2147483647;
			files = (
			);
			runOnlyForDeploymentPostprocessing = 0;
		};
/* End PBXFrameworksBuildPhase section */

/* Begin PBXGroup section */
		349D0AC01E2FA424005202C6 = {
			isa = PBXGroup;
			children = (
				349D0ACB1E2FA424005202C6 /* bigsmall_letter */,
				349D0ACA1E2FA424005202C6 /* Products */,
			);
			sourceTree = "<group>";
		};
		349D0ACA1E2FA424005202C6 /* Products */ = {
			isa = PBXGroup;
			children = (
				349D0AC91E2FA424005202C6 /* bigsmall_letter.app */,
			);
			name = Products;
			sourceTree = "<group>";
		};
		349D0ACB1E2FA424005202C6 /* bigsmall_letter */ = {
			isa = PBXGroup;
			children = (
				349D0ACC1E2FA424005202C6 /* AppDelegate.swift */,
				349D0ACE1E2FA424005202C6 /* ViewController.swift */,
				349D0AD01E2FA424005202C6 /* Main.storyboard */,
				349D0AD31E2FA424005202C6 /* Assets.xcassets */,
				349D0AD51E2FA424005202C6 /* LaunchScreen.storyboard */,
				349D0AD81E2FA424005202C6 /* Info.plist */,
			);
			path = bigsmall_letter;
			sourceTree = "<group>";
		};
/* End PBXGroup section */

/* Begin PBXNativeTarget section */
		349D0AC81E2FA424005202C6 /* bigsmall_letter */ = {
			isa = PBXNativeTarget;
			buildConfigurationList = 349D0ADB1E2FA424005202C6 /* Build configuration list for PBXNativeTarget "bigsmall_letter" */;
			buildPhases = (
				349D0AC51E2FA424005202C6 /* Sources */,
				349D0AC61E2FA424005202C6 /* Frameworks */,
				349D0AC71E2FA424005202C6 /* Resources */,
			);
			buildRules = (
			);
			dependencies = (
			);
			name = bigsmall_letter;
			productName = bigsmall_letter;
			productReference = 349D0AC91E2FA424005202C6 /* bigsmall_letter.app */;
			productType = "com.apple.product-type.application";
		};
/* End PBXNativeTarget section */

/* Begin PBXProject section */
		349D0AC11E2FA424005202C6 /* Project object */ = {
			isa = PBXProject;
			attributes = {
				LastSwiftUpdateCheck = 0820;
				LastUpgradeCheck = 0820;
				ORGANIZATIONNAME = Sela;
				TargetAttributes = {
					349D0AC81E2FA424005202C6 = {
						CreatedOnToolsVersion = 8.2.1;
						DevelopmentTeam = XRX7MCFG4Y;
						ProvisioningStyle = Automatic;
					};
				};
			};
			buildConfigurationList = 349D0AC41E2FA424005202C6 /* Build configuration list for PBXProject "bigsmall_letter" */;
			compatibilityVersion = "Xcode 3.2";
			developmentRegion = English;
			hasScannedForEncodings = 0;
			knownRegions = (
				en,
				Base,
			);
			mainGroup = 349D0AC01E2FA424005202C6;
			productRefGroup = 349D0ACA1E2FA424005202C6 /* Products */;
			projectDirPath = "";
			projectRoot = "";
			targets = (
				349D0AC81E2FA424005202C6 /* bigsmall_letter */,
			);
		};
/* End PBXProject section */

/* Begin PBXResourcesBuildPhase section */
		349D0AC71E2FA424005202C6 /* Resources */ = {
			isa = PBXResourcesBuildPhase;
			buildActionMask = 2147483647;
			files = (
				349D0AD71E2FA424005202C6 /* LaunchScreen.storyboard in Resources */,
				349D0AD41E2FA424005202C6 /* Assets.xcassets in Resources */,
				349D0AD21E2FA424005202C6 /* Main.storyboard in Resources */,
			);
			runOnlyForDeploymentPostprocessing = 0;
		};
/* End PBXResourcesBuildPhase section */

/* Begin PBXSourcesBuildPhase section */
		349D0AC51E2FA424005202C6 /* Sources */ = {
			isa = PBXSourcesBuildPhase;
			buildActionMask = 2147483647;
			files = (
				349D0ACF1E2FA424005202C6 /* ViewController.swift in Sources */,
				349D0ACD1E2FA424005202C6 /* AppDelegate.swift in Sources */,
			);
			runOnlyForDeploymentPostprocessing = 0;
		};
/* End PBXSourcesBuildPhase section */

/* Begin PBXVariantGroup section */
		349D0AD01E2FA424005202C6 /* Main.storyboard */ = {
			isa = PBXVariantGroup;
			children = (
				349D0AD11E2FA424005202C6 /* Base */,
			);
			name = Main.storyboard;
			sourceTree = "<group>";
		};
		349D0AD51E2FA424005202C6 /* LaunchScreen.storyboard */ = {
			isa = PBXVariantGroup;
			children = (
				349D0AD61E2FA424005202C6 /* Base */,
			);
			name = LaunchScreen.storyboard;
			sourceTree = "<group>";
		};
/* End PBXVariantGroup section */

/* Begin XCBuildConfiguration section */
		349D0AD91E2FA424005202C6 /* Debug */ = {
			isa = XCBuildConfiguration;
			buildSettings = {
				ALWAYS_SEARCH_USER_PATHS = NO;
				CLANG_ANALYZER_NONNULL = YES;
				CLANG_CXX_LANGUAGE_STANDARD = "gnu++0x";
				CLANG_CXX_LIBRARY = "libc++";
				CLANG_ENABLE_MODULES = YES;
				CLANG_ENABLE_OBJC_ARC = YES;
				CLANG_WARN_BOOL_CONVERSION = YES;
				CLANG_WARN_CONSTANT_CONVERSION = YES;
				CLANG_WARN_DIRECT_OBJC_ISA_USAGE = YES_ERROR;
				CLANG_WARN_DOCUMENTATION_COMMENTS = YES;
				CLANG_WARN_EMPTY_BODY = YES;
				CLANG_WARN_ENUM_CONVERSION = YES;
				CLANG_WARN_INFINITE_RECURSION = YES;
				CLANG_WARN_INT_CONVERSION = YES;
				CLANG_WARN_OBJC_ROOT_CLASS = YES_ERROR;
				CLANG_WARN_SUSPICIOUS_MOVE = YES;
				CLANG_WARN_UNREACHABLE_CODE = YES;
				CLANG_WARN__DUPLICATE_METHOD_MATCH = YES;
				"CODE_SIGN_IDENTITY[sdk=iphoneos*]" = "iPhone Developer";
				COPY_PHASE_STRIP = NO;
				DEBUG_INFORMATION_FORMAT = dwarf;
				ENABLE_STRICT_OBJC_MSGSEND = YES;
				ENABLE_TESTABILITY = YES;
				GCC_C_LANGUAGE_STANDARD = gnu99;
				GCC_DYNAMIC_NO_PIC = NO;
				GCC_NO_COMMON_BLOCKS = YES;
				GCC_OPTIMIZATION_LEVEL = 0;
				GCC_PREPROCESSOR_DEFINITIONS = (
					"DEBUG=1",
					"$(inherited)",
				);
				GCC_WARN_64_TO_32_BIT_CONVERSION = YES;
				GCC_WARN_ABOUT_RETURN_TYPE = YES_ERROR;
				GCC_WARN_UNDECLARED_SELECTOR = YES;
				GCC_WARN_UNINITIALIZED_AUTOS = YES_AGGRESSIVE;
				GCC_WARN_UNUSED_FUNCTION = YES;
				GCC_WARN_UNUSED_VARIABLE = YES;
				IPHONEOS_DEPLOYMENT_TARGET = 10.2;
				MTL_ENABLE_DEBUG_INFO = YES;
				ONLY_ACTIVE_ARCH = YES;
				SDKROOT = iphoneos;
				SWIFT_ACTIVE_COMPILATION_CONDITIONS = DEBUG;
				SWIFT_OPTIMIZATION_LEVEL = "-Onone";
				TARGETED_DEVICE_FAMILY = "1,2";
			};
			name = Debug;
		};
		349D0ADA1E2FA424005202C6 /* Release */ = {
			isa = XCBuildConfiguration;
			buildSettings = {
				ALWAYS_SEARCH_USER_PATHS = NO;
				CLANG_ANALYZER_NONNULL = YES;
				CLANG_CXX_LANGUAGE_STANDARD = "gnu++0x";
				CLANG_CXX_LIBRARY = "libc++";
				CLANG_ENABLE_MODULES = YES;
				CLANG_ENABLE_OBJC_ARC = YES;
				CLANG_WARN_BOOL_CONVERSION = YES;
				CLANG_WARN_CONSTANT_CONVERSION = YES;
				CLANG_WARN_DIRECT_OBJC_ISA_USAGE = YES_ERROR;
				CLANG_WARN_DOCUMENTATION_COMMENTS = YES;
				CLANG_WARN_EMPTY_BODY = YES;
				CLANG_WARN_ENUM_CONVERSION = YES;
				CLANG_WARN_INFINITE_RECURSION = YES;
				CLANG_WARN_INT_CONVERSION = YES;
				CLANG_WARN_OBJC_ROOT_CLASS = YES_ERROR;
				CLANG_WARN_SUSPICIOUS_MOVE = YES;
				CLANG_WARN_UNREACHABLE_CODE = YES;
				CLANG_WARN__DUPLICATE_METHOD_MATCH = YES;
				"CODE_SIGN_IDENTITY[sdk=iphoneos*]" = "iPhone Developer";
				COPY_PHASE_STRIP = NO;
				DEBUG_INFORMATION_FORMAT = "dwarf-with-dsym";
				ENABLE_NS_ASSERTIONS = NO;
				ENABLE_STRICT_OBJC_MSGSEND = YES;
				GCC_C_LANGUAGE_STANDARD = gnu99;
				GCC_NO_COMMON_BLOCKS = YES;
				GCC_WARN_64_TO_32_BIT_CONVERSION = YES;
				GCC_WARN_ABOUT_RETURN_TYPE = YES_ERROR;
				GCC_WARN_UNDECLARED_SELECTOR = YES;
				GCC_WARN_UNINITIALIZED_AUTOS = YES_AGGRESSIVE;
				GCC_WARN_UNUSED_FUNCTION = YES;
				GCC_WARN_UNUSED_VARIABLE = YES;
				IPHONEOS_DEPLOYMENT_TARGET = 10.2;
				MTL_ENABLE_DEBUG_INFO = NO;
				SDKROOT = iphoneos;
				SWIFT_OPTIMIZATION_LEVEL = "-Owholemodule";
				TARGETED_DEVICE_FAMILY = "1,2";
				VALIDATE_PRODUCT = YES;
			};
			name = Release;
		};
		349D0ADC1E2FA424005202C6 /* Debug */ = {
			isa = XCBuildConfiguration;
			buildSettings = {
				ASSETCATALOG_COMPILER_APPICON_NAME = AppIcon;
				DEVELOPMENT_TEAM = XRX7MCFG4Y;
				INFOPLIST_FILE = bigsmall_letter/Info.plist;
				LD_RUNPATH_SEARCH_PATHS = "$(inherited) @executable_path/Frameworks";
				PRODUCT_BUNDLE_IDENTIFIER = "com.seladevelop.bigsmall-letter";
				PRODUCT_NAME = "$(TARGET_NAME)";
				SWIFT_VERSION = 3.0;
			};
			name = Debug;
		};
		349D0ADD1E2FA424005202C6 /* Release */ = {
			isa = XCBuildConfiguration;
			buildSettings = {
				ASSETCATALOG_COMPILER_APPICON_NAME = AppIcon;
				DEVELOPMENT_TEAM = XRX7MCFG4Y;
				INFOPLIST_FILE = bigsmall_letter/Info.plist;
				LD_RUNPATH_SEARCH_PATHS = "$(inherited) @executable_path/Frameworks";
				PRODUCT_BUNDLE_IDENTIFIER = "com.seladevelop.bigsmall-letter";
				PRODUCT_NAME = "$(TARGET_NAME)";
				SWIFT_VERSION = 3.0;
			};
			name = Release;
		};
/* End XCBuildConfiguration section */

/* Begin XCConfigurationList section */
		349D0AC41E2FA424005202C6 /* Build configuration list for PBXProject "bigsmall_letter" */ = {
			isa = XCConfigurationList;
			buildConfigurations = (
				349D0AD91E2FA424005202C6 /* Debug */,
				349D0ADA1E2FA424005202C6 /* Release */,
			);
			defaultConfigurationIsVisible = 0;
			defaultConfigurationName = Release;
		};
		349D0ADB1E2FA424005202C6 /* Build configuration list for PBXNativeTarget "bigsmall_letter" */ = {
			isa = XCConfigurationList;
			buildConfigurations = (
				349D0ADC1E2FA424005202C6 /* Debug */,
				349D0ADD1E2FA424005202C6 /* Release */,
			);
			defaultConfigurationIsVisible = 0;
		};
/* End XCConfigurationList section */
	};
	rootObject = 349D0AC11E2FA424005202C6 /* Project object */;
}
