// !$*UTF8*$!
{
	archiveVersion = 1;
	classes = {
	};
	objectVersion = 46;
	objects = {

/* Begin PBXBuildFile section */
		FFD6AD631D6FCC780005BE20 /* AppDelegate.swift in Sources */ = {isa = PBXBuildFile; fileRef = FFD6AD621D6FCC780005BE20 /* AppDelegate.swift */; };
		FFD6AD651D6FCC780005BE20 /* ViewController.swift in Sources */ = {isa = PBXBuildFile; fileRef = FFD6AD641D6FCC780005BE20 /* ViewController.swift */; };
		FFD6AD681D6FCC780005BE20 /* Main.storyboard in Resources */ = {isa = PBXBuildFile; fileRef = FFD6AD661D6FCC780005BE20 /* Main.storyboard */; };
		FFD6AD6A1D6FCC780005BE20 /* Assets.xcassets in Resources */ = {isa = PBXBuildFile; fileRef = FFD6AD691D6FCC780005BE20 /* Assets.xcassets */; };
		FFD6AD6D1D6FCC780005BE20 /* LaunchScreen.storyboard in Resources */ = {isa = PBXBuildFile; fileRef = FFD6AD6B1D6FCC780005BE20 /* LaunchScreen.storyboard */; };
/* End PBXBuildFile section */

/* Begin PBXFileReference section */
		FFD6AD5F1D6FCC780005BE20 /* alignment_constraints-2.app */ = {isa = PBXFileReference; explicitFileType = wrapper.application; includeInIndex = 0; path = "alignment_constraints-2.app"; sourceTree = BUILT_PRODUCTS_DIR; };
		FFD6AD621D6FCC780005BE20 /* AppDelegate.swift */ = {isa = PBXFileReference; lastKnownFileType = sourcecode.swift; path = AppDelegate.swift; sourceTree = "<group>"; };
		FFD6AD641D6FCC780005BE20 /* ViewController.swift */ = {isa = PBXFileReference; lastKnownFileType = sourcecode.swift; path = ViewController.swift; sourceTree = "<group>"; };
		FFD6AD671D6FCC780005BE20 /* Base */ = {isa = PBXFileReference; lastKnownFileType = file.storyboard; name = Base; path = Base.lproj/Main.storyboard; sourceTree = "<group>"; };
		FFD6AD691D6FCC780005BE20 /* Assets.xcassets */ = {isa = PBXFileReference; lastKnownFileType = folder.assetcatalog; path = Assets.xcassets; sourceTree = "<group>"; };
		FFD6AD6C1D6FCC780005BE20 /* Base */ = {isa = PBXFileReference; lastKnownFileType = file.storyboard; name = Base; path = Base.lproj/LaunchScreen.storyboard; sourceTree = "<group>"; };
		FFD6AD6E1D6FCC780005BE20 /* Info.plist */ = {isa = PBXFileReference; lastKnownFileType = text.plist.xml; path = Info.plist; sourceTree = "<group>"; };
/* End PBXFileReference section */

/* Begin PBXFrameworksBuildPhase section */
		FFD6AD5C1D6FCC780005BE20 /* Frameworks */ = {
			isa = PBXFrameworksBuildPhase;
			buildActionMask = 2147483647;
			files = (
			);
			runOnlyForDeploymentPostprocessing = 0;
		};
/* End PBXFrameworksBuildPhase section */

/* Begin PBXGroup section */
		FFD6AD561D6FCC780005BE20 = {
			isa = PBXGroup;
			children = (
				FFD6AD611D6FCC780005BE20 /* alignment_constraints-2 */,
				FFD6AD601D6FCC780005BE20 /* Products */,
			);
			sourceTree = "<group>";
		};
		FFD6AD601D6FCC780005BE20 /* Products */ = {
			isa = PBXGroup;
			children = (
				FFD6AD5F1D6FCC780005BE20 /* alignment_constraints-2.app */,
			);
			name = Products;
			sourceTree = "<group>";
		};
		FFD6AD611D6FCC780005BE20 /* alignment_constraints-2 */ = {
			isa = PBXGroup;
			children = (
				FFD6AD621D6FCC780005BE20 /* AppDelegate.swift */,
				FFD6AD641D6FCC780005BE20 /* ViewController.swift */,
				FFD6AD661D6FCC780005BE20 /* Main.storyboard */,
				FFD6AD691D6FCC780005BE20 /* Assets.xcassets */,
				FFD6AD6B1D6FCC780005BE20 /* LaunchScreen.storyboard */,
				FFD6AD6E1D6FCC780005BE20 /* Info.plist */,
			);
			path = "alignment_constraints-2";
			sourceTree = "<group>";
		};
/* End PBXGroup section */

/* Begin PBXNativeTarget section */
		FFD6AD5E1D6FCC780005BE20 /* alignment_constraints-2 */ = {
			isa = PBXNativeTarget;
			buildConfigurationList = FFD6AD711D6FCC780005BE20 /* Build configuration list for PBXNativeTarget "alignment_constraints-2" */;
			buildPhases = (
				FFD6AD5B1D6FCC780005BE20 /* Sources */,
				FFD6AD5C1D6FCC780005BE20 /* Frameworks */,
				FFD6AD5D1D6FCC780005BE20 /* Resources */,
			);
			buildRules = (
			);
			dependencies = (
			);
			name = "alignment_constraints-2";
			productName = "alignment_constraints-2";
			productReference = FFD6AD5F1D6FCC780005BE20 /* alignment_constraints-2.app */;
			productType = "com.apple.product-type.application";
		};
/* End PBXNativeTarget section */

/* Begin PBXProject section */
		FFD6AD571D6FCC780005BE20 /* Project object */ = {
			isa = PBXProject;
			attributes = {
				LastSwiftUpdateCheck = 0800;
				LastUpgradeCheck = 0810;
				ORGANIZATIONNAME = "yoshiyuki oshige";
				TargetAttributes = {
					FFD6AD5E1D6FCC780005BE20 = {
						CreatedOnToolsVersion = 8.0;
						DevelopmentTeam = EV28Y3W68P;
						ProvisioningStyle = Automatic;
					};
				};
			};
			buildConfigurationList = FFD6AD5A1D6FCC780005BE20 /* Build configuration list for PBXProject "alignment_constraints-2" */;
			compatibilityVersion = "Xcode 3.2";
			developmentRegion = English;
			hasScannedForEncodings = 0;
			knownRegions = (
				en,
				Base,
			);
			mainGroup = FFD6AD561D6FCC780005BE20;
			productRefGroup = FFD6AD601D6FCC780005BE20 /* Products */;
			projectDirPath = "";
			projectRoot = "";
			targets = (
				FFD6AD5E1D6FCC780005BE20 /* alignment_constraints-2 */,
			);
		};
/* End PBXProject section */

/* Begin PBXResourcesBuildPhase section */
		FFD6AD5D1D6FCC780005BE20 /* Resources */ = {
			isa = PBXResourcesBuildPhase;
			buildActionMask = 2147483647;
			files = (
				FFD6AD6D1D6FCC780005BE20 /* LaunchScreen.storyboard in Resources */,
				FFD6AD6A1D6FCC780005BE20 /* Assets.xcassets in Resources */,
				FFD6AD681D6FCC780005BE20 /* Main.storyboard in Resources */,
			);
			runOnlyForDeploymentPostprocessing = 0;
		};
/* End PBXResourcesBuildPhase section */

/* Begin PBXSourcesBuildPhase section */
		FFD6AD5B1D6FCC780005BE20 /* Sources */ = {
			isa = PBXSourcesBuildPhase;
			buildActionMask = 2147483647;
			files = (
				FFD6AD651D6FCC780005BE20 /* ViewController.swift in Sources */,
				FFD6AD631D6FCC780005BE20 /* AppDelegate.swift in Sources */,
			);
			runOnlyForDeploymentPostprocessing = 0;
		};
/* End PBXSourcesBuildPhase section */

/* Begin PBXVariantGroup section */
		FFD6AD661D6FCC780005BE20 /* Main.storyboard */ = {
			isa = PBXVariantGroup;
			children = (
				FFD6AD671D6FCC780005BE20 /* Base */,
			);
			name = Main.storyboard;
			sourceTree = "<group>";
		};
		FFD6AD6B1D6FCC780005BE20 /* LaunchScreen.storyboard */ = {
			isa = PBXVariantGroup;
			children = (
				FFD6AD6C1D6FCC780005BE20 /* Base */,
			);
			name = LaunchScreen.storyboard;
			sourceTree = "<group>";
		};
/* End PBXVariantGroup section */

/* Begin XCBuildConfiguration section */
		FFD6AD6F1D6FCC780005BE20 /* Debug */ = {
			isa = XCBuildConfiguration;
			buildSettings = {
				ALWAYS_SEARCH_USER_PATHS = NO;
				CLANG_ANALYZER_NONNULL = YES;
				CLANG_CXX_LANGUAGE_STANDARD = "gnu++0x";
				CLANG_CXX_LIBRARY = "libc++";
				CLANG_ENABLE_MODULES = YES;
				CLANG_ENABLE_OBJC_ARC = YES;
				CLANG_WARN_BOOL_CONVERSION = YES;
				CLANG_WARN_CONSTANT_CONVERSION = YES;
				CLANG_WARN_DIRECT_OBJC_ISA_USAGE = YES_ERROR;
				CLANG_WARN_DOCUMENTATION_COMMENTS = YES;
				CLANG_WARN_EMPTY_BODY = YES;
				CLANG_WARN_ENUM_CONVERSION = YES;
				CLANG_WARN_INFINITE_RECURSION = YES;
				CLANG_WARN_INT_CONVERSION = YES;
				CLANG_WARN_OBJC_ROOT_CLASS = YES_ERROR;
				CLANG_WARN_SUSPICIOUS_MOVE = YES;
				CLANG_WARN_SUSPICIOUS_MOVES = YES;
				CLANG_WARN_UNREACHABLE_CODE = YES;
				CLANG_WARN__DUPLICATE_METHOD_MATCH = YES;
				"CODE_SIGN_IDENTITY[sdk=iphoneos*]" = "iPhone Developer";
				COPY_PHASE_STRIP = NO;
				DEBUG_INFORMATION_FORMAT = dwarf;
				ENABLE_STRICT_OBJC_MSGSEND = YES;
				ENABLE_TESTABILITY = YES;
				GCC_C_LANGUAGE_STANDARD = gnu99;
				GCC_DYNAMIC_NO_PIC = NO;
				GCC_NO_COMMON_BLOCKS = YES;
				GCC_OPTIMIZATION_LEVEL = 0;
				GCC_PREPROCESSOR_DEFINITIONS = (
					"DEBUG=1",
					"$(inherited)",
				);
				GCC_WARN_64_TO_32_BIT_CONVERSION = YES;
				GCC_WARN_ABOUT_RETURN_TYPE = YES_ERROR;
				GCC_WARN_UNDECLARED_SELECTOR = YES;
				GCC_WARN_UNINITIALIZED_AUTOS = YES_AGGRESSIVE;
				GCC_WARN_UNUSED_FUNCTION = YES;
				GCC_WARN_UNUSED_VARIABLE = YES;
				IPHONEOS_DEPLOYMENT_TARGET = 10.0;
				MTL_ENABLE_DEBUG_INFO = YES;
				ONLY_ACTIVE_ARCH = YES;
				SDKROOT = iphoneos;
				SWIFT_ACTIVE_COMPILATION_CONDITIONS = DEBUG;
				SWIFT_OPTIMIZATION_LEVEL = "-Onone";
				TARGETED_DEVICE_FAMILY = "1,2";
			};
			name = Debug;
		};
		FFD6AD701D6FCC780005BE20 /* Release */ = {
			isa = XCBuildConfiguration;
			buildSettings = {
				ALWAYS_SEARCH_USER_PATHS = NO;
				CLANG_ANALYZER_NONNULL = YES;
				CLANG_CXX_LANGUAGE_STANDARD = "gnu++0x";
				CLANG_CXX_LIBRARY = "libc++";
				CLANG_ENABLE_MODULES = YES;
				CLANG_ENABLE_OBJC_ARC = YES;
				CLANG_WARN_BOOL_CONVERSION = YES;
				CLANG_WARN_CONSTANT_CONVERSION = YES;
				CLANG_WARN_DIRECT_OBJC_ISA_USAGE = YES_ERROR;
				CLANG_WARN_DOCUMENTATION_COMMENTS = YES;
				CLANG_WARN_EMPTY_BODY = YES;
				CLANG_WARN_ENUM_CONVERSION = YES;
				CLANG_WARN_INFINITE_RECURSION = YES;
				CLANG_WARN_INT_CONVERSION = YES;
				CLANG_WARN_OBJC_ROOT_CLASS = YES_ERROR;
				CLANG_WARN_SUSPICIOUS_MOVE = YES;
				CLANG_WARN_SUSPICIOUS_MOVES = YES;
				CLANG_WARN_UNREACHABLE_CODE = YES;
				CLANG_WARN__DUPLICATE_METHOD_MATCH = YES;
				"CODE_SIGN_IDENTITY[sdk=iphoneos*]" = "iPhone Developer";
				COPY_PHASE_STRIP = NO;
				DEBUG_INFORMATION_FORMAT = "dwarf-with-dsym";
				ENABLE_NS_ASSERTIONS = NO;
				ENABLE_STRICT_OBJC_MSGSEND = YES;
				GCC_C_LANGUAGE_STANDARD = gnu99;
				GCC_NO_COMMON_BLOCKS = YES;
				GCC_WARN_64_TO_32_BIT_CONVERSION = YES;
				GCC_WARN_ABOUT_RETURN_TYPE = YES_ERROR;
				GCC_WARN_UNDECLARED_SELECTOR = YES;
				GCC_WARN_UNINITIALIZED_AUTOS = YES_AGGRESSIVE;
				GCC_WARN_UNUSED_FUNCTION = YES;
				GCC_WARN_UNUSED_VARIABLE = YES;
				IPHONEOS_DEPLOYMENT_TARGET = 10.0;
				MTL_ENABLE_DEBUG_INFO = NO;
				SDKROOT = iphoneos;
				SWIFT_OPTIMIZATION_LEVEL = "-Owholemodule";
				TARGETED_DEVICE_FAMILY = "1,2";
				VALIDATE_PRODUCT = YES;
			};
			name = Release;
		};
		FFD6AD721D6FCC780005BE20 /* Debug */ = {
			isa = XCBuildConfiguration;
			buildSettings = {
				ASSETCATALOG_COMPILER_APPICON_NAME = AppIcon;
				DEVELOPMENT_TEAM = EV28Y3W68P;
				INFOPLIST_FILE = "alignment_constraints-2/Info.plist";
				LD_RUNPATH_SEARCH_PATHS = "$(inherited) @executable_path/Frameworks";
				PRODUCT_BUNDLE_IDENTIFIER = "com.oshige.alignment-constraints-2";
				PRODUCT_NAME = "$(TARGET_NAME)";
				SWIFT_VERSION = 3.0;
			};
			name = Debug;
		};
		FFD6AD731D6FCC780005BE20 /* Release */ = {
			isa = XCBuildConfiguration;
			buildSettings = {
				ASSETCATALOG_COMPILER_APPICON_NAME = AppIcon;
				DEVELOPMENT_TEAM = EV28Y3W68P;
				INFOPLIST_FILE = "alignment_constraints-2/Info.plist";
				LD_RUNPATH_SEARCH_PATHS = "$(inherited) @executable_path/Frameworks";
				PRODUCT_BUNDLE_IDENTIFIER = "com.oshige.alignment-constraints-2";
				PRODUCT_NAME = "$(TARGET_NAME)";
				SWIFT_VERSION = 3.0;
			};
			name = Release;
		};
/* End XCBuildConfiguration section */

/* Begin XCConfigurationList section */
		FFD6AD5A1D6FCC780005BE20 /* Build configuration list for PBXProject "alignment_constraints-2" */ = {
			isa = XCConfigurationList;
			buildConfigurations = (
				FFD6AD6F1D6FCC780005BE20 /* Debug */,
				FFD6AD701D6FCC780005BE20 /* Release */,
			);
			defaultConfigurationIsVisible = 0;
			defaultConfigurationName = Release;
		};
		FFD6AD711D6FCC780005BE20 /* Build configuration list for PBXNativeTarget "alignment_constraints-2" */ = {
			isa = XCConfigurationList;
			buildConfigurations = (
				FFD6AD721D6FCC780005BE20 /* Debug */,
				FFD6AD731D6FCC780005BE20 /* Release */,
			);
			defaultConfigurationIsVisible = 0;
			defaultConfigurationName = Release;
		};
/* End XCConfigurationList section */
	};
	rootObject = FFD6AD571D6FCC780005BE20 /* Project object */;
}
