// !$*UTF8*$!
{
	archiveVersion = 1;
	classes = {
	};
	objectVersion = 46;
	objects = {

/* Begin PBXBuildFile section */
		FF61234A1D4ED9BE000C6078 /* AppDelegate.swift in Sources */ = {isa = PBXBuildFile; fileRef = FF6123491D4ED9BE000C6078 /* AppDelegate.swift */; };
		FF61234C1D4ED9BE000C6078 /* ViewController.swift in Sources */ = {isa = PBXBuildFile; fileRef = FF61234B1D4ED9BE000C6078 /* ViewController.swift */; };
		FF61234F1D4ED9BE000C6078 /* Main.storyboard in Resources */ = {isa = PBXBuildFile; fileRef = FF61234D1D4ED9BE000C6078 /* Main.storyboard */; };
		FF6123511D4ED9BE000C6078 /* Assets.xcassets in Resources */ = {isa = PBXBuildFile; fileRef = FF6123501D4ED9BE000C6078 /* Assets.xcassets */; };
		FF6123541D4ED9BE000C6078 /* LaunchScreen.storyboard in Resources */ = {isa = PBXBuildFile; fileRef = FF6123521D4ED9BE000C6078 /* LaunchScreen.storyboard */; };
/* End PBXBuildFile section */

/* Begin PBXFileReference section */
		FF6123461D4ED9BE000C6078 /* var_func.app */ = {isa = PBXFileReference; explicitFileType = wrapper.application; includeInIndex = 0; path = var_func.app; sourceTree = BUILT_PRODUCTS_DIR; };
		FF6123491D4ED9BE000C6078 /* AppDelegate.swift */ = {isa = PBXFileReference; lastKnownFileType = sourcecode.swift; path = AppDelegate.swift; sourceTree = "<group>"; };
		FF61234B1D4ED9BE000C6078 /* ViewController.swift */ = {isa = PBXFileReference; lastKnownFileType = sourcecode.swift; path = ViewController.swift; sourceTree = "<group>"; };
		FF61234E1D4ED9BE000C6078 /* Base */ = {isa = PBXFileReference; lastKnownFileType = file.storyboard; name = Base; path = Base.lproj/Main.storyboard; sourceTree = "<group>"; };
		FF6123501D4ED9BE000C6078 /* Assets.xcassets */ = {isa = PBXFileReference; lastKnownFileType = folder.assetcatalog; path = Assets.xcassets; sourceTree = "<group>"; };
		FF6123531D4ED9BE000C6078 /* Base */ = {isa = PBXFileReference; lastKnownFileType = file.storyboard; name = Base; path = Base.lproj/LaunchScreen.storyboard; sourceTree = "<group>"; };
		FF6123551D4ED9BE000C6078 /* Info.plist */ = {isa = PBXFileReference; lastKnownFileType = text.plist.xml; path = Info.plist; sourceTree = "<group>"; };
/* End PBXFileReference section */

/* Begin PBXFrameworksBuildPhase section */
		FF6123431D4ED9BE000C6078 /* Frameworks */ = {
			isa = PBXFrameworksBuildPhase;
			buildActionMask = 2147483647;
			files = (
			);
			runOnlyForDeploymentPostprocessing = 0;
		};
/* End PBXFrameworksBuildPhase section */

/* Begin PBXGroup section */
		FF61233D1D4ED9BE000C6078 = {
			isa = PBXGroup;
			children = (
				FF6123481D4ED9BE000C6078 /* var_func */,
				FF6123471D4ED9BE000C6078 /* Products */,
			);
			sourceTree = "<group>";
		};
		FF6123471D4ED9BE000C6078 /* Products */ = {
			isa = PBXGroup;
			children = (
				FF6123461D4ED9BE000C6078 /* var_func.app */,
			);
			name = Products;
			sourceTree = "<group>";
		};
		FF6123481D4ED9BE000C6078 /* var_func */ = {
			isa = PBXGroup;
			children = (
				FF6123491D4ED9BE000C6078 /* AppDelegate.swift */,
				FF61234B1D4ED9BE000C6078 /* ViewController.swift */,
				FF61234D1D4ED9BE000C6078 /* Main.storyboard */,
				FF6123501D4ED9BE000C6078 /* Assets.xcassets */,
				FF6123521D4ED9BE000C6078 /* LaunchScreen.storyboard */,
				FF6123551D4ED9BE000C6078 /* Info.plist */,
			);
			path = var_func;
			sourceTree = "<group>";
		};
/* End PBXGroup section */

/* Begin PBXNativeTarget section */
		FF6123451D4ED9BE000C6078 /* var_func */ = {
			isa = PBXNativeTarget;
			buildConfigurationList = FF6123581D4ED9BE000C6078 /* Build configuration list for PBXNativeTarget "var_func" */;
			buildPhases = (
				FF6123421D4ED9BE000C6078 /* Sources */,
				FF6123431D4ED9BE000C6078 /* Frameworks */,
				FF6123441D4ED9BE000C6078 /* Resources */,
			);
			buildRules = (
			);
			dependencies = (
			);
			name = var_func;
			productName = var_func;
			productReference = FF6123461D4ED9BE000C6078 /* var_func.app */;
			productType = "com.apple.product-type.application";
		};
/* End PBXNativeTarget section */

/* Begin PBXProject section */
		FF61233E1D4ED9BE000C6078 /* Project object */ = {
			isa = PBXProject;
			attributes = {
				LastSwiftUpdateCheck = 0800;
				LastUpgradeCheck = 0810;
				ORGANIZATIONNAME = "yoshiyuki oshige";
				TargetAttributes = {
					FF6123451D4ED9BE000C6078 = {
						CreatedOnToolsVersion = 8.0;
						DevelopmentTeam = EV28Y3W68P;
						DevelopmentTeamName = "Yoshiyuki Oshige";
						ProvisioningStyle = Automatic;
					};
				};
			};
			buildConfigurationList = FF6123411D4ED9BE000C6078 /* Build configuration list for PBXProject "var_func" */;
			compatibilityVersion = "Xcode 3.2";
			developmentRegion = English;
			hasScannedForEncodings = 0;
			knownRegions = (
				en,
				Base,
			);
			mainGroup = FF61233D1D4ED9BE000C6078;
			productRefGroup = FF6123471D4ED9BE000C6078 /* Products */;
			projectDirPath = "";
			projectRoot = "";
			targets = (
				FF6123451D4ED9BE000C6078 /* var_func */,
			);
		};
/* End PBXProject section */

/* Begin PBXResourcesBuildPhase section */
		FF6123441D4ED9BE000C6078 /* Resources */ = {
			isa = PBXResourcesBuildPhase;
			buildActionMask = 2147483647;
			files = (
				FF6123541D4ED9BE000C6078 /* LaunchScreen.storyboard in Resources */,
				FF6123511D4ED9BE000C6078 /* Assets.xcassets in Resources */,
				FF61234F1D4ED9BE000C6078 /* Main.storyboard in Resources */,
			);
			runOnlyForDeploymentPostprocessing = 0;
		};
/* End PBXResourcesBuildPhase section */

/* Begin PBXSourcesBuildPhase section */
		FF6123421D4ED9BE000C6078 /* Sources */ = {
			isa = PBXSourcesBuildPhase;
			buildActionMask = 2147483647;
			files = (
				FF61234C1D4ED9BE000C6078 /* ViewController.swift in Sources */,
				FF61234A1D4ED9BE000C6078 /* AppDelegate.swift in Sources */,
			);
			runOnlyForDeploymentPostprocessing = 0;
		};
/* End PBXSourcesBuildPhase section */

/* Begin PBXVariantGroup section */
		FF61234D1D4ED9BE000C6078 /* Main.storyboard */ = {
			isa = PBXVariantGroup;
			children = (
				FF61234E1D4ED9BE000C6078 /* Base */,
			);
			name = Main.storyboard;
			sourceTree = "<group>";
		};
		FF6123521D4ED9BE000C6078 /* LaunchScreen.storyboard */ = {
			isa = PBXVariantGroup;
			children = (
				FF6123531D4ED9BE000C6078 /* Base */,
			);
			name = LaunchScreen.storyboard;
			sourceTree = "<group>";
		};
/* End PBXVariantGroup section */

/* Begin XCBuildConfiguration section */
		FF6123561D4ED9BE000C6078 /* Debug */ = {
			isa = XCBuildConfiguration;
			buildSettings = {
				ALWAYS_SEARCH_USER_PATHS = NO;
				CLANG_ANALYZER_NONNULL = YES;
				CLANG_CXX_LANGUAGE_STANDARD = "gnu++0x";
				CLANG_CXX_LIBRARY = "libc++";
				CLANG_ENABLE_MODULES = YES;
				CLANG_ENABLE_OBJC_ARC = YES;
				CLANG_WARN_BOOL_CONVERSION = YES;
				CLANG_WARN_CONSTANT_CONVERSION = YES;
				CLANG_WARN_DIRECT_OBJC_ISA_USAGE = YES_ERROR;
				CLANG_WARN_DOCUMENTATION_COMMENTS = YES;
				CLANG_WARN_EMPTY_BODY = YES;
				CLANG_WARN_ENUM_CONVERSION = YES;
				CLANG_WARN_INFINITE_RECURSION = YES;
				CLANG_WARN_INT_CONVERSION = YES;
				CLANG_WARN_OBJC_ROOT_CLASS = YES_ERROR;
				CLANG_WARN_SUSPICIOUS_MOVE = YES;
				CLANG_WARN_UNREACHABLE_CODE = YES;
				CLANG_WARN__DUPLICATE_METHOD_MATCH = YES;
				"CODE_SIGN_IDENTITY[sdk=iphoneos*]" = "iPhone Developer";
				COPY_PHASE_STRIP = NO;
				DEBUG_INFORMATION_FORMAT = dwarf;
				ENABLE_STRICT_OBJC_MSGSEND = YES;
				ENABLE_TESTABILITY = YES;
				GCC_C_LANGUAGE_STANDARD = gnu99;
				GCC_DYNAMIC_NO_PIC = NO;
				GCC_NO_COMMON_BLOCKS = YES;
				GCC_OPTIMIZATION_LEVEL = 0;
				GCC_PREPROCESSOR_DEFINITIONS = (
					"DEBUG=1",
					"$(inherited)",
				);
				GCC_WARN_64_TO_32_BIT_CONVERSION = YES;
				GCC_WARN_ABOUT_RETURN_TYPE = YES_ERROR;
				GCC_WARN_UNDECLARED_SELECTOR = YES;
				GCC_WARN_UNINITIALIZED_AUTOS = YES_AGGRESSIVE;
				GCC_WARN_UNUSED_FUNCTION = YES;
				GCC_WARN_UNUSED_VARIABLE = YES;
				IPHONEOS_DEPLOYMENT_TARGET = 10.0;
				MTL_ENABLE_DEBUG_INFO = YES;
				ONLY_ACTIVE_ARCH = YES;
				SDKROOT = iphoneos;
				SWIFT_ACTIVE_COMPILATION_CONDITIONS = DEBUG;
				SWIFT_OPTIMIZATION_LEVEL = "-Onone";
				TARGETED_DEVICE_FAMILY = "1,2";
			};
			name = Debug;
		};
		FF6123571D4ED9BE000C6078 /* Release */ = {
			isa = XCBuildConfiguration;
			buildSettings = {
				ALWAYS_SEARCH_USER_PATHS = NO;
				CLANG_ANALYZER_NONNULL = YES;
				CLANG_CXX_LANGUAGE_STANDARD = "gnu++0x";
				CLANG_CXX_LIBRARY = "libc++";
				CLANG_ENABLE_MODULES = YES;
				CLANG_ENABLE_OBJC_ARC = YES;
				CLANG_WARN_BOOL_CONVERSION = YES;
				CLANG_WARN_CONSTANT_CONVERSION = YES;
				CLANG_WARN_DIRECT_OBJC_ISA_USAGE = YES_ERROR;
				CLANG_WARN_DOCUMENTATION_COMMENTS = YES;
				CLANG_WARN_EMPTY_BODY = YES;
				CLANG_WARN_ENUM_CONVERSION = YES;
				CLANG_WARN_INFINITE_RECURSION = YES;
				CLANG_WARN_INT_CONVERSION = YES;
				CLANG_WARN_OBJC_ROOT_CLASS = YES_ERROR;
				CLANG_WARN_SUSPICIOUS_MOVE = YES;
				CLANG_WARN_UNREACHABLE_CODE = YES;
				CLANG_WARN__DUPLICATE_METHOD_MATCH = YES;
				"CODE_SIGN_IDENTITY[sdk=iphoneos*]" = "iPhone Developer";
				COPY_PHASE_STRIP = NO;
				DEBUG_INFORMATION_FORMAT = "dwarf-with-dsym";
				ENABLE_NS_ASSERTIONS = NO;
				ENABLE_STRICT_OBJC_MSGSEND = YES;
				GCC_C_LANGUAGE_STANDARD = gnu99;
				GCC_NO_COMMON_BLOCKS = YES;
				GCC_WARN_64_TO_32_BIT_CONVERSION = YES;
				GCC_WARN_ABOUT_RETURN_TYPE = YES_ERROR;
				GCC_WARN_UNDECLARED_SELECTOR = YES;
				GCC_WARN_UNINITIALIZED_AUTOS = YES_AGGRESSIVE;
				GCC_WARN_UNUSED_FUNCTION = YES;
				GCC_WARN_UNUSED_VARIABLE = YES;
				IPHONEOS_DEPLOYMENT_TARGET = 10.0;
				MTL_ENABLE_DEBUG_INFO = NO;
				SDKROOT = iphoneos;
				SWIFT_OPTIMIZATION_LEVEL = "-Owholemodule";
				TARGETED_DEVICE_FAMILY = "1,2";
				VALIDATE_PRODUCT = YES;
			};
			name = Release;
		};
		FF6123591D4ED9BE000C6078 /* Debug */ = {
			isa = XCBuildConfiguration;
			buildSettings = {
				ASSETCATALOG_COMPILER_APPICON_NAME = AppIcon;
				INFOPLIST_FILE = var_func/Info.plist;
				LD_RUNPATH_SEARCH_PATHS = "$(inherited) @executable_path/Frameworks";
				PRODUCT_BUNDLE_IDENTIFIER = "com.oshige.var-func";
				PRODUCT_NAME = "$(TARGET_NAME)";
				SWIFT_VERSION = 3.0;
			};
			name = Debug;
		};
		FF61235A1D4ED9BE000C6078 /* Release */ = {
			isa = XCBuildConfiguration;
			buildSettings = {
				ASSETCATALOG_COMPILER_APPICON_NAME = AppIcon;
				INFOPLIST_FILE = var_func/Info.plist;
				LD_RUNPATH_SEARCH_PATHS = "$(inherited) @executable_path/Frameworks";
				PRODUCT_BUNDLE_IDENTIFIER = "com.oshige.var-func";
				PRODUCT_NAME = "$(TARGET_NAME)";
				SWIFT_VERSION = 3.0;
			};
			name = Release;
		};
/* End XCBuildConfiguration section */

/* Begin XCConfigurationList section */
		FF6123411D4ED9BE000C6078 /* Build configuration list for PBXProject "var_func" */ = {
			isa = XCConfigurationList;
			buildConfigurations = (
				FF6123561D4ED9BE000C6078 /* Debug */,
				FF6123571D4ED9BE000C6078 /* Release */,
			);
			defaultConfigurationIsVisible = 0;
			defaultConfigurationName = Release;
		};
		FF6123581D4ED9BE000C6078 /* Build configuration list for PBXNativeTarget "var_func" */ = {
			isa = XCConfigurationList;
			buildConfigurations = (
				FF6123591D4ED9BE000C6078 /* Debug */,
				FF61235A1D4ED9BE000C6078 /* Release */,
			);
			defaultConfigurationIsVisible = 0;
			defaultConfigurationName = Release;
		};
/* End XCConfigurationList section */
	};
	rootObject = FF61233E1D4ED9BE000C6078 /* Project object */;
}
