// !$*UTF8*$!
{
	archiveVersion = 1;
	classes = {
	};
	objectVersion = 46;
	objects = {

/* Begin PBXBuildFile section */
		FFF48BD31D4F953400849B21 /* AppDelegate.swift in Sources */ = {isa = PBXBuildFile; fileRef = FFF48BD21D4F953400849B21 /* AppDelegate.swift */; };
		FFF48BD51D4F953400849B21 /* ViewController.swift in Sources */ = {isa = PBXBuildFile; fileRef = FFF48BD41D4F953400849B21 /* ViewController.swift */; };
		FFF48BD81D4F953400849B21 /* Main.storyboard in Resources */ = {isa = PBXBuildFile; fileRef = FFF48BD61D4F953400849B21 /* Main.storyboard */; };
		FFF48BDA1D4F953400849B21 /* Assets.xcassets in Resources */ = {isa = PBXBuildFile; fileRef = FFF48BD91D4F953400849B21 /* Assets.xcassets */; };
		FFF48BDD1D4F953400849B21 /* LaunchScreen.storyboard in Resources */ = {isa = PBXBuildFile; fileRef = FFF48BDB1D4F953400849B21 /* LaunchScreen.storyboard */; };
/* End PBXBuildFile section */

/* Begin PBXFileReference section */
		FFF48BCF1D4F953400849B21 /* closure_myFunc.app */ = {isa = PBXFileReference; explicitFileType = wrapper.application; includeInIndex = 0; path = closure_myFunc.app; sourceTree = BUILT_PRODUCTS_DIR; };
		FFF48BD21D4F953400849B21 /* AppDelegate.swift */ = {isa = PBXFileReference; lastKnownFileType = sourcecode.swift; path = AppDelegate.swift; sourceTree = "<group>"; };
		FFF48BD41D4F953400849B21 /* ViewController.swift */ = {isa = PBXFileReference; lastKnownFileType = sourcecode.swift; path = ViewController.swift; sourceTree = "<group>"; };
		FFF48BD71D4F953400849B21 /* Base */ = {isa = PBXFileReference; lastKnownFileType = file.storyboard; name = Base; path = Base.lproj/Main.storyboard; sourceTree = "<group>"; };
		FFF48BD91D4F953400849B21 /* Assets.xcassets */ = {isa = PBXFileReference; lastKnownFileType = folder.assetcatalog; path = Assets.xcassets; sourceTree = "<group>"; };
		FFF48BDC1D4F953400849B21 /* Base */ = {isa = PBXFileReference; lastKnownFileType = file.storyboard; name = Base; path = Base.lproj/LaunchScreen.storyboard; sourceTree = "<group>"; };
		FFF48BDE1D4F953400849B21 /* Info.plist */ = {isa = PBXFileReference; lastKnownFileType = text.plist.xml; path = Info.plist; sourceTree = "<group>"; };
/* End PBXFileReference section */

/* Begin PBXFrameworksBuildPhase section */
		FFF48BCC1D4F953400849B21 /* Frameworks */ = {
			isa = PBXFrameworksBuildPhase;
			buildActionMask = 2147483647;
			files = (
			);
			runOnlyForDeploymentPostprocessing = 0;
		};
/* End PBXFrameworksBuildPhase section */

/* Begin PBXGroup section */
		FFF48BC61D4F953400849B21 = {
			isa = PBXGroup;
			children = (
				FFF48BD11D4F953400849B21 /* closure_myFunc */,
				FFF48BD01D4F953400849B21 /* Products */,
			);
			sourceTree = "<group>";
		};
		FFF48BD01D4F953400849B21 /* Products */ = {
			isa = PBXGroup;
			children = (
				FFF48BCF1D4F953400849B21 /* closure_myFunc.app */,
			);
			name = Products;
			sourceTree = "<group>";
		};
		FFF48BD11D4F953400849B21 /* closure_myFunc */ = {
			isa = PBXGroup;
			children = (
				FFF48BD21D4F953400849B21 /* AppDelegate.swift */,
				FFF48BD41D4F953400849B21 /* ViewController.swift */,
				FFF48BD61D4F953400849B21 /* Main.storyboard */,
				FFF48BD91D4F953400849B21 /* Assets.xcassets */,
				FFF48BDB1D4F953400849B21 /* LaunchScreen.storyboard */,
				FFF48BDE1D4F953400849B21 /* Info.plist */,
			);
			path = closure_myFunc;
			sourceTree = "<group>";
		};
/* End PBXGroup section */

/* Begin PBXNativeTarget section */
		FFF48BCE1D4F953400849B21 /* closure_myFunc */ = {
			isa = PBXNativeTarget;
			buildConfigurationList = FFF48BE11D4F953400849B21 /* Build configuration list for PBXNativeTarget "closure_myFunc" */;
			buildPhases = (
				FFF48BCB1D4F953400849B21 /* Sources */,
				FFF48BCC1D4F953400849B21 /* Frameworks */,
				FFF48BCD1D4F953400849B21 /* Resources */,
			);
			buildRules = (
			);
			dependencies = (
			);
			name = closure_myFunc;
			productName = closure_myFunc;
			productReference = FFF48BCF1D4F953400849B21 /* closure_myFunc.app */;
			productType = "com.apple.product-type.application";
		};
/* End PBXNativeTarget section */

/* Begin PBXProject section */
		FFF48BC71D4F953400849B21 /* Project object */ = {
			isa = PBXProject;
			attributes = {
				LastSwiftUpdateCheck = 0800;
				LastUpgradeCheck = 0810;
				ORGANIZATIONNAME = "yoshiyuki oshige";
				TargetAttributes = {
					FFF48BCE1D4F953400849B21 = {
						CreatedOnToolsVersion = 8.0;
						DevelopmentTeam = EV28Y3W68P;
						DevelopmentTeamName = "Yoshiyuki Oshige";
						ProvisioningStyle = Automatic;
					};
				};
			};
			buildConfigurationList = FFF48BCA1D4F953400849B21 /* Build configuration list for PBXProject "closure_myFunc" */;
			compatibilityVersion = "Xcode 3.2";
			developmentRegion = English;
			hasScannedForEncodings = 0;
			knownRegions = (
				en,
				Base,
			);
			mainGroup = FFF48BC61D4F953400849B21;
			productRefGroup = FFF48BD01D4F953400849B21 /* Products */;
			projectDirPath = "";
			projectRoot = "";
			targets = (
				FFF48BCE1D4F953400849B21 /* closure_myFunc */,
			);
		};
/* End PBXProject section */

/* Begin PBXResourcesBuildPhase section */
		FFF48BCD1D4F953400849B21 /* Resources */ = {
			isa = PBXResourcesBuildPhase;
			buildActionMask = 2147483647;
			files = (
				FFF48BDD1D4F953400849B21 /* LaunchScreen.storyboard in Resources */,
				FFF48BDA1D4F953400849B21 /* Assets.xcassets in Resources */,
				FFF48BD81D4F953400849B21 /* Main.storyboard in Resources */,
			);
			runOnlyForDeploymentPostprocessing = 0;
		};
/* End PBXResourcesBuildPhase section */

/* Begin PBXSourcesBuildPhase section */
		FFF48BCB1D4F953400849B21 /* Sources */ = {
			isa = PBXSourcesBuildPhase;
			buildActionMask = 2147483647;
			files = (
				FFF48BD51D4F953400849B21 /* ViewController.swift in Sources */,
				FFF48BD31D4F953400849B21 /* AppDelegate.swift in Sources */,
			);
			runOnlyForDeploymentPostprocessing = 0;
		};
/* End PBXSourcesBuildPhase section */

/* Begin PBXVariantGroup section */
		FFF48BD61D4F953400849B21 /* Main.storyboard */ = {
			isa = PBXVariantGroup;
			children = (
				FFF48BD71D4F953400849B21 /* Base */,
			);
			name = Main.storyboard;
			sourceTree = "<group>";
		};
		FFF48BDB1D4F953400849B21 /* LaunchScreen.storyboard */ = {
			isa = PBXVariantGroup;
			children = (
				FFF48BDC1D4F953400849B21 /* Base */,
			);
			name = LaunchScreen.storyboard;
			sourceTree = "<group>";
		};
/* End PBXVariantGroup section */

/* Begin XCBuildConfiguration section */
		FFF48BDF1D4F953400849B21 /* Debug */ = {
			isa = XCBuildConfiguration;
			buildSettings = {
				ALWAYS_SEARCH_USER_PATHS = NO;
				CLANG_ANALYZER_NONNULL = YES;
				CLANG_CXX_LANGUAGE_STANDARD = "gnu++0x";
				CLANG_CXX_LIBRARY = "libc++";
				CLANG_ENABLE_MODULES = YES;
				CLANG_ENABLE_OBJC_ARC = YES;
				CLANG_WARN_BOOL_CONVERSION = YES;
				CLANG_WARN_CONSTANT_CONVERSION = YES;
				CLANG_WARN_DIRECT_OBJC_ISA_USAGE = YES_ERROR;
				CLANG_WARN_DOCUMENTATION_COMMENTS = YES;
				CLANG_WARN_EMPTY_BODY = YES;
				CLANG_WARN_ENUM_CONVERSION = YES;
				CLANG_WARN_INFINITE_RECURSION = YES;
				CLANG_WARN_INT_CONVERSION = YES;
				CLANG_WARN_OBJC_ROOT_CLASS = YES_ERROR;
				CLANG_WARN_SUSPICIOUS_MOVE = YES;
				CLANG_WARN_UNREACHABLE_CODE = YES;
				CLANG_WARN__DUPLICATE_METHOD_MATCH = YES;
				"CODE_SIGN_IDENTITY[sdk=iphoneos*]" = "iPhone Developer";
				COPY_PHASE_STRIP = NO;
				DEBUG_INFORMATION_FORMAT = dwarf;
				ENABLE_STRICT_OBJC_MSGSEND = YES;
				ENABLE_TESTABILITY = YES;
				GCC_C_LANGUAGE_STANDARD = gnu99;
				GCC_DYNAMIC_NO_PIC = NO;
				GCC_NO_COMMON_BLOCKS = YES;
				GCC_OPTIMIZATION_LEVEL = 0;
				GCC_PREPROCESSOR_DEFINITIONS = (
					"DEBUG=1",
					"$(inherited)",
				);
				GCC_WARN_64_TO_32_BIT_CONVERSION = YES;
				GCC_WARN_ABOUT_RETURN_TYPE = YES_ERROR;
				GCC_WARN_UNDECLARED_SELECTOR = YES;
				GCC_WARN_UNINITIALIZED_AUTOS = YES_AGGRESSIVE;
				GCC_WARN_UNUSED_FUNCTION = YES;
				GCC_WARN_UNUSED_VARIABLE = YES;
				IPHONEOS_DEPLOYMENT_TARGET = 10.0;
				MTL_ENABLE_DEBUG_INFO = YES;
				ONLY_ACTIVE_ARCH = YES;
				SDKROOT = iphoneos;
				SWIFT_ACTIVE_COMPILATION_CONDITIONS = DEBUG;
				SWIFT_OPTIMIZATION_LEVEL = "-Onone";
				TARGETED_DEVICE_FAMILY = "1,2";
			};
			name = Debug;
		};
		FFF48BE01D4F953400849B21 /* Release */ = {
			isa = XCBuildConfiguration;
			buildSettings = {
				ALWAYS_SEARCH_USER_PATHS = NO;
				CLANG_ANALYZER_NONNULL = YES;
				CLANG_CXX_LANGUAGE_STANDARD = "gnu++0x";
				CLANG_CXX_LIBRARY = "libc++";
				CLANG_ENABLE_MODULES = YES;
				CLANG_ENABLE_OBJC_ARC = YES;
				CLANG_WARN_BOOL_CONVERSION = YES;
				CLANG_WARN_CONSTANT_CONVERSION = YES;
				CLANG_WARN_DIRECT_OBJC_ISA_USAGE = YES_ERROR;
				CLANG_WARN_DOCUMENTATION_COMMENTS = YES;
				CLANG_WARN_EMPTY_BODY = YES;
				CLANG_WARN_ENUM_CONVERSION = YES;
				CLANG_WARN_INFINITE_RECURSION = YES;
				CLANG_WARN_INT_CONVERSION = YES;
				CLANG_WARN_OBJC_ROOT_CLASS = YES_ERROR;
				CLANG_WARN_SUSPICIOUS_MOVE = YES;
				CLANG_WARN_UNREACHABLE_CODE = YES;
				CLANG_WARN__DUPLICATE_METHOD_MATCH = YES;
				"CODE_SIGN_IDENTITY[sdk=iphoneos*]" = "iPhone Developer";
				COPY_PHASE_STRIP = NO;
				DEBUG_INFORMATION_FORMAT = "dwarf-with-dsym";
				ENABLE_NS_ASSERTIONS = NO;
				ENABLE_STRICT_OBJC_MSGSEND = YES;
				GCC_C_LANGUAGE_STANDARD = gnu99;
				GCC_NO_COMMON_BLOCKS = YES;
				GCC_WARN_64_TO_32_BIT_CONVERSION = YES;
				GCC_WARN_ABOUT_RETURN_TYPE = YES_ERROR;
				GCC_WARN_UNDECLARED_SELECTOR = YES;
				GCC_WARN_UNINITIALIZED_AUTOS = YES_AGGRESSIVE;
				GCC_WARN_UNUSED_FUNCTION = YES;
				GCC_WARN_UNUSED_VARIABLE = YES;
				IPHONEOS_DEPLOYMENT_TARGET = 10.0;
				MTL_ENABLE_DEBUG_INFO = NO;
				SDKROOT = iphoneos;
				SWIFT_OPTIMIZATION_LEVEL = "-Owholemodule";
				TARGETED_DEVICE_FAMILY = "1,2";
				VALIDATE_PRODUCT = YES;
			};
			name = Release;
		};
		FFF48BE21D4F953400849B21 /* Debug */ = {
			isa = XCBuildConfiguration;
			buildSettings = {
				ASSETCATALOG_COMPILER_APPICON_NAME = AppIcon;
				INFOPLIST_FILE = closure_myFunc/Info.plist;
				LD_RUNPATH_SEARCH_PATHS = "$(inherited) @executable_path/Frameworks";
				PRODUCT_BUNDLE_IDENTIFIER = "com.oshige.closure-myFunc";
				PRODUCT_NAME = "$(TARGET_NAME)";
				SWIFT_VERSION = 3.0;
			};
			name = Debug;
		};
		FFF48BE31D4F953400849B21 /* Release */ = {
			isa = XCBuildConfiguration;
			buildSettings = {
				ASSETCATALOG_COMPILER_APPICON_NAME = AppIcon;
				INFOPLIST_FILE = closure_myFunc/Info.plist;
				LD_RUNPATH_SEARCH_PATHS = "$(inherited) @executable_path/Frameworks";
				PRODUCT_BUNDLE_IDENTIFIER = "com.oshige.closure-myFunc";
				PRODUCT_NAME = "$(TARGET_NAME)";
				SWIFT_VERSION = 3.0;
			};
			name = Release;
		};
/* End XCBuildConfiguration section */

/* Begin XCConfigurationList section */
		FFF48BCA1D4F953400849B21 /* Build configuration list for PBXProject "closure_myFunc" */ = {
			isa = XCConfigurationList;
			buildConfigurations = (
				FFF48BDF1D4F953400849B21 /* Debug */,
				FFF48BE01D4F953400849B21 /* Release */,
			);
			defaultConfigurationIsVisible = 0;
			defaultConfigurationName = Release;
		};
		FFF48BE11D4F953400849B21 /* Build configuration list for PBXNativeTarget "closure_myFunc" */ = {
			isa = XCConfigurationList;
			buildConfigurations = (
				FFF48BE21D4F953400849B21 /* Debug */,
				FFF48BE31D4F953400849B21 /* Release */,
			);
			defaultConfigurationIsVisible = 0;
			defaultConfigurationName = Release;
		};
/* End XCConfigurationList section */
	};
	rootObject = FFF48BC71D4F953400849B21 /* Project object */;
}
