// !$*UTF8*$!
{
	archiveVersion = 1;
	classes = {
	};
	objectVersion = 46;
	objects = {

/* Begin PBXBuildFile section */
		FF875F401D471DD1005E34B4 /* AppDelegate.swift in Sources */ = {isa = PBXBuildFile; fileRef = FF875F3F1D471DD1005E34B4 /* AppDelegate.swift */; };
		FF875F421D471DD1005E34B4 /* ViewController.swift in Sources */ = {isa = PBXBuildFile; fileRef = FF875F411D471DD1005E34B4 /* ViewController.swift */; };
		FF875F451D471DD1005E34B4 /* Main.storyboard in Resources */ = {isa = PBXBuildFile; fileRef = FF875F431D471DD1005E34B4 /* Main.storyboard */; };
		FF875F471D471DD1005E34B4 /* Assets.xcassets in Resources */ = {isa = PBXBuildFile; fileRef = FF875F461D471DD1005E34B4 /* Assets.xcassets */; };
		FF875F4A1D471DD1005E34B4 /* LaunchScreen.storyboard in Resources */ = {isa = PBXBuildFile; fileRef = FF875F481D471DD1005E34B4 /* LaunchScreen.storyboard */; };
/* End PBXBuildFile section */

/* Begin PBXFileReference section */
		FF875F3C1D471DD1005E34B4 /* for-in_range.app */ = {isa = PBXFileReference; explicitFileType = wrapper.application; includeInIndex = 0; path = "for-in_range.app"; sourceTree = BUILT_PRODUCTS_DIR; };
		FF875F3F1D471DD1005E34B4 /* AppDelegate.swift */ = {isa = PBXFileReference; lastKnownFileType = sourcecode.swift; path = AppDelegate.swift; sourceTree = "<group>"; };
		FF875F411D471DD1005E34B4 /* ViewController.swift */ = {isa = PBXFileReference; lastKnownFileType = sourcecode.swift; path = ViewController.swift; sourceTree = "<group>"; };
		FF875F441D471DD1005E34B4 /* Base */ = {isa = PBXFileReference; lastKnownFileType = file.storyboard; name = Base; path = Base.lproj/Main.storyboard; sourceTree = "<group>"; };
		FF875F461D471DD1005E34B4 /* Assets.xcassets */ = {isa = PBXFileReference; lastKnownFileType = folder.assetcatalog; path = Assets.xcassets; sourceTree = "<group>"; };
		FF875F491D471DD1005E34B4 /* Base */ = {isa = PBXFileReference; lastKnownFileType = file.storyboard; name = Base; path = Base.lproj/LaunchScreen.storyboard; sourceTree = "<group>"; };
		FF875F4B1D471DD1005E34B4 /* Info.plist */ = {isa = PBXFileReference; lastKnownFileType = text.plist.xml; path = Info.plist; sourceTree = "<group>"; };
/* End PBXFileReference section */

/* Begin PBXFrameworksBuildPhase section */
		FF875F391D471DD1005E34B4 /* Frameworks */ = {
			isa = PBXFrameworksBuildPhase;
			buildActionMask = 2147483647;
			files = (
			);
			runOnlyForDeploymentPostprocessing = 0;
		};
/* End PBXFrameworksBuildPhase section */

/* Begin PBXGroup section */
		FF875F331D471DD1005E34B4 = {
			isa = PBXGroup;
			children = (
				FF875F3E1D471DD1005E34B4 /* for-in_range */,
				FF875F3D1D471DD1005E34B4 /* Products */,
			);
			sourceTree = "<group>";
		};
		FF875F3D1D471DD1005E34B4 /* Products */ = {
			isa = PBXGroup;
			children = (
				FF875F3C1D471DD1005E34B4 /* for-in_range.app */,
			);
			name = Products;
			sourceTree = "<group>";
		};
		FF875F3E1D471DD1005E34B4 /* for-in_range */ = {
			isa = PBXGroup;
			children = (
				FF875F3F1D471DD1005E34B4 /* AppDelegate.swift */,
				FF875F411D471DD1005E34B4 /* ViewController.swift */,
				FF875F431D471DD1005E34B4 /* Main.storyboard */,
				FF875F461D471DD1005E34B4 /* Assets.xcassets */,
				FF875F481D471DD1005E34B4 /* LaunchScreen.storyboard */,
				FF875F4B1D471DD1005E34B4 /* Info.plist */,
			);
			path = "for-in_range";
			sourceTree = "<group>";
		};
/* End PBXGroup section */

/* Begin PBXNativeTarget section */
		FF875F3B1D471DD1005E34B4 /* for-in_range */ = {
			isa = PBXNativeTarget;
			buildConfigurationList = FF875F4E1D471DD1005E34B4 /* Build configuration list for PBXNativeTarget "for-in_range" */;
			buildPhases = (
				FF875F381D471DD1005E34B4 /* Sources */,
				FF875F391D471DD1005E34B4 /* Frameworks */,
				FF875F3A1D471DD1005E34B4 /* Resources */,
			);
			buildRules = (
			);
			dependencies = (
			);
			name = "for-in_range";
			productName = "for-in_range";
			productReference = FF875F3C1D471DD1005E34B4 /* for-in_range.app */;
			productType = "com.apple.product-type.application";
		};
/* End PBXNativeTarget section */

/* Begin PBXProject section */
		FF875F341D471DD1005E34B4 /* Project object */ = {
			isa = PBXProject;
			attributes = {
				LastSwiftUpdateCheck = 0800;
				LastUpgradeCheck = 0810;
				ORGANIZATIONNAME = "yoshiyuki oshige";
				TargetAttributes = {
					FF875F3B1D471DD1005E34B4 = {
						CreatedOnToolsVersion = 8.0;
						DevelopmentTeam = EV28Y3W68P;
						DevelopmentTeamName = "Yoshiyuki Oshige";
						ProvisioningStyle = Automatic;
					};
				};
			};
			buildConfigurationList = FF875F371D471DD1005E34B4 /* Build configuration list for PBXProject "for-in_range" */;
			compatibilityVersion = "Xcode 3.2";
			developmentRegion = English;
			hasScannedForEncodings = 0;
			knownRegions = (
				en,
				Base,
			);
			mainGroup = FF875F331D471DD1005E34B4;
			productRefGroup = FF875F3D1D471DD1005E34B4 /* Products */;
			projectDirPath = "";
			projectRoot = "";
			targets = (
				FF875F3B1D471DD1005E34B4 /* for-in_range */,
			);
		};
/* End PBXProject section */

/* Begin PBXResourcesBuildPhase section */
		FF875F3A1D471DD1005E34B4 /* Resources */ = {
			isa = PBXResourcesBuildPhase;
			buildActionMask = 2147483647;
			files = (
				FF875F4A1D471DD1005E34B4 /* LaunchScreen.storyboard in Resources */,
				FF875F471D471DD1005E34B4 /* Assets.xcassets in Resources */,
				FF875F451D471DD1005E34B4 /* Main.storyboard in Resources */,
			);
			runOnlyForDeploymentPostprocessing = 0;
		};
/* End PBXResourcesBuildPhase section */

/* Begin PBXSourcesBuildPhase section */
		FF875F381D471DD1005E34B4 /* Sources */ = {
			isa = PBXSourcesBuildPhase;
			buildActionMask = 2147483647;
			files = (
				FF875F421D471DD1005E34B4 /* ViewController.swift in Sources */,
				FF875F401D471DD1005E34B4 /* AppDelegate.swift in Sources */,
			);
			runOnlyForDeploymentPostprocessing = 0;
		};
/* End PBXSourcesBuildPhase section */

/* Begin PBXVariantGroup section */
		FF875F431D471DD1005E34B4 /* Main.storyboard */ = {
			isa = PBXVariantGroup;
			children = (
				FF875F441D471DD1005E34B4 /* Base */,
			);
			name = Main.storyboard;
			sourceTree = "<group>";
		};
		FF875F481D471DD1005E34B4 /* LaunchScreen.storyboard */ = {
			isa = PBXVariantGroup;
			children = (
				FF875F491D471DD1005E34B4 /* Base */,
			);
			name = LaunchScreen.storyboard;
			sourceTree = "<group>";
		};
/* End PBXVariantGroup section */

/* Begin XCBuildConfiguration section */
		FF875F4C1D471DD1005E34B4 /* Debug */ = {
			isa = XCBuildConfiguration;
			buildSettings = {
				ALWAYS_SEARCH_USER_PATHS = NO;
				CLANG_ANALYZER_NONNULL = YES;
				CLANG_CXX_LANGUAGE_STANDARD = "gnu++0x";
				CLANG_CXX_LIBRARY = "libc++";
				CLANG_ENABLE_MODULES = YES;
				CLANG_ENABLE_OBJC_ARC = YES;
				CLANG_WARN_BOOL_CONVERSION = YES;
				CLANG_WARN_CONSTANT_CONVERSION = YES;
				CLANG_WARN_DIRECT_OBJC_ISA_USAGE = YES_ERROR;
				CLANG_WARN_DOCUMENTATION_COMMENTS = YES;
				CLANG_WARN_EMPTY_BODY = YES;
				CLANG_WARN_ENUM_CONVERSION = YES;
				CLANG_WARN_INFINITE_RECURSION = YES;
				CLANG_WARN_INT_CONVERSION = YES;
				CLANG_WARN_OBJC_ROOT_CLASS = YES_ERROR;
				CLANG_WARN_SUSPICIOUS_MOVE = YES;
				CLANG_WARN_UNREACHABLE_CODE = YES;
				CLANG_WARN__DUPLICATE_METHOD_MATCH = YES;
				"CODE_SIGN_IDENTITY[sdk=iphoneos*]" = "iPhone Developer";
				COPY_PHASE_STRIP = NO;
				DEBUG_INFORMATION_FORMAT = dwarf;
				ENABLE_STRICT_OBJC_MSGSEND = YES;
				ENABLE_TESTABILITY = YES;
				GCC_C_LANGUAGE_STANDARD = gnu99;
				GCC_DYNAMIC_NO_PIC = NO;
				GCC_NO_COMMON_BLOCKS = YES;
				GCC_OPTIMIZATION_LEVEL = 0;
				GCC_PREPROCESSOR_DEFINITIONS = (
					"DEBUG=1",
					"$(inherited)",
				);
				GCC_WARN_64_TO_32_BIT_CONVERSION = YES;
				GCC_WARN_ABOUT_RETURN_TYPE = YES_ERROR;
				GCC_WARN_UNDECLARED_SELECTOR = YES;
				GCC_WARN_UNINITIALIZED_AUTOS = YES_AGGRESSIVE;
				GCC_WARN_UNUSED_FUNCTION = YES;
				GCC_WARN_UNUSED_VARIABLE = YES;
				IPHONEOS_DEPLOYMENT_TARGET = 10.0;
				MTL_ENABLE_DEBUG_INFO = YES;
				ONLY_ACTIVE_ARCH = YES;
				SDKROOT = iphoneos;
				SWIFT_ACTIVE_COMPILATION_CONDITIONS = DEBUG;
				SWIFT_OPTIMIZATION_LEVEL = "-Onone";
				TARGETED_DEVICE_FAMILY = "1,2";
			};
			name = Debug;
		};
		FF875F4D1D471DD1005E34B4 /* Release */ = {
			isa = XCBuildConfiguration;
			buildSettings = {
				ALWAYS_SEARCH_USER_PATHS = NO;
				CLANG_ANALYZER_NONNULL = YES;
				CLANG_CXX_LANGUAGE_STANDARD = "gnu++0x";
				CLANG_CXX_LIBRARY = "libc++";
				CLANG_ENABLE_MODULES = YES;
				CLANG_ENABLE_OBJC_ARC = YES;
				CLANG_WARN_BOOL_CONVERSION = YES;
				CLANG_WARN_CONSTANT_CONVERSION = YES;
				CLANG_WARN_DIRECT_OBJC_ISA_USAGE = YES_ERROR;
				CLANG_WARN_DOCUMENTATION_COMMENTS = YES;
				CLANG_WARN_EMPTY_BODY = YES;
				CLANG_WARN_ENUM_CONVERSION = YES;
				CLANG_WARN_INFINITE_RECURSION = YES;
				CLANG_WARN_INT_CONVERSION = YES;
				CLANG_WARN_OBJC_ROOT_CLASS = YES_ERROR;
				CLANG_WARN_SUSPICIOUS_MOVE = YES;
				CLANG_WARN_UNREACHABLE_CODE = YES;
				CLANG_WARN__DUPLICATE_METHOD_MATCH = YES;
				"CODE_SIGN_IDENTITY[sdk=iphoneos*]" = "iPhone Developer";
				COPY_PHASE_STRIP = NO;
				DEBUG_INFORMATION_FORMAT = "dwarf-with-dsym";
				ENABLE_NS_ASSERTIONS = NO;
				ENABLE_STRICT_OBJC_MSGSEND = YES;
				GCC_C_LANGUAGE_STANDARD = gnu99;
				GCC_NO_COMMON_BLOCKS = YES;
				GCC_WARN_64_TO_32_BIT_CONVERSION = YES;
				GCC_WARN_ABOUT_RETURN_TYPE = YES_ERROR;
				GCC_WARN_UNDECLARED_SELECTOR = YES;
				GCC_WARN_UNINITIALIZED_AUTOS = YES_AGGRESSIVE;
				GCC_WARN_UNUSED_FUNCTION = YES;
				GCC_WARN_UNUSED_VARIABLE = YES;
				IPHONEOS_DEPLOYMENT_TARGET = 10.0;
				MTL_ENABLE_DEBUG_INFO = NO;
				SDKROOT = iphoneos;
				SWIFT_OPTIMIZATION_LEVEL = "-Owholemodule";
				TARGETED_DEVICE_FAMILY = "1,2";
				VALIDATE_PRODUCT = YES;
			};
			name = Release;
		};
		FF875F4F1D471DD1005E34B4 /* Debug */ = {
			isa = XCBuildConfiguration;
			buildSettings = {
				ASSETCATALOG_COMPILER_APPICON_NAME = AppIcon;
				INFOPLIST_FILE = "for-in_range/Info.plist";
				LD_RUNPATH_SEARCH_PATHS = "$(inherited) @executable_path/Frameworks";
				PRODUCT_BUNDLE_IDENTIFIER = "com.oshige.for-in-range";
				PRODUCT_NAME = "$(TARGET_NAME)";
				SWIFT_VERSION = 3.0;
			};
			name = Debug;
		};
		FF875F501D471DD1005E34B4 /* Release */ = {
			isa = XCBuildConfiguration;
			buildSettings = {
				ASSETCATALOG_COMPILER_APPICON_NAME = AppIcon;
				INFOPLIST_FILE = "for-in_range/Info.plist";
				LD_RUNPATH_SEARCH_PATHS = "$(inherited) @executable_path/Frameworks";
				PRODUCT_BUNDLE_IDENTIFIER = "com.oshige.for-in-range";
				PRODUCT_NAME = "$(TARGET_NAME)";
				SWIFT_VERSION = 3.0;
			};
			name = Release;
		};
/* End XCBuildConfiguration section */

/* Begin XCConfigurationList section */
		FF875F371D471DD1005E34B4 /* Build configuration list for PBXProject "for-in_range" */ = {
			isa = XCConfigurationList;
			buildConfigurations = (
				FF875F4C1D471DD1005E34B4 /* Debug */,
				FF875F4D1D471DD1005E34B4 /* Release */,
			);
			defaultConfigurationIsVisible = 0;
			defaultConfigurationName = Release;
		};
		FF875F4E1D471DD1005E34B4 /* Build configuration list for PBXNativeTarget "for-in_range" */ = {
			isa = XCConfigurationList;
			buildConfigurations = (
				FF875F4F1D471DD1005E34B4 /* Debug */,
				FF875F501D471DD1005E34B4 /* Release */,
			);
			defaultConfigurationIsVisible = 0;
			defaultConfigurationName = Release;
		};
/* End XCConfigurationList section */
	};
	rootObject = FF875F341D471DD1005E34B4 /* Project object */;
}
