// !$*UTF8*$!
{
	archiveVersion = 1;
	classes = {
	};
	objectVersion = 46;
	objects = {

/* Begin PBXBuildFile section */
		FFD829EA1D600F0000CE8244 /* AppDelegate.swift in Sources */ = {isa = PBXBuildFile; fileRef = FFD829E91D600F0000CE8244 /* AppDelegate.swift */; };
		FFD829EC1D600F0000CE8244 /* ViewController.swift in Sources */ = {isa = PBXBuildFile; fileRef = FFD829EB1D600F0000CE8244 /* ViewController.swift */; };
		FFD829EF1D600F0000CE8244 /* Main.storyboard in Resources */ = {isa = PBXBuildFile; fileRef = FFD829ED1D600F0000CE8244 /* Main.storyboard */; };
		FFD829F11D600F0000CE8244 /* Assets.xcassets in Resources */ = {isa = PBXBuildFile; fileRef = FFD829F01D600F0000CE8244 /* Assets.xcassets */; };
		FFD829F41D600F0000CE8244 /* LaunchScreen.storyboard in Resources */ = {isa = PBXBuildFile; fileRef = FFD829F21D600F0000CE8244 /* LaunchScreen.storyboard */; };
/* End PBXBuildFile section */

/* Begin PBXFileReference section */
		FFD829E61D600F0000CE8244 /* set_for-in.app */ = {isa = PBXFileReference; explicitFileType = wrapper.application; includeInIndex = 0; path = "set_for-in.app"; sourceTree = BUILT_PRODUCTS_DIR; };
		FFD829E91D600F0000CE8244 /* AppDelegate.swift */ = {isa = PBXFileReference; lastKnownFileType = sourcecode.swift; path = AppDelegate.swift; sourceTree = "<group>"; };
		FFD829EB1D600F0000CE8244 /* ViewController.swift */ = {isa = PBXFileReference; lastKnownFileType = sourcecode.swift; path = ViewController.swift; sourceTree = "<group>"; };
		FFD829EE1D600F0000CE8244 /* Base */ = {isa = PBXFileReference; lastKnownFileType = file.storyboard; name = Base; path = Base.lproj/Main.storyboard; sourceTree = "<group>"; };
		FFD829F01D600F0000CE8244 /* Assets.xcassets */ = {isa = PBXFileReference; lastKnownFileType = folder.assetcatalog; path = Assets.xcassets; sourceTree = "<group>"; };
		FFD829F31D600F0000CE8244 /* Base */ = {isa = PBXFileReference; lastKnownFileType = file.storyboard; name = Base; path = Base.lproj/LaunchScreen.storyboard; sourceTree = "<group>"; };
		FFD829F51D600F0000CE8244 /* Info.plist */ = {isa = PBXFileReference; lastKnownFileType = text.plist.xml; path = Info.plist; sourceTree = "<group>"; };
/* End PBXFileReference section */

/* Begin PBXFrameworksBuildPhase section */
		FFD829E31D600F0000CE8244 /* Frameworks */ = {
			isa = PBXFrameworksBuildPhase;
			buildActionMask = 2147483647;
			files = (
			);
			runOnlyForDeploymentPostprocessing = 0;
		};
/* End PBXFrameworksBuildPhase section */

/* Begin PBXGroup section */
		FFD829DD1D600F0000CE8244 = {
			isa = PBXGroup;
			children = (
				FFD829E81D600F0000CE8244 /* set_for-in */,
				FFD829E71D600F0000CE8244 /* Products */,
			);
			sourceTree = "<group>";
		};
		FFD829E71D600F0000CE8244 /* Products */ = {
			isa = PBXGroup;
			children = (
				FFD829E61D600F0000CE8244 /* set_for-in.app */,
			);
			name = Products;
			sourceTree = "<group>";
		};
		FFD829E81D600F0000CE8244 /* set_for-in */ = {
			isa = PBXGroup;
			children = (
				FFD829E91D600F0000CE8244 /* AppDelegate.swift */,
				FFD829EB1D600F0000CE8244 /* ViewController.swift */,
				FFD829ED1D600F0000CE8244 /* Main.storyboard */,
				FFD829F01D600F0000CE8244 /* Assets.xcassets */,
				FFD829F21D600F0000CE8244 /* LaunchScreen.storyboard */,
				FFD829F51D600F0000CE8244 /* Info.plist */,
			);
			path = "set_for-in";
			sourceTree = "<group>";
		};
/* End PBXGroup section */

/* Begin PBXNativeTarget section */
		FFD829E51D600F0000CE8244 /* set_for-in */ = {
			isa = PBXNativeTarget;
			buildConfigurationList = FFD829F81D600F0000CE8244 /* Build configuration list for PBXNativeTarget "set_for-in" */;
			buildPhases = (
				FFD829E21D600F0000CE8244 /* Sources */,
				FFD829E31D600F0000CE8244 /* Frameworks */,
				FFD829E41D600F0000CE8244 /* Resources */,
			);
			buildRules = (
			);
			dependencies = (
			);
			name = "set_for-in";
			productName = "set_for-in";
			productReference = FFD829E61D600F0000CE8244 /* set_for-in.app */;
			productType = "com.apple.product-type.application";
		};
/* End PBXNativeTarget section */

/* Begin PBXProject section */
		FFD829DE1D600F0000CE8244 /* Project object */ = {
			isa = PBXProject;
			attributes = {
				LastSwiftUpdateCheck = 0800;
				LastUpgradeCheck = 0810;
				ORGANIZATIONNAME = "yoshiyuki oshige";
				TargetAttributes = {
					FFD829E51D600F0000CE8244 = {
						CreatedOnToolsVersion = 8.0;
						DevelopmentTeam = EV28Y3W68P;
						ProvisioningStyle = Automatic;
					};
				};
			};
			buildConfigurationList = FFD829E11D600F0000CE8244 /* Build configuration list for PBXProject "set_for-in" */;
			compatibilityVersion = "Xcode 3.2";
			developmentRegion = English;
			hasScannedForEncodings = 0;
			knownRegions = (
				en,
				Base,
			);
			mainGroup = FFD829DD1D600F0000CE8244;
			productRefGroup = FFD829E71D600F0000CE8244 /* Products */;
			projectDirPath = "";
			projectRoot = "";
			targets = (
				FFD829E51D600F0000CE8244 /* set_for-in */,
			);
		};
/* End PBXProject section */

/* Begin PBXResourcesBuildPhase section */
		FFD829E41D600F0000CE8244 /* Resources */ = {
			isa = PBXResourcesBuildPhase;
			buildActionMask = 2147483647;
			files = (
				FFD829F41D600F0000CE8244 /* LaunchScreen.storyboard in Resources */,
				FFD829F11D600F0000CE8244 /* Assets.xcassets in Resources */,
				FFD829EF1D600F0000CE8244 /* Main.storyboard in Resources */,
			);
			runOnlyForDeploymentPostprocessing = 0;
		};
/* End PBXResourcesBuildPhase section */

/* Begin PBXSourcesBuildPhase section */
		FFD829E21D600F0000CE8244 /* Sources */ = {
			isa = PBXSourcesBuildPhase;
			buildActionMask = 2147483647;
			files = (
				FFD829EC1D600F0000CE8244 /* ViewController.swift in Sources */,
				FFD829EA1D600F0000CE8244 /* AppDelegate.swift in Sources */,
			);
			runOnlyForDeploymentPostprocessing = 0;
		};
/* End PBXSourcesBuildPhase section */

/* Begin PBXVariantGroup section */
		FFD829ED1D600F0000CE8244 /* Main.storyboard */ = {
			isa = PBXVariantGroup;
			children = (
				FFD829EE1D600F0000CE8244 /* Base */,
			);
			name = Main.storyboard;
			sourceTree = "<group>";
		};
		FFD829F21D600F0000CE8244 /* LaunchScreen.storyboard */ = {
			isa = PBXVariantGroup;
			children = (
				FFD829F31D600F0000CE8244 /* Base */,
			);
			name = LaunchScreen.storyboard;
			sourceTree = "<group>";
		};
/* End PBXVariantGroup section */

/* Begin XCBuildConfiguration section */
		FFD829F61D600F0000CE8244 /* Debug */ = {
			isa = XCBuildConfiguration;
			buildSettings = {
				ALWAYS_SEARCH_USER_PATHS = NO;
				CLANG_ANALYZER_NONNULL = YES;
				CLANG_CXX_LANGUAGE_STANDARD = "gnu++0x";
				CLANG_CXX_LIBRARY = "libc++";
				CLANG_ENABLE_MODULES = YES;
				CLANG_ENABLE_OBJC_ARC = YES;
				CLANG_WARN_BOOL_CONVERSION = YES;
				CLANG_WARN_CONSTANT_CONVERSION = YES;
				CLANG_WARN_DIRECT_OBJC_ISA_USAGE = YES_ERROR;
				CLANG_WARN_DOCUMENTATION_COMMENTS = YES;
				CLANG_WARN_EMPTY_BODY = YES;
				CLANG_WARN_ENUM_CONVERSION = YES;
				CLANG_WARN_INFINITE_RECURSION = YES;
				CLANG_WARN_INT_CONVERSION = YES;
				CLANG_WARN_OBJC_ROOT_CLASS = YES_ERROR;
				CLANG_WARN_SUSPICIOUS_MOVE = YES;
				CLANG_WARN_SUSPICIOUS_MOVES = YES;
				CLANG_WARN_UNREACHABLE_CODE = YES;
				CLANG_WARN__DUPLICATE_METHOD_MATCH = YES;
				"CODE_SIGN_IDENTITY[sdk=iphoneos*]" = "iPhone Developer";
				COPY_PHASE_STRIP = NO;
				DEBUG_INFORMATION_FORMAT = dwarf;
				ENABLE_STRICT_OBJC_MSGSEND = YES;
				ENABLE_TESTABILITY = YES;
				GCC_C_LANGUAGE_STANDARD = gnu99;
				GCC_DYNAMIC_NO_PIC = NO;
				GCC_NO_COMMON_BLOCKS = YES;
				GCC_OPTIMIZATION_LEVEL = 0;
				GCC_PREPROCESSOR_DEFINITIONS = (
					"DEBUG=1",
					"$(inherited)",
				);
				GCC_WARN_64_TO_32_BIT_CONVERSION = YES;
				GCC_WARN_ABOUT_RETURN_TYPE = YES_ERROR;
				GCC_WARN_UNDECLARED_SELECTOR = YES;
				GCC_WARN_UNINITIALIZED_AUTOS = YES_AGGRESSIVE;
				GCC_WARN_UNUSED_FUNCTION = YES;
				GCC_WARN_UNUSED_VARIABLE = YES;
				IPHONEOS_DEPLOYMENT_TARGET = 10.0;
				MTL_ENABLE_DEBUG_INFO = YES;
				ONLY_ACTIVE_ARCH = YES;
				SDKROOT = iphoneos;
				SWIFT_ACTIVE_COMPILATION_CONDITIONS = DEBUG;
				SWIFT_OPTIMIZATION_LEVEL = "-Onone";
				TARGETED_DEVICE_FAMILY = "1,2";
			};
			name = Debug;
		};
		FFD829F71D600F0000CE8244 /* Release */ = {
			isa = XCBuildConfiguration;
			buildSettings = {
				ALWAYS_SEARCH_USER_PATHS = NO;
				CLANG_ANALYZER_NONNULL = YES;
				CLANG_CXX_LANGUAGE_STANDARD = "gnu++0x";
				CLANG_CXX_LIBRARY = "libc++";
				CLANG_ENABLE_MODULES = YES;
				CLANG_ENABLE_OBJC_ARC = YES;
				CLANG_WARN_BOOL_CONVERSION = YES;
				CLANG_WARN_CONSTANT_CONVERSION = YES;
				CLANG_WARN_DIRECT_OBJC_ISA_USAGE = YES_ERROR;
				CLANG_WARN_DOCUMENTATION_COMMENTS = YES;
				CLANG_WARN_EMPTY_BODY = YES;
				CLANG_WARN_ENUM_CONVERSION = YES;
				CLANG_WARN_INFINITE_RECURSION = YES;
				CLANG_WARN_INT_CONVERSION = YES;
				CLANG_WARN_OBJC_ROOT_CLASS = YES_ERROR;
				CLANG_WARN_SUSPICIOUS_MOVE = YES;
				CLANG_WARN_SUSPICIOUS_MOVES = YES;
				CLANG_WARN_UNREACHABLE_CODE = YES;
				CLANG_WARN__DUPLICATE_METHOD_MATCH = YES;
				"CODE_SIGN_IDENTITY[sdk=iphoneos*]" = "iPhone Developer";
				COPY_PHASE_STRIP = NO;
				DEBUG_INFORMATION_FORMAT = "dwarf-with-dsym";
				ENABLE_NS_ASSERTIONS = NO;
				ENABLE_STRICT_OBJC_MSGSEND = YES;
				GCC_C_LANGUAGE_STANDARD = gnu99;
				GCC_NO_COMMON_BLOCKS = YES;
				GCC_WARN_64_TO_32_BIT_CONVERSION = YES;
				GCC_WARN_ABOUT_RETURN_TYPE = YES_ERROR;
				GCC_WARN_UNDECLARED_SELECTOR = YES;
				GCC_WARN_UNINITIALIZED_AUTOS = YES_AGGRESSIVE;
				GCC_WARN_UNUSED_FUNCTION = YES;
				GCC_WARN_UNUSED_VARIABLE = YES;
				IPHONEOS_DEPLOYMENT_TARGET = 10.0;
				MTL_ENABLE_DEBUG_INFO = NO;
				SDKROOT = iphoneos;
				SWIFT_OPTIMIZATION_LEVEL = "-Owholemodule";
				TARGETED_DEVICE_FAMILY = "1,2";
				VALIDATE_PRODUCT = YES;
			};
			name = Release;
		};
		FFD829F91D600F0000CE8244 /* Debug */ = {
			isa = XCBuildConfiguration;
			buildSettings = {
				ASSETCATALOG_COMPILER_APPICON_NAME = AppIcon;
				DEVELOPMENT_TEAM = EV28Y3W68P;
				INFOPLIST_FILE = "set_for-in/Info.plist";
				LD_RUNPATH_SEARCH_PATHS = "$(inherited) @executable_path/Frameworks";
				PRODUCT_BUNDLE_IDENTIFIER = "com.oshige.set-for-in";
				PRODUCT_NAME = "$(TARGET_NAME)";
				SWIFT_VERSION = 3.0;
			};
			name = Debug;
		};
		FFD829FA1D600F0000CE8244 /* Release */ = {
			isa = XCBuildConfiguration;
			buildSettings = {
				ASSETCATALOG_COMPILER_APPICON_NAME = AppIcon;
				DEVELOPMENT_TEAM = EV28Y3W68P;
				INFOPLIST_FILE = "set_for-in/Info.plist";
				LD_RUNPATH_SEARCH_PATHS = "$(inherited) @executable_path/Frameworks";
				PRODUCT_BUNDLE_IDENTIFIER = "com.oshige.set-for-in";
				PRODUCT_NAME = "$(TARGET_NAME)";
				SWIFT_VERSION = 3.0;
			};
			name = Release;
		};
/* End XCBuildConfiguration section */

/* Begin XCConfigurationList section */
		FFD829E11D600F0000CE8244 /* Build configuration list for PBXProject "set_for-in" */ = {
			isa = XCConfigurationList;
			buildConfigurations = (
				FFD829F61D600F0000CE8244 /* Debug */,
				FFD829F71D600F0000CE8244 /* Release */,
			);
			defaultConfigurationIsVisible = 0;
			defaultConfigurationName = Release;
		};
		FFD829F81D600F0000CE8244 /* Build configuration list for PBXNativeTarget "set_for-in" */ = {
			isa = XCConfigurationList;
			buildConfigurations = (
				FFD829F91D600F0000CE8244 /* Debug */,
				FFD829FA1D600F0000CE8244 /* Release */,
			);
			defaultConfigurationIsVisible = 0;
			defaultConfigurationName = Release;
		};
/* End XCConfigurationList section */
	};
	rootObject = FFD829DE1D600F0000CE8244 /* Project object */;
}
