// !$*UTF8*$!
{
	archiveVersion = 1;
	classes = {
	};
	objectVersion = 46;
	objects = {

/* Begin PBXBuildFile section */
		FF38DDE41D91776C003BC9CA /* AppDelegate.swift in Sources */ = {isa = PBXBuildFile; fileRef = FF38DDE31D91776C003BC9CA /* AppDelegate.swift */; };
		FF38DDE61D91776C003BC9CA /* ViewController.swift in Sources */ = {isa = PBXBuildFile; fileRef = FF38DDE51D91776C003BC9CA /* ViewController.swift */; };
		FF38DDE91D91776C003BC9CA /* Main.storyboard in Resources */ = {isa = PBXBuildFile; fileRef = FF38DDE71D91776C003BC9CA /* Main.storyboard */; };
		FF38DDEB1D91776C003BC9CA /* Assets.xcassets in Resources */ = {isa = PBXBuildFile; fileRef = FF38DDEA1D91776C003BC9CA /* Assets.xcassets */; };
		FF38DDEE1D91776C003BC9CA /* LaunchScreen.storyboard in Resources */ = {isa = PBXBuildFile; fileRef = FF38DDEC1D91776C003BC9CA /* LaunchScreen.storyboard */; };
		FF38DE521D917FD1003BC9CA /* DetailViewController.swift in Sources */ = {isa = PBXBuildFile; fileRef = FF38DE511D917FD1003BC9CA /* DetailViewController.swift */; };
		FF38DE541D9181AB003BC9CA /* tree-a.png in Resources */ = {isa = PBXBuildFile; fileRef = FF38DE531D9181AB003BC9CA /* tree-a.png */; };
/* End PBXBuildFile section */

/* Begin PBXFileReference section */
		FF38DDE01D91776C003BC9CA /* supportedOriantation.app */ = {isa = PBXFileReference; explicitFileType = wrapper.application; includeInIndex = 0; path = supportedOriantation.app; sourceTree = BUILT_PRODUCTS_DIR; };
		FF38DDE31D91776C003BC9CA /* AppDelegate.swift */ = {isa = PBXFileReference; lastKnownFileType = sourcecode.swift; path = AppDelegate.swift; sourceTree = "<group>"; };
		FF38DDE51D91776C003BC9CA /* ViewController.swift */ = {isa = PBXFileReference; lastKnownFileType = sourcecode.swift; path = ViewController.swift; sourceTree = "<group>"; };
		FF38DDE81D91776C003BC9CA /* Base */ = {isa = PBXFileReference; lastKnownFileType = file.storyboard; name = Base; path = Base.lproj/Main.storyboard; sourceTree = "<group>"; };
		FF38DDEA1D91776C003BC9CA /* Assets.xcassets */ = {isa = PBXFileReference; lastKnownFileType = folder.assetcatalog; path = Assets.xcassets; sourceTree = "<group>"; };
		FF38DDED1D91776C003BC9CA /* Base */ = {isa = PBXFileReference; lastKnownFileType = file.storyboard; name = Base; path = Base.lproj/LaunchScreen.storyboard; sourceTree = "<group>"; };
		FF38DDEF1D91776C003BC9CA /* Info.plist */ = {isa = PBXFileReference; lastKnownFileType = text.plist.xml; path = Info.plist; sourceTree = "<group>"; };
		FF38DE511D917FD1003BC9CA /* DetailViewController.swift */ = {isa = PBXFileReference; fileEncoding = 4; lastKnownFileType = sourcecode.swift; path = DetailViewController.swift; sourceTree = "<group>"; };
		FF38DE531D9181AB003BC9CA /* tree-a.png */ = {isa = PBXFileReference; lastKnownFileType = image.png; path = "tree-a.png"; sourceTree = "<group>"; };
/* End PBXFileReference section */

/* Begin PBXFrameworksBuildPhase section */
		FF38DDDD1D91776C003BC9CA /* Frameworks */ = {
			isa = PBXFrameworksBuildPhase;
			buildActionMask = 2147483647;
			files = (
			);
			runOnlyForDeploymentPostprocessing = 0;
		};
/* End PBXFrameworksBuildPhase section */

/* Begin PBXGroup section */
		FF38DDD71D91776C003BC9CA = {
			isa = PBXGroup;
			children = (
				FF38DDE21D91776C003BC9CA /* supportedOriantation */,
				FF38DDE11D91776C003BC9CA /* Products */,
			);
			sourceTree = "<group>";
		};
		FF38DDE11D91776C003BC9CA /* Products */ = {
			isa = PBXGroup;
			children = (
				FF38DDE01D91776C003BC9CA /* supportedOriantation.app */,
			);
			name = Products;
			sourceTree = "<group>";
		};
		FF38DDE21D91776C003BC9CA /* supportedOriantation */ = {
			isa = PBXGroup;
			children = (
				FF38DDE31D91776C003BC9CA /* AppDelegate.swift */,
				FF38DDE51D91776C003BC9CA /* ViewController.swift */,
				FF38DE511D917FD1003BC9CA /* DetailViewController.swift */,
				FF38DDE71D91776C003BC9CA /* Main.storyboard */,
				FF38DDEA1D91776C003BC9CA /* Assets.xcassets */,
				FF38DE531D9181AB003BC9CA /* tree-a.png */,
				FF38DDEC1D91776C003BC9CA /* LaunchScreen.storyboard */,
				FF38DDEF1D91776C003BC9CA /* Info.plist */,
			);
			path = supportedOriantation;
			sourceTree = "<group>";
		};
/* End PBXGroup section */

/* Begin PBXNativeTarget section */
		FF38DDDF1D91776C003BC9CA /* supportedOriantation */ = {
			isa = PBXNativeTarget;
			buildConfigurationList = FF38DDF21D91776C003BC9CA /* Build configuration list for PBXNativeTarget "supportedOriantation" */;
			buildPhases = (
				FF38DDDC1D91776C003BC9CA /* Sources */,
				FF38DDDD1D91776C003BC9CA /* Frameworks */,
				FF38DDDE1D91776C003BC9CA /* Resources */,
			);
			buildRules = (
			);
			dependencies = (
			);
			name = supportedOriantation;
			productName = supportedOriantation;
			productReference = FF38DDE01D91776C003BC9CA /* supportedOriantation.app */;
			productType = "com.apple.product-type.application";
		};
/* End PBXNativeTarget section */

/* Begin PBXProject section */
		FF38DDD81D91776C003BC9CA /* Project object */ = {
			isa = PBXProject;
			attributes = {
				LastSwiftUpdateCheck = 0800;
				LastUpgradeCheck = 0810;
				ORGANIZATIONNAME = "yoshiyuki oshige";
				TargetAttributes = {
					FF38DDDF1D91776C003BC9CA = {
						CreatedOnToolsVersion = 8.0;
						DevelopmentTeam = EV28Y3W68P;
						ProvisioningStyle = Automatic;
					};
				};
			};
			buildConfigurationList = FF38DDDB1D91776C003BC9CA /* Build configuration list for PBXProject "supportedOriantation" */;
			compatibilityVersion = "Xcode 3.2";
			developmentRegion = English;
			hasScannedForEncodings = 0;
			knownRegions = (
				en,
				Base,
			);
			mainGroup = FF38DDD71D91776C003BC9CA;
			productRefGroup = FF38DDE11D91776C003BC9CA /* Products */;
			projectDirPath = "";
			projectRoot = "";
			targets = (
				FF38DDDF1D91776C003BC9CA /* supportedOriantation */,
			);
		};
/* End PBXProject section */

/* Begin PBXResourcesBuildPhase section */
		FF38DDDE1D91776C003BC9CA /* Resources */ = {
			isa = PBXResourcesBuildPhase;
			buildActionMask = 2147483647;
			files = (
				FF38DDEE1D91776C003BC9CA /* LaunchScreen.storyboard in Resources */,
				FF38DDEB1D91776C003BC9CA /* Assets.xcassets in Resources */,
				FF38DDE91D91776C003BC9CA /* Main.storyboard in Resources */,
				FF38DE541D9181AB003BC9CA /* tree-a.png in Resources */,
			);
			runOnlyForDeploymentPostprocessing = 0;
		};
/* End PBXResourcesBuildPhase section */

/* Begin PBXSourcesBuildPhase section */
		FF38DDDC1D91776C003BC9CA /* Sources */ = {
			isa = PBXSourcesBuildPhase;
			buildActionMask = 2147483647;
			files = (
				FF38DE521D917FD1003BC9CA /* DetailViewController.swift in Sources */,
				FF38DDE61D91776C003BC9CA /* ViewController.swift in Sources */,
				FF38DDE41D91776C003BC9CA /* AppDelegate.swift in Sources */,
			);
			runOnlyForDeploymentPostprocessing = 0;
		};
/* End PBXSourcesBuildPhase section */

/* Begin PBXVariantGroup section */
		FF38DDE71D91776C003BC9CA /* Main.storyboard */ = {
			isa = PBXVariantGroup;
			children = (
				FF38DDE81D91776C003BC9CA /* Base */,
			);
			name = Main.storyboard;
			sourceTree = "<group>";
		};
		FF38DDEC1D91776C003BC9CA /* LaunchScreen.storyboard */ = {
			isa = PBXVariantGroup;
			children = (
				FF38DDED1D91776C003BC9CA /* Base */,
			);
			name = LaunchScreen.storyboard;
			sourceTree = "<group>";
		};
/* End PBXVariantGroup section */

/* Begin XCBuildConfiguration section */
		FF38DDF01D91776C003BC9CA /* Debug */ = {
			isa = XCBuildConfiguration;
			buildSettings = {
				ALWAYS_SEARCH_USER_PATHS = NO;
				CLANG_ANALYZER_NONNULL = YES;
				CLANG_CXX_LANGUAGE_STANDARD = "gnu++0x";
				CLANG_CXX_LIBRARY = "libc++";
				CLANG_ENABLE_MODULES = YES;
				CLANG_ENABLE_OBJC_ARC = YES;
				CLANG_WARN_BOOL_CONVERSION = YES;
				CLANG_WARN_CONSTANT_CONVERSION = YES;
				CLANG_WARN_DIRECT_OBJC_ISA_USAGE = YES_ERROR;
				CLANG_WARN_DOCUMENTATION_COMMENTS = YES;
				CLANG_WARN_EMPTY_BODY = YES;
				CLANG_WARN_ENUM_CONVERSION = YES;
				CLANG_WARN_INFINITE_RECURSION = YES;
				CLANG_WARN_INT_CONVERSION = YES;
				CLANG_WARN_OBJC_ROOT_CLASS = YES_ERROR;
				CLANG_WARN_SUSPICIOUS_MOVE = YES;
				CLANG_WARN_SUSPICIOUS_MOVES = YES;
				CLANG_WARN_UNREACHABLE_CODE = YES;
				CLANG_WARN__DUPLICATE_METHOD_MATCH = YES;
				"CODE_SIGN_IDENTITY[sdk=iphoneos*]" = "iPhone Developer";
				COPY_PHASE_STRIP = NO;
				DEBUG_INFORMATION_FORMAT = dwarf;
				ENABLE_STRICT_OBJC_MSGSEND = YES;
				ENABLE_TESTABILITY = YES;
				GCC_C_LANGUAGE_STANDARD = gnu99;
				GCC_DYNAMIC_NO_PIC = NO;
				GCC_NO_COMMON_BLOCKS = YES;
				GCC_OPTIMIZATION_LEVEL = 0;
				GCC_PREPROCESSOR_DEFINITIONS = (
					"DEBUG=1",
					"$(inherited)",
				);
				GCC_WARN_64_TO_32_BIT_CONVERSION = YES;
				GCC_WARN_ABOUT_RETURN_TYPE = YES_ERROR;
				GCC_WARN_UNDECLARED_SELECTOR = YES;
				GCC_WARN_UNINITIALIZED_AUTOS = YES_AGGRESSIVE;
				GCC_WARN_UNUSED_FUNCTION = YES;
				GCC_WARN_UNUSED_VARIABLE = YES;
				IPHONEOS_DEPLOYMENT_TARGET = 10.0;
				MTL_ENABLE_DEBUG_INFO = YES;
				ONLY_ACTIVE_ARCH = YES;
				SDKROOT = iphoneos;
				SWIFT_ACTIVE_COMPILATION_CONDITIONS = DEBUG;
				SWIFT_OPTIMIZATION_LEVEL = "-Onone";
				TARGETED_DEVICE_FAMILY = "1,2";
			};
			name = Debug;
		};
		FF38DDF11D91776C003BC9CA /* Release */ = {
			isa = XCBuildConfiguration;
			buildSettings = {
				ALWAYS_SEARCH_USER_PATHS = NO;
				CLANG_ANALYZER_NONNULL = YES;
				CLANG_CXX_LANGUAGE_STANDARD = "gnu++0x";
				CLANG_CXX_LIBRARY = "libc++";
				CLANG_ENABLE_MODULES = YES;
				CLANG_ENABLE_OBJC_ARC = YES;
				CLANG_WARN_BOOL_CONVERSION = YES;
				CLANG_WARN_CONSTANT_CONVERSION = YES;
				CLANG_WARN_DIRECT_OBJC_ISA_USAGE = YES_ERROR;
				CLANG_WARN_DOCUMENTATION_COMMENTS = YES;
				CLANG_WARN_EMPTY_BODY = YES;
				CLANG_WARN_ENUM_CONVERSION = YES;
				CLANG_WARN_INFINITE_RECURSION = YES;
				CLANG_WARN_INT_CONVERSION = YES;
				CLANG_WARN_OBJC_ROOT_CLASS = YES_ERROR;
				CLANG_WARN_SUSPICIOUS_MOVE = YES;
				CLANG_WARN_SUSPICIOUS_MOVES = YES;
				CLANG_WARN_UNREACHABLE_CODE = YES;
				CLANG_WARN__DUPLICATE_METHOD_MATCH = YES;
				"CODE_SIGN_IDENTITY[sdk=iphoneos*]" = "iPhone Developer";
				COPY_PHASE_STRIP = NO;
				DEBUG_INFORMATION_FORMAT = "dwarf-with-dsym";
				ENABLE_NS_ASSERTIONS = NO;
				ENABLE_STRICT_OBJC_MSGSEND = YES;
				GCC_C_LANGUAGE_STANDARD = gnu99;
				GCC_NO_COMMON_BLOCKS = YES;
				GCC_WARN_64_TO_32_BIT_CONVERSION = YES;
				GCC_WARN_ABOUT_RETURN_TYPE = YES_ERROR;
				GCC_WARN_UNDECLARED_SELECTOR = YES;
				GCC_WARN_UNINITIALIZED_AUTOS = YES_AGGRESSIVE;
				GCC_WARN_UNUSED_FUNCTION = YES;
				GCC_WARN_UNUSED_VARIABLE = YES;
				IPHONEOS_DEPLOYMENT_TARGET = 10.0;
				MTL_ENABLE_DEBUG_INFO = NO;
				SDKROOT = iphoneos;
				SWIFT_OPTIMIZATION_LEVEL = "-Owholemodule";
				TARGETED_DEVICE_FAMILY = "1,2";
				VALIDATE_PRODUCT = YES;
			};
			name = Release;
		};
		FF38DDF31D91776C003BC9CA /* Debug */ = {
			isa = XCBuildConfiguration;
			buildSettings = {
				ASSETCATALOG_COMPILER_APPICON_NAME = AppIcon;
				DEVELOPMENT_TEAM = EV28Y3W68P;
				INFOPLIST_FILE = supportedOriantation/Info.plist;
				IPHONEOS_DEPLOYMENT_TARGET = 10.2;
				LD_RUNPATH_SEARCH_PATHS = "$(inherited) @executable_path/Frameworks";
				PRODUCT_BUNDLE_IDENTIFIER = com.oshige.supportedOriantation;
				PRODUCT_NAME = "$(TARGET_NAME)";
				SWIFT_VERSION = 3.0;
			};
			name = Debug;
		};
		FF38DDF41D91776C003BC9CA /* Release */ = {
			isa = XCBuildConfiguration;
			buildSettings = {
				ASSETCATALOG_COMPILER_APPICON_NAME = AppIcon;
				DEVELOPMENT_TEAM = EV28Y3W68P;
				INFOPLIST_FILE = supportedOriantation/Info.plist;
				IPHONEOS_DEPLOYMENT_TARGET = 10.2;
				LD_RUNPATH_SEARCH_PATHS = "$(inherited) @executable_path/Frameworks";
				PRODUCT_BUNDLE_IDENTIFIER = com.oshige.supportedOriantation;
				PRODUCT_NAME = "$(TARGET_NAME)";
				SWIFT_VERSION = 3.0;
			};
			name = Release;
		};
/* End XCBuildConfiguration section */

/* Begin XCConfigurationList section */
		FF38DDDB1D91776C003BC9CA /* Build configuration list for PBXProject "supportedOriantation" */ = {
			isa = XCConfigurationList;
			buildConfigurations = (
				FF38DDF01D91776C003BC9CA /* Debug */,
				FF38DDF11D91776C003BC9CA /* Release */,
			);
			defaultConfigurationIsVisible = 0;
			defaultConfigurationName = Release;
		};
		FF38DDF21D91776C003BC9CA /* Build configuration list for PBXNativeTarget "supportedOriantation" */ = {
			isa = XCConfigurationList;
			buildConfigurations = (
				FF38DDF31D91776C003BC9CA /* Debug */,
				FF38DDF41D91776C003BC9CA /* Release */,
			);
			defaultConfigurationIsVisible = 0;
			defaultConfigurationName = Release;
		};
/* End XCConfigurationList section */
	};
	rootObject = FF38DDD81D91776C003BC9CA /* Project object */;
}
